<?xml version="1.0" encoding="Windows-1252"?>
<Project ToolsVersion="12.0" xmlns="http://schemas.microsoft.com/developer/msbuild/2003">
  <ItemGroup>
    <CustomBuild Include="D:\gtkmm\build\libjpeg-turbo-1.4.0\msvc-120\x86\CMakeFiles\2c67b7f00db80fa0bb731883ad469f63\generate.stamp.rule">
      <Filter>CMake Rules</Filter>
    </CustomBuild>
  </ItemGroup>
  <ItemGroup>
    <Filter Include="CMake Rules">
      <UniqueIdentifier>{F5F0A297-CCEA-4146-BCAA-49A7D33FF8A7}</UniqueIdentifier>
    </Filter>
  </ItemGroup>
</Project>
