Microsoft Visual Studio Solution File, Format Version 12.00
# Visual Studio 2013
VisualStudioVersion = 12.0.31101.0
MinimumVisualStudioVersion = 10.0.40219.1
Project("{8BC9CEB8-8B4A-11D0-8D11-00A0C91BC942}") = "ALL_BUILD", "ALL_BUILD.vcxproj", "{20B109CC-AC22-453F-8F35-01C362FA491A}"
	ProjectSection(ProjectDependencies) = postProject
		{76FD627A-1B87-49AD-9AC4-F86C648FDE53} = {76FD627A-1B87-49AD-9AC4-F86C648FDE53}
		{BEFC8F34-2464-4556-ABB0-81B046B022E6} = {BEFC8F34-2464-4556-ABB0-81B046B022E6}
		{47774884-94FD-476B-97EF-960AF483A2B5} = {47774884-94FD-476B-97EF-960AF483A2B5}
		{3DC22E6E-F92F-4179-96CE-EFABECB2F183} = {3DC22E6E-F92F-4179-96CE-EFABECB2F183}
		{5297DCBC-377B-40C0-93EB-D022BE9FC20E} = {5297DCBC-377B-40C0-93EB-D022BE9FC20E}
		{89DE7FC1-89B4-4DA4-8CC7-AB4F80BD7440} = {89DE7FC1-89B4-4DA4-8CC7-AB4F80BD7440}
		{3309722E-23BD-4AEC-957B-43C64235035F} = {3309722E-23BD-4AEC-957B-43C64235035F}
		{9D8552F5-9FB2-4ACE-A019-E3A07A233D23} = {9D8552F5-9FB2-4ACE-A019-E3A07A233D23}
		{C4E24AB5-C339-4380-BF4F-4A019CAFBAA5} = {C4E24AB5-C339-4380-BF4F-4A019CAFBAA5}
		{0246A6F1-6EED-4E06-AFF3-5959388EB407} = {0246A6F1-6EED-4E06-AFF3-5959388EB407}
		{FAFC3B4A-BB25-4FAA-B75E-F3648BC421E4} = {FAFC3B4A-BB25-4FAA-B75E-F3648BC421E4}
		{3D3078A3-69F6-44A7-A4B3-1A8D730F19BB} = {3D3078A3-69F6-44A7-A4B3-1A8D730F19BB}
		{7BD7519C-CA1D-4CC5-8A30-EDD19E5AE734} = {7BD7519C-CA1D-4CC5-8A30-EDD19E5AE734}
		{6EC5D853-7143-4A80-871B-854AEC212ECE} = {6EC5D853-7143-4A80-871B-854AEC212ECE}
		{94209B79-F6FA-4BA9-AD37-7E6882E21C2D} = {94209B79-F6FA-4BA9-AD37-7E6882E21C2D}
		{78B37349-66A1-4EB1-B239-2E545E659FDF} = {78B37349-66A1-4EB1-B239-2E545E659FDF}
		{C8F77EDC-ACEC-4985-B35E-A7481562BB9E} = {C8F77EDC-ACEC-4985-B35E-A7481562BB9E}
		{3EA2BC5C-91D8-4DE8-BBE4-8970540D0856} = {3EA2BC5C-91D8-4DE8-BBE4-8970540D0856}
	EndProjectSection
EndProject
Project("{8BC9CEB8-8B4A-11D0-8D11-00A0C91BC942}") = "INSTALL", "INSTALL.vcxproj", "{8790E2E7-CFC9-4102-A726-B32F48D39E3C}"
	ProjectSection(ProjectDependencies) = postProject
		{20B109CC-AC22-453F-8F35-01C362FA491A} = {20B109CC-AC22-453F-8F35-01C362FA491A}
	EndProjectSection
EndProject
Project("{8BC9CEB8-8B4A-11D0-8D11-00A0C91BC942}") = "RUN_TESTS", "RUN_TESTS.vcxproj", "{81ED6390-5F47-4EA1-843B-C84DA47172A7}"
EndProject
Project("{8BC9CEB8-8B4A-11D0-8D11-00A0C91BC942}") = "ZERO_CHECK", "ZERO_CHECK.vcxproj", "{76FD627A-1B87-49AD-9AC4-F86C648FDE53}"
EndProject
Project("{8BC9CEB8-8B4A-11D0-8D11-00A0C91BC942}") = "cjpeg", "sharedlib\cjpeg.vcxproj", "{BEFC8F34-2464-4556-ABB0-81B046B022E6}"
	ProjectSection(ProjectDependencies) = postProject
		{76FD627A-1B87-49AD-9AC4-F86C648FDE53} = {76FD627A-1B87-49AD-9AC4-F86C648FDE53}
		{3309722E-23BD-4AEC-957B-43C64235035F} = {3309722E-23BD-4AEC-957B-43C64235035F}
	EndProjectSection
EndProject
Project("{8BC9CEB8-8B4A-11D0-8D11-00A0C91BC942}") = "cjpeg-static", "cjpeg-static.vcxproj", "{47774884-94FD-476B-97EF-960AF483A2B5}"
	ProjectSection(ProjectDependencies) = postProject
		{76FD627A-1B87-49AD-9AC4-F86C648FDE53} = {76FD627A-1B87-49AD-9AC4-F86C648FDE53}
		{9D8552F5-9FB2-4ACE-A019-E3A07A233D23} = {9D8552F5-9FB2-4ACE-A019-E3A07A233D23}
	EndProjectSection
EndProject
Project("{8BC9CEB8-8B4A-11D0-8D11-00A0C91BC942}") = "djpeg", "sharedlib\djpeg.vcxproj", "{3DC22E6E-F92F-4179-96CE-EFABECB2F183}"
	ProjectSection(ProjectDependencies) = postProject
		{76FD627A-1B87-49AD-9AC4-F86C648FDE53} = {76FD627A-1B87-49AD-9AC4-F86C648FDE53}
		{3309722E-23BD-4AEC-957B-43C64235035F} = {3309722E-23BD-4AEC-957B-43C64235035F}
	EndProjectSection
EndProject
Project("{8BC9CEB8-8B4A-11D0-8D11-00A0C91BC942}") = "djpeg-static", "djpeg-static.vcxproj", "{5297DCBC-377B-40C0-93EB-D022BE9FC20E}"
	ProjectSection(ProjectDependencies) = postProject
		{76FD627A-1B87-49AD-9AC4-F86C648FDE53} = {76FD627A-1B87-49AD-9AC4-F86C648FDE53}
		{9D8552F5-9FB2-4ACE-A019-E3A07A233D23} = {9D8552F5-9FB2-4ACE-A019-E3A07A233D23}
	EndProjectSection
EndProject
Project("{8BC9CEB8-8B4A-11D0-8D11-00A0C91BC942}") = "installer", "installer.vcxproj", "{533B5F87-501B-4836-B6EB-1707E66FF07E}"
	ProjectSection(ProjectDependencies) = postProject
		{76FD627A-1B87-49AD-9AC4-F86C648FDE53} = {76FD627A-1B87-49AD-9AC4-F86C648FDE53}
		{BEFC8F34-2464-4556-ABB0-81B046B022E6} = {BEFC8F34-2464-4556-ABB0-81B046B022E6}
		{3DC22E6E-F92F-4179-96CE-EFABECB2F183} = {3DC22E6E-F92F-4179-96CE-EFABECB2F183}
		{3309722E-23BD-4AEC-957B-43C64235035F} = {3309722E-23BD-4AEC-957B-43C64235035F}
		{9D8552F5-9FB2-4ACE-A019-E3A07A233D23} = {9D8552F5-9FB2-4ACE-A019-E3A07A233D23}
		{C4E24AB5-C339-4380-BF4F-4A019CAFBAA5} = {C4E24AB5-C339-4380-BF4F-4A019CAFBAA5}
		{FAFC3B4A-BB25-4FAA-B75E-F3648BC421E4} = {FAFC3B4A-BB25-4FAA-B75E-F3648BC421E4}
		{3D3078A3-69F6-44A7-A4B3-1A8D730F19BB} = {3D3078A3-69F6-44A7-A4B3-1A8D730F19BB}
		{78B37349-66A1-4EB1-B239-2E545E659FDF} = {78B37349-66A1-4EB1-B239-2E545E659FDF}
		{C8F77EDC-ACEC-4985-B35E-A7481562BB9E} = {C8F77EDC-ACEC-4985-B35E-A7481562BB9E}
		{3EA2BC5C-91D8-4DE8-BBE4-8970540D0856} = {3EA2BC5C-91D8-4DE8-BBE4-8970540D0856}
	EndProjectSection
EndProject
Project("{8BC9CEB8-8B4A-11D0-8D11-00A0C91BC942}") = "jcstest", "sharedlib\jcstest.vcxproj", "{89DE7FC1-89B4-4DA4-8CC7-AB4F80BD7440}"
	ProjectSection(ProjectDependencies) = postProject
		{76FD627A-1B87-49AD-9AC4-F86C648FDE53} = {76FD627A-1B87-49AD-9AC4-F86C648FDE53}
		{3309722E-23BD-4AEC-957B-43C64235035F} = {3309722E-23BD-4AEC-957B-43C64235035F}
	EndProjectSection
EndProject
Project("{8BC9CEB8-8B4A-11D0-8D11-00A0C91BC942}") = "jpeg", "sharedlib\jpeg.vcxproj", "{3309722E-23BD-4AEC-957B-43C64235035F}"
	ProjectSection(ProjectDependencies) = postProject
		{76FD627A-1B87-49AD-9AC4-F86C648FDE53} = {76FD627A-1B87-49AD-9AC4-F86C648FDE53}
		{80E6BF57-0A94-4A52-B0C0-623CD3B80B78} = {80E6BF57-0A94-4A52-B0C0-623CD3B80B78}
	EndProjectSection
EndProject
Project("{8BC9CEB8-8B4A-11D0-8D11-00A0C91BC942}") = "jpeg-static", "jpeg-static.vcxproj", "{9D8552F5-9FB2-4ACE-A019-E3A07A233D23}"
	ProjectSection(ProjectDependencies) = postProject
		{76FD627A-1B87-49AD-9AC4-F86C648FDE53} = {76FD627A-1B87-49AD-9AC4-F86C648FDE53}
		{80E6BF57-0A94-4A52-B0C0-623CD3B80B78} = {80E6BF57-0A94-4A52-B0C0-623CD3B80B78}
	EndProjectSection
EndProject
Project("{8BC9CEB8-8B4A-11D0-8D11-00A0C91BC942}") = "jpegtran", "sharedlib\jpegtran.vcxproj", "{C4E24AB5-C339-4380-BF4F-4A019CAFBAA5}"
	ProjectSection(ProjectDependencies) = postProject
		{76FD627A-1B87-49AD-9AC4-F86C648FDE53} = {76FD627A-1B87-49AD-9AC4-F86C648FDE53}
		{3309722E-23BD-4AEC-957B-43C64235035F} = {3309722E-23BD-4AEC-957B-43C64235035F}
	EndProjectSection
EndProject
Project("{8BC9CEB8-8B4A-11D0-8D11-00A0C91BC942}") = "jpegtran-static", "jpegtran-static.vcxproj", "{0246A6F1-6EED-4E06-AFF3-5959388EB407}"
	ProjectSection(ProjectDependencies) = postProject
		{76FD627A-1B87-49AD-9AC4-F86C648FDE53} = {76FD627A-1B87-49AD-9AC4-F86C648FDE53}
		{9D8552F5-9FB2-4ACE-A019-E3A07A233D23} = {9D8552F5-9FB2-4ACE-A019-E3A07A233D23}
	EndProjectSection
EndProject
Project("{8BC9CEB8-8B4A-11D0-8D11-00A0C91BC942}") = "rdjpgcom", "rdjpgcom.vcxproj", "{FAFC3B4A-BB25-4FAA-B75E-F3648BC421E4}"
	ProjectSection(ProjectDependencies) = postProject
		{76FD627A-1B87-49AD-9AC4-F86C648FDE53} = {76FD627A-1B87-49AD-9AC4-F86C648FDE53}
	EndProjectSection
EndProject
Project("{8BC9CEB8-8B4A-11D0-8D11-00A0C91BC942}") = "simd", "simd\simd.vcxproj", "{80E6BF57-0A94-4A52-B0C0-623CD3B80B78}"
	ProjectSection(ProjectDependencies) = postProject
		{76FD627A-1B87-49AD-9AC4-F86C648FDE53} = {76FD627A-1B87-49AD-9AC4-F86C648FDE53}
	EndProjectSection
EndProject
Project("{8BC9CEB8-8B4A-11D0-8D11-00A0C91BC942}") = "testclean", "testclean.vcxproj", "{50332328-C558-4120-9571-A0C4A15989BE}"
	ProjectSection(ProjectDependencies) = postProject
		{76FD627A-1B87-49AD-9AC4-F86C648FDE53} = {76FD627A-1B87-49AD-9AC4-F86C648FDE53}
	EndProjectSection
EndProject
Project("{8BC9CEB8-8B4A-11D0-8D11-00A0C91BC942}") = "tjbench", "tjbench.vcxproj", "{3D3078A3-69F6-44A7-A4B3-1A8D730F19BB}"
	ProjectSection(ProjectDependencies) = postProject
		{76FD627A-1B87-49AD-9AC4-F86C648FDE53} = {76FD627A-1B87-49AD-9AC4-F86C648FDE53}
		{9D8552F5-9FB2-4ACE-A019-E3A07A233D23} = {9D8552F5-9FB2-4ACE-A019-E3A07A233D23}
		{78B37349-66A1-4EB1-B239-2E545E659FDF} = {78B37349-66A1-4EB1-B239-2E545E659FDF}
	EndProjectSection
EndProject
Project("{8BC9CEB8-8B4A-11D0-8D11-00A0C91BC942}") = "tjbench-static", "tjbench-static.vcxproj", "{7BD7519C-CA1D-4CC5-8A30-EDD19E5AE734}"
	ProjectSection(ProjectDependencies) = postProject
		{76FD627A-1B87-49AD-9AC4-F86C648FDE53} = {76FD627A-1B87-49AD-9AC4-F86C648FDE53}
		{9D8552F5-9FB2-4ACE-A019-E3A07A233D23} = {9D8552F5-9FB2-4ACE-A019-E3A07A233D23}
		{C8F77EDC-ACEC-4985-B35E-A7481562BB9E} = {C8F77EDC-ACEC-4985-B35E-A7481562BB9E}
	EndProjectSection
EndProject
Project("{8BC9CEB8-8B4A-11D0-8D11-00A0C91BC942}") = "tjunittest", "tjunittest.vcxproj", "{6EC5D853-7143-4A80-871B-854AEC212ECE}"
	ProjectSection(ProjectDependencies) = postProject
		{76FD627A-1B87-49AD-9AC4-F86C648FDE53} = {76FD627A-1B87-49AD-9AC4-F86C648FDE53}
		{78B37349-66A1-4EB1-B239-2E545E659FDF} = {78B37349-66A1-4EB1-B239-2E545E659FDF}
	EndProjectSection
EndProject
Project("{8BC9CEB8-8B4A-11D0-8D11-00A0C91BC942}") = "tjunittest-static", "tjunittest-static.vcxproj", "{94209B79-F6FA-4BA9-AD37-7E6882E21C2D}"
	ProjectSection(ProjectDependencies) = postProject
		{76FD627A-1B87-49AD-9AC4-F86C648FDE53} = {76FD627A-1B87-49AD-9AC4-F86C648FDE53}
		{C8F77EDC-ACEC-4985-B35E-A7481562BB9E} = {C8F77EDC-ACEC-4985-B35E-A7481562BB9E}
	EndProjectSection
EndProject
Project("{8BC9CEB8-8B4A-11D0-8D11-00A0C91BC942}") = "turbojpeg", "turbojpeg.vcxproj", "{78B37349-66A1-4EB1-B239-2E545E659FDF}"
	ProjectSection(ProjectDependencies) = postProject
		{76FD627A-1B87-49AD-9AC4-F86C648FDE53} = {76FD627A-1B87-49AD-9AC4-F86C648FDE53}
		{9D8552F5-9FB2-4ACE-A019-E3A07A233D23} = {9D8552F5-9FB2-4ACE-A019-E3A07A233D23}
	EndProjectSection
EndProject
Project("{8BC9CEB8-8B4A-11D0-8D11-00A0C91BC942}") = "turbojpeg-static", "turbojpeg-static.vcxproj", "{C8F77EDC-ACEC-4985-B35E-A7481562BB9E}"
	ProjectSection(ProjectDependencies) = postProject
		{76FD627A-1B87-49AD-9AC4-F86C648FDE53} = {76FD627A-1B87-49AD-9AC4-F86C648FDE53}
		{80E6BF57-0A94-4A52-B0C0-623CD3B80B78} = {80E6BF57-0A94-4A52-B0C0-623CD3B80B78}
	EndProjectSection
EndProject
Project("{8BC9CEB8-8B4A-11D0-8D11-00A0C91BC942}") = "wrjpgcom", "wrjpgcom.vcxproj", "{3EA2BC5C-91D8-4DE8-BBE4-8970540D0856}"
	ProjectSection(ProjectDependencies) = postProject
		{76FD627A-1B87-49AD-9AC4-F86C648FDE53} = {76FD627A-1B87-49AD-9AC4-F86C648FDE53}
	EndProjectSection
EndProject
Global
	GlobalSection(SolutionConfigurationPlatforms) = preSolution
		Debug|x64 = Debug|x64
		MinSizeRel|x64 = MinSizeRel|x64
		Release|x64 = Release|x64
		RelWithDebInfo|x64 = RelWithDebInfo|x64
	EndGlobalSection
	GlobalSection(ProjectConfigurationPlatforms) = postSolution
		{20B109CC-AC22-453F-8F35-01C362FA491A}.Debug|x64.ActiveCfg = Debug|x64
		{20B109CC-AC22-453F-8F35-01C362FA491A}.MinSizeRel|x64.ActiveCfg = MinSizeRel|x64
		{20B109CC-AC22-453F-8F35-01C362FA491A}.Release|x64.ActiveCfg = Release|x64
		{20B109CC-AC22-453F-8F35-01C362FA491A}.RelWithDebInfo|x64.ActiveCfg = RelWithDebInfo|x64
		{8790E2E7-CFC9-4102-A726-B32F48D39E3C}.Debug|x64.ActiveCfg = Debug|x64
		{8790E2E7-CFC9-4102-A726-B32F48D39E3C}.MinSizeRel|x64.ActiveCfg = MinSizeRel|x64
		{8790E2E7-CFC9-4102-A726-B32F48D39E3C}.Release|x64.ActiveCfg = Release|x64
		{8790E2E7-CFC9-4102-A726-B32F48D39E3C}.RelWithDebInfo|x64.ActiveCfg = RelWithDebInfo|x64
		{81ED6390-5F47-4EA1-843B-C84DA47172A7}.Debug|x64.ActiveCfg = Debug|x64
		{81ED6390-5F47-4EA1-843B-C84DA47172A7}.MinSizeRel|x64.ActiveCfg = MinSizeRel|x64
		{81ED6390-5F47-4EA1-843B-C84DA47172A7}.Release|x64.ActiveCfg = Release|x64
		{81ED6390-5F47-4EA1-843B-C84DA47172A7}.RelWithDebInfo|x64.ActiveCfg = RelWithDebInfo|x64
		{76FD627A-1B87-49AD-9AC4-F86C648FDE53}.Debug|x64.ActiveCfg = Debug|x64
		{76FD627A-1B87-49AD-9AC4-F86C648FDE53}.Debug|x64.Build.0 = Debug|x64
		{76FD627A-1B87-49AD-9AC4-F86C648FDE53}.MinSizeRel|x64.ActiveCfg = MinSizeRel|x64
		{76FD627A-1B87-49AD-9AC4-F86C648FDE53}.Release|x64.ActiveCfg = Release|x64
		{76FD627A-1B87-49AD-9AC4-F86C648FDE53}.Release|x64.Build.0 = Release|x64
		{76FD627A-1B87-49AD-9AC4-F86C648FDE53}.RelWithDebInfo|x64.ActiveCfg = RelWithDebInfo|x64
		{BEFC8F34-2464-4556-ABB0-81B046B022E6}.Debug|x64.ActiveCfg = Debug|x64
		{BEFC8F34-2464-4556-ABB0-81B046B022E6}.MinSizeRel|x64.ActiveCfg = MinSizeRel|x64
		{BEFC8F34-2464-4556-ABB0-81B046B022E6}.Release|x64.ActiveCfg = Release|x64
		{BEFC8F34-2464-4556-ABB0-81B046B022E6}.RelWithDebInfo|x64.ActiveCfg = RelWithDebInfo|x64
		{47774884-94FD-476B-97EF-960AF483A2B5}.Debug|x64.ActiveCfg = Debug|x64
		{47774884-94FD-476B-97EF-960AF483A2B5}.MinSizeRel|x64.ActiveCfg = MinSizeRel|x64
		{47774884-94FD-476B-97EF-960AF483A2B5}.Release|x64.ActiveCfg = Release|x64
		{47774884-94FD-476B-97EF-960AF483A2B5}.RelWithDebInfo|x64.ActiveCfg = RelWithDebInfo|x64
		{3DC22E6E-F92F-4179-96CE-EFABECB2F183}.Debug|x64.ActiveCfg = Debug|x64
		{3DC22E6E-F92F-4179-96CE-EFABECB2F183}.MinSizeRel|x64.ActiveCfg = MinSizeRel|x64
		{3DC22E6E-F92F-4179-96CE-EFABECB2F183}.Release|x64.ActiveCfg = Release|x64
		{3DC22E6E-F92F-4179-96CE-EFABECB2F183}.RelWithDebInfo|x64.ActiveCfg = RelWithDebInfo|x64
		{5297DCBC-377B-40C0-93EB-D022BE9FC20E}.Debug|x64.ActiveCfg = Debug|x64
		{5297DCBC-377B-40C0-93EB-D022BE9FC20E}.MinSizeRel|x64.ActiveCfg = MinSizeRel|x64
		{5297DCBC-377B-40C0-93EB-D022BE9FC20E}.Release|x64.ActiveCfg = Release|x64
		{5297DCBC-377B-40C0-93EB-D022BE9FC20E}.RelWithDebInfo|x64.ActiveCfg = RelWithDebInfo|x64
		{533B5F87-501B-4836-B6EB-1707E66FF07E}.Debug|x64.ActiveCfg = Debug|x64
		{533B5F87-501B-4836-B6EB-1707E66FF07E}.MinSizeRel|x64.ActiveCfg = MinSizeRel|x64
		{533B5F87-501B-4836-B6EB-1707E66FF07E}.Release|x64.ActiveCfg = Release|x64
		{533B5F87-501B-4836-B6EB-1707E66FF07E}.RelWithDebInfo|x64.ActiveCfg = RelWithDebInfo|x64
		{89DE7FC1-89B4-4DA4-8CC7-AB4F80BD7440}.Debug|x64.ActiveCfg = Debug|x64
		{89DE7FC1-89B4-4DA4-8CC7-AB4F80BD7440}.MinSizeRel|x64.ActiveCfg = MinSizeRel|x64
		{89DE7FC1-89B4-4DA4-8CC7-AB4F80BD7440}.Release|x64.ActiveCfg = Release|x64
		{89DE7FC1-89B4-4DA4-8CC7-AB4F80BD7440}.RelWithDebInfo|x64.ActiveCfg = RelWithDebInfo|x64
		{3309722E-23BD-4AEC-957B-43C64235035F}.Debug|x64.ActiveCfg = Debug|x64
		{3309722E-23BD-4AEC-957B-43C64235035F}.Debug|x64.Build.0 = Debug|x64
		{3309722E-23BD-4AEC-957B-43C64235035F}.MinSizeRel|x64.ActiveCfg = MinSizeRel|x64
		{3309722E-23BD-4AEC-957B-43C64235035F}.Release|x64.ActiveCfg = Release|x64
		{3309722E-23BD-4AEC-957B-43C64235035F}.Release|x64.Build.0 = Release|x64
		{3309722E-23BD-4AEC-957B-43C64235035F}.RelWithDebInfo|x64.ActiveCfg = RelWithDebInfo|x64
		{9D8552F5-9FB2-4ACE-A019-E3A07A233D23}.Debug|x64.ActiveCfg = Debug|x64
		{9D8552F5-9FB2-4ACE-A019-E3A07A233D23}.Debug|x64.Build.0 = Debug|x64
		{9D8552F5-9FB2-4ACE-A019-E3A07A233D23}.MinSizeRel|x64.ActiveCfg = MinSizeRel|x64
		{9D8552F5-9FB2-4ACE-A019-E3A07A233D23}.Release|x64.ActiveCfg = Release|x64
		{9D8552F5-9FB2-4ACE-A019-E3A07A233D23}.Release|x64.Build.0 = Release|x64
		{9D8552F5-9FB2-4ACE-A019-E3A07A233D23}.RelWithDebInfo|x64.ActiveCfg = RelWithDebInfo|x64
		{C4E24AB5-C339-4380-BF4F-4A019CAFBAA5}.Debug|x64.ActiveCfg = Debug|x64
		{C4E24AB5-C339-4380-BF4F-4A019CAFBAA5}.Debug|x64.Build.0 = Debug|x64
		{C4E24AB5-C339-4380-BF4F-4A019CAFBAA5}.MinSizeRel|x64.ActiveCfg = MinSizeRel|x64
		{C4E24AB5-C339-4380-BF4F-4A019CAFBAA5}.Release|x64.ActiveCfg = Release|x64
		{C4E24AB5-C339-4380-BF4F-4A019CAFBAA5}.Release|x64.Build.0 = Release|x64
		{C4E24AB5-C339-4380-BF4F-4A019CAFBAA5}.RelWithDebInfo|x64.ActiveCfg = RelWithDebInfo|x64
		{0246A6F1-6EED-4E06-AFF3-5959388EB407}.Debug|x64.ActiveCfg = Debug|x64
		{0246A6F1-6EED-4E06-AFF3-5959388EB407}.Debug|x64.Build.0 = Debug|x64
		{0246A6F1-6EED-4E06-AFF3-5959388EB407}.MinSizeRel|x64.ActiveCfg = MinSizeRel|x64
		{0246A6F1-6EED-4E06-AFF3-5959388EB407}.Release|x64.ActiveCfg = Release|x64
		{0246A6F1-6EED-4E06-AFF3-5959388EB407}.Release|x64.Build.0 = Release|x64
		{0246A6F1-6EED-4E06-AFF3-5959388EB407}.RelWithDebInfo|x64.ActiveCfg = RelWithDebInfo|x64
		{FAFC3B4A-BB25-4FAA-B75E-F3648BC421E4}.Debug|x64.ActiveCfg = Debug|x64
		{FAFC3B4A-BB25-4FAA-B75E-F3648BC421E4}.MinSizeRel|x64.ActiveCfg = MinSizeRel|x64
		{FAFC3B4A-BB25-4FAA-B75E-F3648BC421E4}.Release|x64.ActiveCfg = Release|x64
		{FAFC3B4A-BB25-4FAA-B75E-F3648BC421E4}.RelWithDebInfo|x64.ActiveCfg = RelWithDebInfo|x64
		{80E6BF57-0A94-4A52-B0C0-623CD3B80B78}.Debug|x64.ActiveCfg = Debug|x64
		{80E6BF57-0A94-4A52-B0C0-623CD3B80B78}.Debug|x64.Build.0 = Debug|x64
		{80E6BF57-0A94-4A52-B0C0-623CD3B80B78}.MinSizeRel|x64.ActiveCfg = MinSizeRel|x64
		{80E6BF57-0A94-4A52-B0C0-623CD3B80B78}.Release|x64.ActiveCfg = Release|x64
		{80E6BF57-0A94-4A52-B0C0-623CD3B80B78}.Release|x64.Build.0 = Release|x64
		{80E6BF57-0A94-4A52-B0C0-623CD3B80B78}.RelWithDebInfo|x64.ActiveCfg = RelWithDebInfo|x64
		{50332328-C558-4120-9571-A0C4A15989BE}.Debug|x64.ActiveCfg = Debug|x64
		{50332328-C558-4120-9571-A0C4A15989BE}.MinSizeRel|x64.ActiveCfg = MinSizeRel|x64
		{50332328-C558-4120-9571-A0C4A15989BE}.Release|x64.ActiveCfg = Release|x64
		{50332328-C558-4120-9571-A0C4A15989BE}.RelWithDebInfo|x64.ActiveCfg = RelWithDebInfo|x64
		{3D3078A3-69F6-44A7-A4B3-1A8D730F19BB}.Debug|x64.ActiveCfg = Debug|x64
		{3D3078A3-69F6-44A7-A4B3-1A8D730F19BB}.MinSizeRel|x64.ActiveCfg = MinSizeRel|x64
		{3D3078A3-69F6-44A7-A4B3-1A8D730F19BB}.Release|x64.ActiveCfg = Release|x64
		{3D3078A3-69F6-44A7-A4B3-1A8D730F19BB}.RelWithDebInfo|x64.ActiveCfg = RelWithDebInfo|x64
		{7BD7519C-CA1D-4CC5-8A30-EDD19E5AE734}.Debug|x64.ActiveCfg = Debug|x64
		{7BD7519C-CA1D-4CC5-8A30-EDD19E5AE734}.MinSizeRel|x64.ActiveCfg = MinSizeRel|x64
		{7BD7519C-CA1D-4CC5-8A30-EDD19E5AE734}.Release|x64.ActiveCfg = Release|x64
		{7BD7519C-CA1D-4CC5-8A30-EDD19E5AE734}.RelWithDebInfo|x64.ActiveCfg = RelWithDebInfo|x64
		{6EC5D853-7143-4A80-871B-854AEC212ECE}.Debug|x64.ActiveCfg = Debug|x64
		{6EC5D853-7143-4A80-871B-854AEC212ECE}.Debug|x64.Build.0 = Debug|x64
		{6EC5D853-7143-4A80-871B-854AEC212ECE}.MinSizeRel|x64.ActiveCfg = MinSizeRel|x64
		{6EC5D853-7143-4A80-871B-854AEC212ECE}.Release|x64.ActiveCfg = Release|x64
		{6EC5D853-7143-4A80-871B-854AEC212ECE}.Release|x64.Build.0 = Release|x64
		{6EC5D853-7143-4A80-871B-854AEC212ECE}.RelWithDebInfo|x64.ActiveCfg = RelWithDebInfo|x64
		{94209B79-F6FA-4BA9-AD37-7E6882E21C2D}.Debug|x64.ActiveCfg = Debug|x64
		{94209B79-F6FA-4BA9-AD37-7E6882E21C2D}.Debug|x64.Build.0 = Debug|x64
		{94209B79-F6FA-4BA9-AD37-7E6882E21C2D}.MinSizeRel|x64.ActiveCfg = MinSizeRel|x64
		{94209B79-F6FA-4BA9-AD37-7E6882E21C2D}.Release|x64.ActiveCfg = Release|x64
		{94209B79-F6FA-4BA9-AD37-7E6882E21C2D}.Release|x64.Build.0 = Release|x64
		{94209B79-F6FA-4BA9-AD37-7E6882E21C2D}.RelWithDebInfo|x64.ActiveCfg = RelWithDebInfo|x64
		{78B37349-66A1-4EB1-B239-2E545E659FDF}.Debug|x64.ActiveCfg = Debug|x64
		{78B37349-66A1-4EB1-B239-2E545E659FDF}.Debug|x64.Build.0 = Debug|x64
		{78B37349-66A1-4EB1-B239-2E545E659FDF}.MinSizeRel|x64.ActiveCfg = MinSizeRel|x64
		{78B37349-66A1-4EB1-B239-2E545E659FDF}.Release|x64.ActiveCfg = Release|x64
		{78B37349-66A1-4EB1-B239-2E545E659FDF}.Release|x64.Build.0 = Release|x64
		{78B37349-66A1-4EB1-B239-2E545E659FDF}.RelWithDebInfo|x64.ActiveCfg = RelWithDebInfo|x64
		{C8F77EDC-ACEC-4985-B35E-A7481562BB9E}.Debug|x64.ActiveCfg = Debug|x64
		{C8F77EDC-ACEC-4985-B35E-A7481562BB9E}.Debug|x64.Build.0 = Debug|x64
		{C8F77EDC-ACEC-4985-B35E-A7481562BB9E}.MinSizeRel|x64.ActiveCfg = MinSizeRel|x64
		{C8F77EDC-ACEC-4985-B35E-A7481562BB9E}.Release|x64.ActiveCfg = Release|x64
		{C8F77EDC-ACEC-4985-B35E-A7481562BB9E}.Release|x64.Build.0 = Release|x64
		{C8F77EDC-ACEC-4985-B35E-A7481562BB9E}.RelWithDebInfo|x64.ActiveCfg = RelWithDebInfo|x64
		{3EA2BC5C-91D8-4DE8-BBE4-8970540D0856}.Debug|x64.ActiveCfg = Debug|x64
		{3EA2BC5C-91D8-4DE8-BBE4-8970540D0856}.MinSizeRel|x64.ActiveCfg = MinSizeRel|x64
		{3EA2BC5C-91D8-4DE8-BBE4-8970540D0856}.Release|x64.ActiveCfg = Release|x64
		{3EA2BC5C-91D8-4DE8-BBE4-8970540D0856}.RelWithDebInfo|x64.ActiveCfg = RelWithDebInfo|x64
	EndGlobalSection
	GlobalSection(SolutionProperties) = preSolution
		HideSolutionNode = FALSE
	EndGlobalSection
EndGlobal
