<?xml version="1.0" encoding="utf-8"?>
<Project ToolsVersion="14.0" xmlns="http://schemas.microsoft.com/developer/msbuild/2003">
  <ItemGroup>
    <ClCompile Include="D:\Github\Visual-Studio-gtkmm\projects\tiff-4.0.6\test\strip_rw.c">
      <Filter>Source Files</Filter>
    </ClCompile>
    <ClCompile Include="D:\Github\Visual-Studio-gtkmm\projects\tiff-4.0.6\test\strip.c">
      <Filter>Source Files</Filter>
    </ClCompile>
    <ClCompile Include="D:\Github\Visual-Studio-gtkmm\projects\tiff-4.0.6\test\test_arrays.c">
      <Filter>Source Files</Filter>
    </ClCompile>
  </ItemGroup>
  <ItemGroup>
    <ClInclude Include="D:\Github\Visual-Studio-gtkmm\projects\tiff-4.0.6\test\test_arrays.h">
      <Filter>Header Files</Filter>
    </ClInclude>
  </ItemGroup>
  <ItemGroup>
    <Filter Include="Source Files">
      <UniqueIdentifier>{45F098DD-B6E5-41D4-8FCA-223192762F4D}</UniqueIdentifier>
    </Filter>
    <Filter Include="Header Files">
      <UniqueIdentifier>{3904A064-6CFD-4F3C-B6E3-2BFCB8852634}</UniqueIdentifier>
    </Filter>
  </ItemGroup>
</Project>