
Microsoft Visual Studio Solution File, Format Version 12.00
# Visual Studio 14
VisualStudioVersion = 14.0.23107.0
MinimumVisualStudioVersion = 10.0.40219.1
Project("{8BC9CEB8-8B4A-11D0-8D11-00A0C91BC942}") = "elements", "examples\elements.vcxproj", "{71BA845B-9FCD-428B-BC0C-DB10C0BF128F}"
EndProject
Project("{8BC9CEB8-8B4A-11D0-8D11-00A0C91BC942}") = "expat", "lib\expat.vcxproj", "{C4424B0F-03A1-49C9-AB81-41B982AAFC69}"
EndProject
Project("{8BC9CEB8-8B4A-11D0-8D11-00A0C91BC942}") = "expat_static", "lib\expat_static.vcxproj", "{0911175B-DA44-4934-ABFF-0CA7E75DE1DC}"
EndProject
Project("{8BC9CEB8-8B4A-11D0-8D11-00A0C91BC942}") = "expatw", "lib\expatw.vcxproj", "{707B55ED-7481-4D98-8F7B-89F8BB5F53BE}"
EndProject
Project("{8BC9CEB8-8B4A-11D0-8D11-00A0C91BC942}") = "expatw_static", "lib\expatw_static.vcxproj", "{B64C8CC9-3B8B-4044-8F29-48623D5C31A0}"
EndProject
Project("{8BC9CEB8-8B4A-11D0-8D11-00A0C91BC942}") = "outline", "examples\outline.vcxproj", "{FDC09F30-AE87-4CF4-9FEA-528AC37C7D49}"
EndProject
Project("{8BC9CEB8-8B4A-11D0-8D11-00A0C91BC942}") = "xmlwf", "xmlwf\xmlwf.vcxproj", "{380C7223-535B-4B34-8295-1232211D5843}"
EndProject
Project("{2150E333-8FDC-42A3-9474-1A3956D46DE8}") = "Readme", "Readme", "{F611BAAA-FCC8-4275-9C57-0AEB014B8841}"
	ProjectSection(SolutionItems) = preProject
		Readme\expat-2.1.0.txt = Readme\expat-2.1.0.txt
		..\..\..\readme\fundamental.md = ..\..\..\readme\fundamental.md
		..\..\..\readme\Licence.txt = ..\..\..\readme\Licence.txt
		..\..\..\readme\troubleshooting.md = ..\..\..\readme\troubleshooting.md
	EndProjectSection
EndProject
Project("{8BC9CEB8-8B4A-11D0-8D11-00A0C91BC942}") = "install", "install\install.vcxproj", "{34A755CD-2CE2-49BB-AE70-B2B608ADABAD}"
EndProject
Project("{2150E333-8FDC-42A3-9474-1A3956D46DE8}") = "Tests", "Tests", "{D2627A46-9124-4272-AF3C-23B0618E610C}"
EndProject
Global
	GlobalSection(SolutionConfigurationPlatforms) = preSolution
		Debug|Win32 = Debug|Win32
		Debug|x64 = Debug|x64
		Release|Win32 = Release|Win32
		Release|x64 = Release|x64
	EndGlobalSection
	GlobalSection(ProjectConfigurationPlatforms) = postSolution
		{71BA845B-9FCD-428B-BC0C-DB10C0BF128F}.Debug|Win32.ActiveCfg = Debug|Win32
		{71BA845B-9FCD-428B-BC0C-DB10C0BF128F}.Debug|Win32.Build.0 = Debug|Win32
		{71BA845B-9FCD-428B-BC0C-DB10C0BF128F}.Debug|x64.ActiveCfg = Debug|x64
		{71BA845B-9FCD-428B-BC0C-DB10C0BF128F}.Debug|x64.Build.0 = Debug|x64
		{71BA845B-9FCD-428B-BC0C-DB10C0BF128F}.Release|Win32.ActiveCfg = Release|Win32
		{71BA845B-9FCD-428B-BC0C-DB10C0BF128F}.Release|Win32.Build.0 = Release|Win32
		{71BA845B-9FCD-428B-BC0C-DB10C0BF128F}.Release|x64.ActiveCfg = Release|x64
		{71BA845B-9FCD-428B-BC0C-DB10C0BF128F}.Release|x64.Build.0 = Release|x64
		{C4424B0F-03A1-49C9-AB81-41B982AAFC69}.Debug|Win32.ActiveCfg = Debug|Win32
		{C4424B0F-03A1-49C9-AB81-41B982AAFC69}.Debug|Win32.Build.0 = Debug|Win32
		{C4424B0F-03A1-49C9-AB81-41B982AAFC69}.Debug|x64.ActiveCfg = Debug|x64
		{C4424B0F-03A1-49C9-AB81-41B982AAFC69}.Debug|x64.Build.0 = Debug|x64
		{C4424B0F-03A1-49C9-AB81-41B982AAFC69}.Release|Win32.ActiveCfg = Release|Win32
		{C4424B0F-03A1-49C9-AB81-41B982AAFC69}.Release|Win32.Build.0 = Release|Win32
		{C4424B0F-03A1-49C9-AB81-41B982AAFC69}.Release|x64.ActiveCfg = Release|x64
		{C4424B0F-03A1-49C9-AB81-41B982AAFC69}.Release|x64.Build.0 = Release|x64
		{0911175B-DA44-4934-ABFF-0CA7E75DE1DC}.Debug|Win32.ActiveCfg = Debug|Win32
		{0911175B-DA44-4934-ABFF-0CA7E75DE1DC}.Debug|Win32.Build.0 = Debug|Win32
		{0911175B-DA44-4934-ABFF-0CA7E75DE1DC}.Debug|x64.ActiveCfg = Debug|x64
		{0911175B-DA44-4934-ABFF-0CA7E75DE1DC}.Debug|x64.Build.0 = Debug|x64
		{0911175B-DA44-4934-ABFF-0CA7E75DE1DC}.Release|Win32.ActiveCfg = Release|Win32
		{0911175B-DA44-4934-ABFF-0CA7E75DE1DC}.Release|Win32.Build.0 = Release|Win32
		{0911175B-DA44-4934-ABFF-0CA7E75DE1DC}.Release|x64.ActiveCfg = Release|x64
		{0911175B-DA44-4934-ABFF-0CA7E75DE1DC}.Release|x64.Build.0 = Release|x64
		{707B55ED-7481-4D98-8F7B-89F8BB5F53BE}.Debug|Win32.ActiveCfg = Debug|Win32
		{707B55ED-7481-4D98-8F7B-89F8BB5F53BE}.Debug|Win32.Build.0 = Debug|Win32
		{707B55ED-7481-4D98-8F7B-89F8BB5F53BE}.Debug|x64.ActiveCfg = Debug|x64
		{707B55ED-7481-4D98-8F7B-89F8BB5F53BE}.Debug|x64.Build.0 = Debug|x64
		{707B55ED-7481-4D98-8F7B-89F8BB5F53BE}.Release|Win32.ActiveCfg = Release|Win32
		{707B55ED-7481-4D98-8F7B-89F8BB5F53BE}.Release|Win32.Build.0 = Release|Win32
		{707B55ED-7481-4D98-8F7B-89F8BB5F53BE}.Release|x64.ActiveCfg = Release|x64
		{707B55ED-7481-4D98-8F7B-89F8BB5F53BE}.Release|x64.Build.0 = Release|x64
		{B64C8CC9-3B8B-4044-8F29-48623D5C31A0}.Debug|Win32.ActiveCfg = Debug|Win32
		{B64C8CC9-3B8B-4044-8F29-48623D5C31A0}.Debug|Win32.Build.0 = Debug|Win32
		{B64C8CC9-3B8B-4044-8F29-48623D5C31A0}.Debug|x64.ActiveCfg = Debug|x64
		{B64C8CC9-3B8B-4044-8F29-48623D5C31A0}.Debug|x64.Build.0 = Debug|x64
		{B64C8CC9-3B8B-4044-8F29-48623D5C31A0}.Release|Win32.ActiveCfg = Release|Win32
		{B64C8CC9-3B8B-4044-8F29-48623D5C31A0}.Release|Win32.Build.0 = Release|Win32
		{B64C8CC9-3B8B-4044-8F29-48623D5C31A0}.Release|x64.ActiveCfg = Release|x64
		{B64C8CC9-3B8B-4044-8F29-48623D5C31A0}.Release|x64.Build.0 = Release|x64
		{FDC09F30-AE87-4CF4-9FEA-528AC37C7D49}.Debug|Win32.ActiveCfg = Debug|Win32
		{FDC09F30-AE87-4CF4-9FEA-528AC37C7D49}.Debug|Win32.Build.0 = Debug|Win32
		{FDC09F30-AE87-4CF4-9FEA-528AC37C7D49}.Debug|x64.ActiveCfg = Debug|x64
		{FDC09F30-AE87-4CF4-9FEA-528AC37C7D49}.Debug|x64.Build.0 = Debug|x64
		{FDC09F30-AE87-4CF4-9FEA-528AC37C7D49}.Release|Win32.ActiveCfg = Release|Win32
		{FDC09F30-AE87-4CF4-9FEA-528AC37C7D49}.Release|Win32.Build.0 = Release|Win32
		{FDC09F30-AE87-4CF4-9FEA-528AC37C7D49}.Release|x64.ActiveCfg = Release|x64
		{FDC09F30-AE87-4CF4-9FEA-528AC37C7D49}.Release|x64.Build.0 = Release|x64
		{380C7223-535B-4B34-8295-1232211D5843}.Debug|Win32.ActiveCfg = Debug|Win32
		{380C7223-535B-4B34-8295-1232211D5843}.Debug|Win32.Build.0 = Debug|Win32
		{380C7223-535B-4B34-8295-1232211D5843}.Debug|x64.ActiveCfg = Debug|x64
		{380C7223-535B-4B34-8295-1232211D5843}.Debug|x64.Build.0 = Debug|x64
		{380C7223-535B-4B34-8295-1232211D5843}.Release|Win32.ActiveCfg = Release|Win32
		{380C7223-535B-4B34-8295-1232211D5843}.Release|Win32.Build.0 = Release|Win32
		{380C7223-535B-4B34-8295-1232211D5843}.Release|x64.ActiveCfg = Release|x64
		{380C7223-535B-4B34-8295-1232211D5843}.Release|x64.Build.0 = Release|x64
		{34A755CD-2CE2-49BB-AE70-B2B608ADABAD}.Debug|Win32.ActiveCfg = Debug|Win32
		{34A755CD-2CE2-49BB-AE70-B2B608ADABAD}.Debug|Win32.Build.0 = Debug|Win32
		{34A755CD-2CE2-49BB-AE70-B2B608ADABAD}.Debug|x64.ActiveCfg = Debug|x64
		{34A755CD-2CE2-49BB-AE70-B2B608ADABAD}.Debug|x64.Build.0 = Debug|x64
		{34A755CD-2CE2-49BB-AE70-B2B608ADABAD}.Release|Win32.ActiveCfg = Release|Win32
		{34A755CD-2CE2-49BB-AE70-B2B608ADABAD}.Release|Win32.Build.0 = Release|Win32
		{34A755CD-2CE2-49BB-AE70-B2B608ADABAD}.Release|x64.ActiveCfg = Release|x64
		{34A755CD-2CE2-49BB-AE70-B2B608ADABAD}.Release|x64.Build.0 = Release|x64
	EndGlobalSection
	GlobalSection(SolutionProperties) = preSolution
		HideSolutionNode = FALSE
	EndGlobalSection
	GlobalSection(NestedProjects) = preSolution
		{71BA845B-9FCD-428B-BC0C-DB10C0BF128F} = {D2627A46-9124-4272-AF3C-23B0618E610C}
		{FDC09F30-AE87-4CF4-9FEA-528AC37C7D49} = {D2627A46-9124-4272-AF3C-23B0618E610C}
		{380C7223-535B-4B34-8295-1232211D5843} = {D2627A46-9124-4272-AF3C-23B0618E610C}
	EndGlobalSection
EndGlobal
