<?xml version="1.0" encoding="utf-8"?>
<Project ToolsVersion="4.0" xmlns="http://schemas.microsoft.com/developer/msbuild/2003">
  <ItemGroup>
    <Filter Include="Source Files">
      <UniqueIdentifier>{9815dd35-65d0-4602-943b-3bd4bec10639}</UniqueIdentifier>
    </Filter>
  </ItemGroup>
  <ItemGroup>
    <ClCompile Include="..\..\..\contrib\libtests\pngvalid.c">
      <Filter>Source Files</Filter>
    </ClCompile>
  </ItemGroup>
</Project>