<?xml version="1.0" encoding="Windows-1252"?>
<Project ToolsVersion="12.0" xmlns="http://schemas.microsoft.com/developer/msbuild/2003">
  <ItemGroup>
    <ClInclude Include="src..\pcre.h">
      <Filter>Header Files</Filter>
    </ClInclude>
  </ItemGroup>
  <ItemGroup>
    <Filter Include="Source Files">
      <UniqueIdentifier>{FE461EA0-3F98-4DAF-B106-BB06CEA998D0}</UniqueIdentifier>
    </Filter>
    <Filter Include="Header Files">
      <UniqueIdentifier>{0E6CBDE4-3D2B-4BA7-97B1-CA5598954086}</UniqueIdentifier>
    </Filter>
  </ItemGroup>
  <ItemGroup>
    <ClCompile Include="..\pcre16_byte_order.c">
      <Filter>Source Files</Filter>
    </ClCompile>
    <ClCompile Include="..\pcre16_chartables.c">
      <Filter>Source Files</Filter>
    </ClCompile>
    <ClCompile Include="..\pcre16_compile.c">
      <Filter>Source Files</Filter>
    </ClCompile>
    <ClCompile Include="..\pcre16_config.c">
      <Filter>Source Files</Filter>
    </ClCompile>
    <ClCompile Include="..\pcre16_dfa_exec.c">
      <Filter>Source Files</Filter>
    </ClCompile>
    <ClCompile Include="..\pcre16_exec.c">
      <Filter>Source Files</Filter>
    </ClCompile>
    <ClCompile Include="..\pcre16_fullinfo.c">
      <Filter>Source Files</Filter>
    </ClCompile>
    <ClCompile Include="..\pcre16_get.c">
      <Filter>Source Files</Filter>
    </ClCompile>
    <ClCompile Include="..\pcre16_globals.c">
      <Filter>Source Files</Filter>
    </ClCompile>
    <ClCompile Include="..\pcre16_jit_compile.c">
      <Filter>Source Files</Filter>
    </ClCompile>
    <ClCompile Include="..\pcre16_maketables.c">
      <Filter>Source Files</Filter>
    </ClCompile>
    <ClCompile Include="..\pcre16_newline.c">
      <Filter>Source Files</Filter>
    </ClCompile>
    <ClCompile Include="..\pcre16_ord2utf16.c">
      <Filter>Source Files</Filter>
    </ClCompile>
    <ClCompile Include="..\pcre16_refcount.c">
      <Filter>Source Files</Filter>
    </ClCompile>
    <ClCompile Include="..\pcre16_string_utils.c">
      <Filter>Source Files</Filter>
    </ClCompile>
    <ClCompile Include="..\pcre16_study.c">
      <Filter>Source Files</Filter>
    </ClCompile>
    <ClCompile Include="..\pcre16_tables.c">
      <Filter>Source Files</Filter>
    </ClCompile>
    <ClCompile Include="..\pcre16_ucd.c">
      <Filter>Source Files</Filter>
    </ClCompile>
    <ClCompile Include="..\pcre16_utf16_utils.c">
      <Filter>Source Files</Filter>
    </ClCompile>
    <ClCompile Include="..\pcre16_valid_utf16.c">
      <Filter>Source Files</Filter>
    </ClCompile>
    <ClCompile Include="..\pcre16_version.c">
      <Filter>Source Files</Filter>
    </ClCompile>
    <ClCompile Include="..\pcre16_xclass.c">
      <Filter>Source Files</Filter>
    </ClCompile>
  </ItemGroup>
</Project>