<?xml version="1.0" encoding="utf-8"?>
<Project ToolsVersion="4.0" xmlns="http://schemas.microsoft.com/developer/msbuild/2003">
  <ItemGroup>
    <ClCompile Include="..\..\gettext-runtime\intl\xsize.c">
      <Filter>Sources\copy</Filter>
    </ClCompile>
    <ClCompile Include="..\..\gettext-runtime\intl\intl-exports.c">
      <Filter>Sources\copy</Filter>
    </ClCompile>
    <ClCompile Include="..\..\gettext-runtime\intl\os2compat.c">
      <Filter>Sources\copy</Filter>
    </ClCompile>
    <ClCompile Include="..\..\gettext-runtime\intl\printf-args.c">
      <Filter>Sources\copy</Filter>
    </ClCompile>
    <ClCompile Include="..\..\gettext-runtime\intl\printf-parse.c">
      <Filter>Sources\copy</Filter>
    </ClCompile>
    <ClCompile Include="..\..\gettext-runtime\intl\tsearch.c">
      <Filter>Sources\copy</Filter>
    </ClCompile>
    <ClCompile Include="..\..\gettext-runtime\intl\vasnprintf.c">
      <Filter>Sources\copy</Filter>
    </ClCompile>
    <ClCompile Include="..\..\gettext-runtime\libasprintf\alloca.c">
      <Filter>Sources</Filter>
    </ClCompile>
    <ClCompile Include="..\..\gettext-runtime\libasprintf\xsize.c">
      <Filter>Sources</Filter>
    </ClCompile>
    <ClCompile Include="..\..\gettext-runtime\libasprintf\asnprintf.c">
      <Filter>Sources</Filter>
    </ClCompile>
    <ClCompile Include="..\..\gettext-runtime\libasprintf\asprintf.c">
      <Filter>Sources</Filter>
    </ClCompile>
    <ClCompile Include="..\..\gettext-runtime\libasprintf\autosprintf.cc">
      <Filter>Sources</Filter>
    </ClCompile>
    <ClCompile Include="..\..\gettext-runtime\libasprintf\lib-asprintf.c">
      <Filter>Sources</Filter>
    </ClCompile>
    <ClCompile Include="..\..\gettext-runtime\libasprintf\printf-args.c">
      <Filter>Sources</Filter>
    </ClCompile>
    <ClCompile Include="..\..\gettext-runtime\libasprintf\printf-parse.c">
      <Filter>Sources</Filter>
    </ClCompile>
    <ClCompile Include="..\..\gettext-runtime\libasprintf\vasnprintf.c">
      <Filter>Sources</Filter>
    </ClCompile>
    <ClCompile Include="..\..\gettext-runtime\libasprintf\vasprintf.c">
      <Filter>Sources</Filter>
    </ClCompile>
  </ItemGroup>
  <ItemGroup>
    <ResourceCompile Include="..\src\libintl.rc">
      <Filter>Resource Files</Filter>
    </ResourceCompile>
    <ResourceCompile Include="..\src\libintl-x64.rc">
      <Filter>Resource Files</Filter>
    </ResourceCompile>
  </ItemGroup>
  <ItemGroup>
    <Filter Include="Sources">
      <UniqueIdentifier>{ff8a918a-0fca-41ef-ae6f-ebf72cea251b}</UniqueIdentifier>
    </Filter>
    <Filter Include="Headers">
      <UniqueIdentifier>{7fae05a2-34b3-43c1-8f94-4bc16a262ffe}</UniqueIdentifier>
    </Filter>
    <Filter Include="Resource Files">
      <UniqueIdentifier>{a2dadf76-1aa7-4b48-98c5-c52fc6c6164f}</UniqueIdentifier>
    </Filter>
    <Filter Include="Sources\copy">
      <UniqueIdentifier>{64cb86b2-25da-4aeb-b85e-3ca66b223084}</UniqueIdentifier>
    </Filter>
  </ItemGroup>
  <ItemGroup>
    <ClInclude Include="..\..\gettext-runtime\libasprintf\errno.in.h">
      <Filter>Headers</Filter>
    </ClInclude>
    <ClInclude Include="..\..\gettext-runtime\libasprintf\size_max.h">
      <Filter>Headers</Filter>
    </ClInclude>
    <ClInclude Include="..\..\gettext-runtime\libasprintf\verify.h">
      <Filter>Headers</Filter>
    </ClInclude>
    <ClInclude Include="..\..\gettext-runtime\libasprintf\xsize.h">
      <Filter>Headers</Filter>
    </ClInclude>
    <ClInclude Include="..\..\gettext-runtime\libasprintf\lib-asprintf.h">
      <Filter>Headers</Filter>
    </ClInclude>
    <ClInclude Include="..\..\gettext-runtime\libasprintf\printf-args.h">
      <Filter>Headers</Filter>
    </ClInclude>
    <ClInclude Include="..\..\gettext-runtime\libasprintf\printf-parse.h">
      <Filter>Headers</Filter>
    </ClInclude>
    <ClInclude Include="..\..\gettext-runtime\libasprintf\vasnprintf.h">
      <Filter>Headers</Filter>
    </ClInclude>
    <ClInclude Include="..\..\gettext-runtime\libasprintf\vasprintf.h">
      <Filter>Headers</Filter>
    </ClInclude>
    <ClInclude Include="..\src\libasprintf\alloca.h">
      <Filter>Headers</Filter>
    </ClInclude>
    <ClInclude Include="..\src\libasprintf\autosprintf.h">
      <Filter>Headers</Filter>
    </ClInclude>
  </ItemGroup>
</Project>