
Microsoft Visual Studio Solution File, Format Version 12.00
# Visual Studio 14
VisualStudioVersion = 14.0.23107.0
MinimumVisualStudioVersion = 10.0.40219.1
Project("{F088123C-0E9E-452A-89E6-6BA2F21D5CAC}") = "dependecy-graph", "dependecy-graph\dependecy-graph.modelproj", "{99EE5066-9687-41D5-8B8C-DEA9EC10B5F8}"
EndProject
Project("{2150E333-8FDC-42A3-9474-1A3956D46DE8}") = "Readme", "Readme", "{1350D6D7-C52A-46DC-881B-1AF34E35B714}"
	ProjectSection(SolutionItems) = preProject
		Readme\dependency-graph.txt = Readme\dependency-graph.txt
		..\..\..\readme\fundamental.md = ..\..\..\readme\fundamental.md
		..\..\..\readme\LICENSE.txt = ..\..\..\readme\LICENSE.txt
		..\..\..\readme\troubleshooting.md = ..\..\..\readme\troubleshooting.md
	EndProjectSection
EndProject
Global
	GlobalSection(SolutionConfigurationPlatforms) = preSolution
		Debug|Any CPU = Debug|Any CPU
		Debug|x64 = Debug|x64
		Debug|x86 = Debug|x86
		Release|Any CPU = Release|Any CPU
		Release|x64 = Release|x64
		Release|x86 = Release|x86
	EndGlobalSection
	GlobalSection(ProjectConfigurationPlatforms) = postSolution
		{99EE5066-9687-41D5-8B8C-DEA9EC10B5F8}.Debug|Any CPU.ActiveCfg = Debug|Any CPU
		{99EE5066-9687-41D5-8B8C-DEA9EC10B5F8}.Debug|x64.ActiveCfg = Debug|Any CPU
		{99EE5066-9687-41D5-8B8C-DEA9EC10B5F8}.Debug|x86.ActiveCfg = Debug|Any CPU
		{99EE5066-9687-41D5-8B8C-DEA9EC10B5F8}.Release|Any CPU.ActiveCfg = Release|Any CPU
		{99EE5066-9687-41D5-8B8C-DEA9EC10B5F8}.Release|x64.ActiveCfg = Release|Any CPU
		{99EE5066-9687-41D5-8B8C-DEA9EC10B5F8}.Release|x86.ActiveCfg = Release|Any CPU
	EndGlobalSection
	GlobalSection(SolutionProperties) = preSolution
		HideSolutionNode = FALSE
	EndGlobalSection
EndGlobal
