
Microsoft Visual Studio Solution File, Format Version 12.00
# Visual Studio 14
VisualStudioVersion = 14.0.23107.0
MinimumVisualStudioVersion = 10.0.40219.1
Project("{8BC9CEB8-8B4A-11D0-8D11-00A0C91BC942}") = "iconv_dll", "libiconv\libiconv.vcxproj", "{E5AED581-C6C7-456E-897E-B7779F1529B1}"
EndProject
Project("{2150E333-8FDC-42A3-9474-1A3956D46DE8}") = "Readme", "Readme", "{1CD2B378-3055-4A0C-9C7A-B8F1B0DD4BB8}"
	ProjectSection(SolutionItems) = preProject
		..\..\..\readme\fundamental.md = ..\..\..\readme\fundamental.md
		Readme\libiconv-1.14.txt = Readme\libiconv-1.14.txt
		..\..\..\readme\Licence.txt = ..\..\..\readme\Licence.txt
		..\..\..\readme\troubleshooting.md = ..\..\..\readme\troubleshooting.md
	EndProjectSection
EndProject
Project("{8BC9CEB8-8B4A-11D0-8D11-00A0C91BC942}") = "iconv_static", "libiconv_static\libiconv_static.vcxproj", "{9B2F0A36-007C-4A8F-BC70-C72F0F82234B}"
EndProject
Project("{8BC9CEB8-8B4A-11D0-8D11-00A0C91BC942}") = "test-iconv_dll", "test-libiconv_dll\test-libiconv_dll.vcxproj", "{E394F1AD-04A7-4B28-BCD9-7A6EED0DDE17}"
EndProject
Project("{8BC9CEB8-8B4A-11D0-8D11-00A0C91BC942}") = "test-iconv_static", "test-libiconv_static\test-libiconv_static.vcxproj", "{DC5B8071-B42F-4F92-9333-0C72D14F98F8}"
EndProject
Project("{8BC9CEB8-8B4A-11D0-8D11-00A0C91BC942}") = "install", "install\install.vcxproj", "{09E2CF1F-8B1A-4545-B384-6BF5F5B85EC4}"
EndProject
Project("{2150E333-8FDC-42A3-9474-1A3956D46DE8}") = "Tests", "Tests", "{BBC244C6-F9A7-44C8-A42E-A0DFFC2F4391}"
EndProject
Project("{2150E333-8FDC-42A3-9474-1A3956D46DE8}") = "Config", "Config", "{6B7E5508-10F9-419D-B998-BEBCFA641ECF}"
	ProjectSection(SolutionItems) = preProject
		src\config.h = src\config.h
	EndProjectSection
EndProject
Project("{8BC9CEB8-8B4A-11D0-8D11-00A0C91BC942}") = "table-from", "table-from\table-from.vcxproj", "{EB9E9FD6-CA4E-4C89-BB4F-D545E7C51FC5}"
EndProject
Project("{8BC9CEB8-8B4A-11D0-8D11-00A0C91BC942}") = "test-to-wchar", "test-to-wchar\test-to-wchar.vcxproj", "{35289B37-6B37-4C51-8FBF-DDD2501A88AF}"
EndProject
Project("{8BC9CEB8-8B4A-11D0-8D11-00A0C91BC942}") = "test-shiftseq", "test-shiftseq\test-shiftseq.vcxproj", "{FBD50E9D-1B30-4945-A9EC-D92A47D0ECC3}"
EndProject
Project("{8BC9CEB8-8B4A-11D0-8D11-00A0C91BC942}") = "genutf8", "genutf8\genutf8.vcxproj", "{D20C86A7-920B-4117-918D-BC9602437ECC}"
EndProject
Project("{8BC9CEB8-8B4A-11D0-8D11-00A0C91BC942}") = "table-to", "table-to\table-to.vcxproj", "{1667290D-6DA0-48A2-AC35-04FABF81B066}"
EndProject
Project("{8BC9CEB8-8B4A-11D0-8D11-00A0C91BC942}") = "uniq-u", "uniq-u\uniq-u.vcxproj", "{0A190B5F-CCCF-4A92-BF69-D94093BBCAD3}"
EndProject
Project("{8BC9CEB8-8B4A-11D0-8D11-00A0C91BC942}") = "gengb18030z", "gengb18030z\gengb18030z.vcxproj", "{C552E10D-90E3-415F-84C0-19E0756741C9}"
EndProject
Global
	GlobalSection(SolutionConfigurationPlatforms) = preSolution
		Debug|Win32 = Debug|Win32
		Debug|x64 = Debug|x64
		Release|Win32 = Release|Win32
		Release|x64 = Release|x64
	EndGlobalSection
	GlobalSection(ProjectConfigurationPlatforms) = postSolution
		{E5AED581-C6C7-456E-897E-B7779F1529B1}.Debug|Win32.ActiveCfg = Debug|Win32
		{E5AED581-C6C7-456E-897E-B7779F1529B1}.Debug|Win32.Build.0 = Debug|Win32
		{E5AED581-C6C7-456E-897E-B7779F1529B1}.Debug|x64.ActiveCfg = Debug|x64
		{E5AED581-C6C7-456E-897E-B7779F1529B1}.Debug|x64.Build.0 = Debug|x64
		{E5AED581-C6C7-456E-897E-B7779F1529B1}.Release|Win32.ActiveCfg = Release|Win32
		{E5AED581-C6C7-456E-897E-B7779F1529B1}.Release|Win32.Build.0 = Release|Win32
		{E5AED581-C6C7-456E-897E-B7779F1529B1}.Release|x64.ActiveCfg = Release|x64
		{E5AED581-C6C7-456E-897E-B7779F1529B1}.Release|x64.Build.0 = Release|x64
		{9B2F0A36-007C-4A8F-BC70-C72F0F82234B}.Debug|Win32.ActiveCfg = Debug|Win32
		{9B2F0A36-007C-4A8F-BC70-C72F0F82234B}.Debug|Win32.Build.0 = Debug|Win32
		{9B2F0A36-007C-4A8F-BC70-C72F0F82234B}.Debug|x64.ActiveCfg = Debug|x64
		{9B2F0A36-007C-4A8F-BC70-C72F0F82234B}.Debug|x64.Build.0 = Debug|x64
		{9B2F0A36-007C-4A8F-BC70-C72F0F82234B}.Release|Win32.ActiveCfg = Release|Win32
		{9B2F0A36-007C-4A8F-BC70-C72F0F82234B}.Release|Win32.Build.0 = Release|Win32
		{9B2F0A36-007C-4A8F-BC70-C72F0F82234B}.Release|x64.ActiveCfg = Release|x64
		{9B2F0A36-007C-4A8F-BC70-C72F0F82234B}.Release|x64.Build.0 = Release|x64
		{E394F1AD-04A7-4B28-BCD9-7A6EED0DDE17}.Debug|Win32.ActiveCfg = Debug|Win32
		{E394F1AD-04A7-4B28-BCD9-7A6EED0DDE17}.Debug|Win32.Build.0 = Debug|Win32
		{E394F1AD-04A7-4B28-BCD9-7A6EED0DDE17}.Debug|x64.ActiveCfg = Debug|x64
		{E394F1AD-04A7-4B28-BCD9-7A6EED0DDE17}.Debug|x64.Build.0 = Debug|x64
		{E394F1AD-04A7-4B28-BCD9-7A6EED0DDE17}.Release|Win32.ActiveCfg = Release|Win32
		{E394F1AD-04A7-4B28-BCD9-7A6EED0DDE17}.Release|Win32.Build.0 = Release|Win32
		{E394F1AD-04A7-4B28-BCD9-7A6EED0DDE17}.Release|x64.ActiveCfg = Release|x64
		{E394F1AD-04A7-4B28-BCD9-7A6EED0DDE17}.Release|x64.Build.0 = Release|x64
		{DC5B8071-B42F-4F92-9333-0C72D14F98F8}.Debug|Win32.ActiveCfg = Debug|Win32
		{DC5B8071-B42F-4F92-9333-0C72D14F98F8}.Debug|Win32.Build.0 = Debug|Win32
		{DC5B8071-B42F-4F92-9333-0C72D14F98F8}.Debug|x64.ActiveCfg = Debug|x64
		{DC5B8071-B42F-4F92-9333-0C72D14F98F8}.Debug|x64.Build.0 = Debug|x64
		{DC5B8071-B42F-4F92-9333-0C72D14F98F8}.Release|Win32.ActiveCfg = Release|Win32
		{DC5B8071-B42F-4F92-9333-0C72D14F98F8}.Release|Win32.Build.0 = Release|Win32
		{DC5B8071-B42F-4F92-9333-0C72D14F98F8}.Release|x64.ActiveCfg = Release|x64
		{DC5B8071-B42F-4F92-9333-0C72D14F98F8}.Release|x64.Build.0 = Release|x64
		{09E2CF1F-8B1A-4545-B384-6BF5F5B85EC4}.Debug|Win32.ActiveCfg = Debug|Win32
		{09E2CF1F-8B1A-4545-B384-6BF5F5B85EC4}.Debug|Win32.Build.0 = Debug|Win32
		{09E2CF1F-8B1A-4545-B384-6BF5F5B85EC4}.Debug|x64.ActiveCfg = Debug|x64
		{09E2CF1F-8B1A-4545-B384-6BF5F5B85EC4}.Debug|x64.Build.0 = Debug|x64
		{09E2CF1F-8B1A-4545-B384-6BF5F5B85EC4}.Release|Win32.ActiveCfg = Release|Win32
		{09E2CF1F-8B1A-4545-B384-6BF5F5B85EC4}.Release|Win32.Build.0 = Release|Win32
		{09E2CF1F-8B1A-4545-B384-6BF5F5B85EC4}.Release|x64.ActiveCfg = Release|x64
		{09E2CF1F-8B1A-4545-B384-6BF5F5B85EC4}.Release|x64.Build.0 = Release|x64
		{EB9E9FD6-CA4E-4C89-BB4F-D545E7C51FC5}.Debug|Win32.ActiveCfg = Debug|Win32
		{EB9E9FD6-CA4E-4C89-BB4F-D545E7C51FC5}.Debug|Win32.Build.0 = Debug|Win32
		{EB9E9FD6-CA4E-4C89-BB4F-D545E7C51FC5}.Debug|x64.ActiveCfg = Debug|x64
		{EB9E9FD6-CA4E-4C89-BB4F-D545E7C51FC5}.Debug|x64.Build.0 = Debug|x64
		{EB9E9FD6-CA4E-4C89-BB4F-D545E7C51FC5}.Release|Win32.ActiveCfg = Release|Win32
		{EB9E9FD6-CA4E-4C89-BB4F-D545E7C51FC5}.Release|Win32.Build.0 = Release|Win32
		{EB9E9FD6-CA4E-4C89-BB4F-D545E7C51FC5}.Release|x64.ActiveCfg = Release|x64
		{EB9E9FD6-CA4E-4C89-BB4F-D545E7C51FC5}.Release|x64.Build.0 = Release|x64
		{35289B37-6B37-4C51-8FBF-DDD2501A88AF}.Debug|Win32.ActiveCfg = Debug|Win32
		{35289B37-6B37-4C51-8FBF-DDD2501A88AF}.Debug|Win32.Build.0 = Debug|Win32
		{35289B37-6B37-4C51-8FBF-DDD2501A88AF}.Debug|x64.ActiveCfg = Debug|x64
		{35289B37-6B37-4C51-8FBF-DDD2501A88AF}.Debug|x64.Build.0 = Debug|x64
		{35289B37-6B37-4C51-8FBF-DDD2501A88AF}.Release|Win32.ActiveCfg = Release|Win32
		{35289B37-6B37-4C51-8FBF-DDD2501A88AF}.Release|Win32.Build.0 = Release|Win32
		{35289B37-6B37-4C51-8FBF-DDD2501A88AF}.Release|x64.ActiveCfg = Release|x64
		{35289B37-6B37-4C51-8FBF-DDD2501A88AF}.Release|x64.Build.0 = Release|x64
		{FBD50E9D-1B30-4945-A9EC-D92A47D0ECC3}.Debug|Win32.ActiveCfg = Debug|Win32
		{FBD50E9D-1B30-4945-A9EC-D92A47D0ECC3}.Debug|Win32.Build.0 = Debug|Win32
		{FBD50E9D-1B30-4945-A9EC-D92A47D0ECC3}.Debug|x64.ActiveCfg = Debug|x64
		{FBD50E9D-1B30-4945-A9EC-D92A47D0ECC3}.Debug|x64.Build.0 = Debug|x64
		{FBD50E9D-1B30-4945-A9EC-D92A47D0ECC3}.Release|Win32.ActiveCfg = Release|Win32
		{FBD50E9D-1B30-4945-A9EC-D92A47D0ECC3}.Release|Win32.Build.0 = Release|Win32
		{FBD50E9D-1B30-4945-A9EC-D92A47D0ECC3}.Release|x64.ActiveCfg = Release|x64
		{FBD50E9D-1B30-4945-A9EC-D92A47D0ECC3}.Release|x64.Build.0 = Release|x64
		{D20C86A7-920B-4117-918D-BC9602437ECC}.Debug|Win32.ActiveCfg = Debug|Win32
		{D20C86A7-920B-4117-918D-BC9602437ECC}.Debug|Win32.Build.0 = Debug|Win32
		{D20C86A7-920B-4117-918D-BC9602437ECC}.Debug|x64.ActiveCfg = Debug|x64
		{D20C86A7-920B-4117-918D-BC9602437ECC}.Debug|x64.Build.0 = Debug|x64
		{D20C86A7-920B-4117-918D-BC9602437ECC}.Release|Win32.ActiveCfg = Release|Win32
		{D20C86A7-920B-4117-918D-BC9602437ECC}.Release|Win32.Build.0 = Release|Win32
		{D20C86A7-920B-4117-918D-BC9602437ECC}.Release|x64.ActiveCfg = Release|x64
		{D20C86A7-920B-4117-918D-BC9602437ECC}.Release|x64.Build.0 = Release|x64
		{1667290D-6DA0-48A2-AC35-04FABF81B066}.Debug|Win32.ActiveCfg = Debug|Win32
		{1667290D-6DA0-48A2-AC35-04FABF81B066}.Debug|Win32.Build.0 = Debug|Win32
		{1667290D-6DA0-48A2-AC35-04FABF81B066}.Debug|x64.ActiveCfg = Debug|x64
		{1667290D-6DA0-48A2-AC35-04FABF81B066}.Debug|x64.Build.0 = Debug|x64
		{1667290D-6DA0-48A2-AC35-04FABF81B066}.Release|Win32.ActiveCfg = Release|Win32
		{1667290D-6DA0-48A2-AC35-04FABF81B066}.Release|Win32.Build.0 = Release|Win32
		{1667290D-6DA0-48A2-AC35-04FABF81B066}.Release|x64.ActiveCfg = Release|x64
		{1667290D-6DA0-48A2-AC35-04FABF81B066}.Release|x64.Build.0 = Release|x64
		{0A190B5F-CCCF-4A92-BF69-D94093BBCAD3}.Debug|Win32.ActiveCfg = Debug|Win32
		{0A190B5F-CCCF-4A92-BF69-D94093BBCAD3}.Debug|Win32.Build.0 = Debug|Win32
		{0A190B5F-CCCF-4A92-BF69-D94093BBCAD3}.Debug|x64.ActiveCfg = Debug|x64
		{0A190B5F-CCCF-4A92-BF69-D94093BBCAD3}.Debug|x64.Build.0 = Debug|x64
		{0A190B5F-CCCF-4A92-BF69-D94093BBCAD3}.Release|Win32.ActiveCfg = Release|Win32
		{0A190B5F-CCCF-4A92-BF69-D94093BBCAD3}.Release|Win32.Build.0 = Release|Win32
		{0A190B5F-CCCF-4A92-BF69-D94093BBCAD3}.Release|x64.ActiveCfg = Release|x64
		{0A190B5F-CCCF-4A92-BF69-D94093BBCAD3}.Release|x64.Build.0 = Release|x64
		{C552E10D-90E3-415F-84C0-19E0756741C9}.Debug|Win32.ActiveCfg = Debug|Win32
		{C552E10D-90E3-415F-84C0-19E0756741C9}.Debug|Win32.Build.0 = Debug|Win32
		{C552E10D-90E3-415F-84C0-19E0756741C9}.Debug|x64.ActiveCfg = Debug|x64
		{C552E10D-90E3-415F-84C0-19E0756741C9}.Debug|x64.Build.0 = Debug|x64
		{C552E10D-90E3-415F-84C0-19E0756741C9}.Release|Win32.ActiveCfg = Release|Win32
		{C552E10D-90E3-415F-84C0-19E0756741C9}.Release|Win32.Build.0 = Release|Win32
		{C552E10D-90E3-415F-84C0-19E0756741C9}.Release|x64.ActiveCfg = Release|x64
		{C552E10D-90E3-415F-84C0-19E0756741C9}.Release|x64.Build.0 = Release|x64
	EndGlobalSection
	GlobalSection(SolutionProperties) = preSolution
		HideSolutionNode = FALSE
	EndGlobalSection
	GlobalSection(NestedProjects) = preSolution
		{E394F1AD-04A7-4B28-BCD9-7A6EED0DDE17} = {BBC244C6-F9A7-44C8-A42E-A0DFFC2F4391}
		{DC5B8071-B42F-4F92-9333-0C72D14F98F8} = {BBC244C6-F9A7-44C8-A42E-A0DFFC2F4391}
		{EB9E9FD6-CA4E-4C89-BB4F-D545E7C51FC5} = {BBC244C6-F9A7-44C8-A42E-A0DFFC2F4391}
		{35289B37-6B37-4C51-8FBF-DDD2501A88AF} = {BBC244C6-F9A7-44C8-A42E-A0DFFC2F4391}
		{FBD50E9D-1B30-4945-A9EC-D92A47D0ECC3} = {BBC244C6-F9A7-44C8-A42E-A0DFFC2F4391}
		{D20C86A7-920B-4117-918D-BC9602437ECC} = {BBC244C6-F9A7-44C8-A42E-A0DFFC2F4391}
		{1667290D-6DA0-48A2-AC35-04FABF81B066} = {BBC244C6-F9A7-44C8-A42E-A0DFFC2F4391}
		{0A190B5F-CCCF-4A92-BF69-D94093BBCAD3} = {BBC244C6-F9A7-44C8-A42E-A0DFFC2F4391}
		{C552E10D-90E3-415F-84C0-19E0756741C9} = {BBC244C6-F9A7-44C8-A42E-A0DFFC2F4391}
	EndGlobalSection
EndGlobal
