<?xml version="1.0" encoding="Windows-1252"?>
<Project ToolsVersion="12.0" xmlns="http://schemas.microsoft.com/developer/msbuild/2003">
  <ItemGroup>
    <ClCompile Include="D:\gtkmm\build\libjpeg-turbo-1.4.0\jcapimin.c">
      <Filter>Source Files</Filter>
    </ClCompile>
    <ClCompile Include="D:\gtkmm\build\libjpeg-turbo-1.4.0\jcapistd.c">
      <Filter>Source Files</Filter>
    </ClCompile>
    <ClCompile Include="D:\gtkmm\build\libjpeg-turbo-1.4.0\jccoefct.c">
      <Filter>Source Files</Filter>
    </ClCompile>
    <ClCompile Include="D:\gtkmm\build\libjpeg-turbo-1.4.0\jccolor.c">
      <Filter>Source Files</Filter>
    </ClCompile>
    <ClCompile Include="D:\gtkmm\build\libjpeg-turbo-1.4.0\jcdctmgr.c">
      <Filter>Source Files</Filter>
    </ClCompile>
    <ClCompile Include="D:\gtkmm\build\libjpeg-turbo-1.4.0\jchuff.c">
      <Filter>Source Files</Filter>
    </ClCompile>
    <ClCompile Include="D:\gtkmm\build\libjpeg-turbo-1.4.0\jcinit.c">
      <Filter>Source Files</Filter>
    </ClCompile>
    <ClCompile Include="D:\gtkmm\build\libjpeg-turbo-1.4.0\jcmainct.c">
      <Filter>Source Files</Filter>
    </ClCompile>
    <ClCompile Include="D:\gtkmm\build\libjpeg-turbo-1.4.0\jcmarker.c">
      <Filter>Source Files</Filter>
    </ClCompile>
    <ClCompile Include="D:\gtkmm\build\libjpeg-turbo-1.4.0\jcmaster.c">
      <Filter>Source Files</Filter>
    </ClCompile>
    <ClCompile Include="D:\gtkmm\build\libjpeg-turbo-1.4.0\jcomapi.c">
      <Filter>Source Files</Filter>
    </ClCompile>
    <ClCompile Include="D:\gtkmm\build\libjpeg-turbo-1.4.0\jcparam.c">
      <Filter>Source Files</Filter>
    </ClCompile>
    <ClCompile Include="D:\gtkmm\build\libjpeg-turbo-1.4.0\jcphuff.c">
      <Filter>Source Files</Filter>
    </ClCompile>
    <ClCompile Include="D:\gtkmm\build\libjpeg-turbo-1.4.0\jcprepct.c">
      <Filter>Source Files</Filter>
    </ClCompile>
    <ClCompile Include="D:\gtkmm\build\libjpeg-turbo-1.4.0\jcsample.c">
      <Filter>Source Files</Filter>
    </ClCompile>
    <ClCompile Include="D:\gtkmm\build\libjpeg-turbo-1.4.0\jctrans.c">
      <Filter>Source Files</Filter>
    </ClCompile>
    <ClCompile Include="D:\gtkmm\build\libjpeg-turbo-1.4.0\jdapimin.c">
      <Filter>Source Files</Filter>
    </ClCompile>
    <ClCompile Include="D:\gtkmm\build\libjpeg-turbo-1.4.0\jdapistd.c">
      <Filter>Source Files</Filter>
    </ClCompile>
    <ClCompile Include="D:\gtkmm\build\libjpeg-turbo-1.4.0\jdatadst.c">
      <Filter>Source Files</Filter>
    </ClCompile>
    <ClCompile Include="D:\gtkmm\build\libjpeg-turbo-1.4.0\jdatasrc.c">
      <Filter>Source Files</Filter>
    </ClCompile>
    <ClCompile Include="D:\gtkmm\build\libjpeg-turbo-1.4.0\jdcoefct.c">
      <Filter>Source Files</Filter>
    </ClCompile>
    <ClCompile Include="D:\gtkmm\build\libjpeg-turbo-1.4.0\jdcolor.c">
      <Filter>Source Files</Filter>
    </ClCompile>
    <ClCompile Include="D:\gtkmm\build\libjpeg-turbo-1.4.0\jddctmgr.c">
      <Filter>Source Files</Filter>
    </ClCompile>
    <ClCompile Include="D:\gtkmm\build\libjpeg-turbo-1.4.0\jdhuff.c">
      <Filter>Source Files</Filter>
    </ClCompile>
    <ClCompile Include="D:\gtkmm\build\libjpeg-turbo-1.4.0\jdinput.c">
      <Filter>Source Files</Filter>
    </ClCompile>
    <ClCompile Include="D:\gtkmm\build\libjpeg-turbo-1.4.0\jdmainct.c">
      <Filter>Source Files</Filter>
    </ClCompile>
    <ClCompile Include="D:\gtkmm\build\libjpeg-turbo-1.4.0\jdmarker.c">
      <Filter>Source Files</Filter>
    </ClCompile>
    <ClCompile Include="D:\gtkmm\build\libjpeg-turbo-1.4.0\jdmaster.c">
      <Filter>Source Files</Filter>
    </ClCompile>
    <ClCompile Include="D:\gtkmm\build\libjpeg-turbo-1.4.0\jdmerge.c">
      <Filter>Source Files</Filter>
    </ClCompile>
    <ClCompile Include="D:\gtkmm\build\libjpeg-turbo-1.4.0\jdphuff.c">
      <Filter>Source Files</Filter>
    </ClCompile>
    <ClCompile Include="D:\gtkmm\build\libjpeg-turbo-1.4.0\jdpostct.c">
      <Filter>Source Files</Filter>
    </ClCompile>
    <ClCompile Include="D:\gtkmm\build\libjpeg-turbo-1.4.0\jdsample.c">
      <Filter>Source Files</Filter>
    </ClCompile>
    <ClCompile Include="D:\gtkmm\build\libjpeg-turbo-1.4.0\jdtrans.c">
      <Filter>Source Files</Filter>
    </ClCompile>
    <ClCompile Include="D:\gtkmm\build\libjpeg-turbo-1.4.0\jerror.c">
      <Filter>Source Files</Filter>
    </ClCompile>
    <ClCompile Include="D:\gtkmm\build\libjpeg-turbo-1.4.0\jfdctflt.c">
      <Filter>Source Files</Filter>
    </ClCompile>
    <ClCompile Include="D:\gtkmm\build\libjpeg-turbo-1.4.0\jfdctfst.c">
      <Filter>Source Files</Filter>
    </ClCompile>
    <ClCompile Include="D:\gtkmm\build\libjpeg-turbo-1.4.0\jfdctint.c">
      <Filter>Source Files</Filter>
    </ClCompile>
    <ClCompile Include="D:\gtkmm\build\libjpeg-turbo-1.4.0\jidctflt.c">
      <Filter>Source Files</Filter>
    </ClCompile>
    <ClCompile Include="D:\gtkmm\build\libjpeg-turbo-1.4.0\jidctfst.c">
      <Filter>Source Files</Filter>
    </ClCompile>
    <ClCompile Include="D:\gtkmm\build\libjpeg-turbo-1.4.0\jidctint.c">
      <Filter>Source Files</Filter>
    </ClCompile>
    <ClCompile Include="D:\gtkmm\build\libjpeg-turbo-1.4.0\jidctred.c">
      <Filter>Source Files</Filter>
    </ClCompile>
    <ClCompile Include="D:\gtkmm\build\libjpeg-turbo-1.4.0\jquant1.c">
      <Filter>Source Files</Filter>
    </ClCompile>
    <ClCompile Include="D:\gtkmm\build\libjpeg-turbo-1.4.0\jquant2.c">
      <Filter>Source Files</Filter>
    </ClCompile>
    <ClCompile Include="D:\gtkmm\build\libjpeg-turbo-1.4.0\jutils.c">
      <Filter>Source Files</Filter>
    </ClCompile>
    <ClCompile Include="D:\gtkmm\build\libjpeg-turbo-1.4.0\jmemmgr.c">
      <Filter>Source Files</Filter>
    </ClCompile>
    <ClCompile Include="D:\gtkmm\build\libjpeg-turbo-1.4.0\jmemnobs.c">
      <Filter>Source Files</Filter>
    </ClCompile>
    <ClCompile Include="D:\gtkmm\build\libjpeg-turbo-1.4.0\jaricom.c">
      <Filter>Source Files</Filter>
    </ClCompile>
    <ClCompile Include="D:\gtkmm\build\libjpeg-turbo-1.4.0\jcarith.c">
      <Filter>Source Files</Filter>
    </ClCompile>
    <ClCompile Include="D:\gtkmm\build\libjpeg-turbo-1.4.0\jdarith.c">
      <Filter>Source Files</Filter>
    </ClCompile>
    <ClCompile Include="D:\gtkmm\build\libjpeg-turbo-1.4.0\simd\jsimd_i386.c">
      <Filter>Source Files</Filter>
    </ClCompile>
  </ItemGroup>
  <ItemGroup>
    <CustomBuild Include="D:\gtkmm\build\libjpeg-turbo-1.4.0\CMakeLists.txt" />
  </ItemGroup>
  <ItemGroup>
    <Object Include="D:\gtkmm\build\libjpeg-turbo-1.4.0\msvc-120\simd\$(Configuration)\jsimdcpu.obj">
      <Filter>Object Files</Filter>
    </Object>
    <Object Include="D:\gtkmm\build\libjpeg-turbo-1.4.0\msvc-120\simd\$(Configuration)\jfdctflt-3dn.obj">
      <Filter>Object Files</Filter>
    </Object>
    <Object Include="D:\gtkmm\build\libjpeg-turbo-1.4.0\msvc-120\simd\$(Configuration)\jidctflt-3dn.obj">
      <Filter>Object Files</Filter>
    </Object>
    <Object Include="D:\gtkmm\build\libjpeg-turbo-1.4.0\msvc-120\simd\$(Configuration)\jquant-3dn.obj">
      <Filter>Object Files</Filter>
    </Object>
    <Object Include="D:\gtkmm\build\libjpeg-turbo-1.4.0\msvc-120\simd\$(Configuration)\jccolor-mmx.obj">
      <Filter>Object Files</Filter>
    </Object>
    <Object Include="D:\gtkmm\build\libjpeg-turbo-1.4.0\msvc-120\simd\$(Configuration)\jcgray-mmx.obj">
      <Filter>Object Files</Filter>
    </Object>
    <Object Include="D:\gtkmm\build\libjpeg-turbo-1.4.0\msvc-120\simd\$(Configuration)\jcsample-mmx.obj">
      <Filter>Object Files</Filter>
    </Object>
    <Object Include="D:\gtkmm\build\libjpeg-turbo-1.4.0\msvc-120\simd\$(Configuration)\jdcolor-mmx.obj">
      <Filter>Object Files</Filter>
    </Object>
    <Object Include="D:\gtkmm\build\libjpeg-turbo-1.4.0\msvc-120\simd\$(Configuration)\jdmerge-mmx.obj">
      <Filter>Object Files</Filter>
    </Object>
    <Object Include="D:\gtkmm\build\libjpeg-turbo-1.4.0\msvc-120\simd\$(Configuration)\jdsample-mmx.obj">
      <Filter>Object Files</Filter>
    </Object>
    <Object Include="D:\gtkmm\build\libjpeg-turbo-1.4.0\msvc-120\simd\$(Configuration)\jfdctfst-mmx.obj">
      <Filter>Object Files</Filter>
    </Object>
    <Object Include="D:\gtkmm\build\libjpeg-turbo-1.4.0\msvc-120\simd\$(Configuration)\jfdctint-mmx.obj">
      <Filter>Object Files</Filter>
    </Object>
    <Object Include="D:\gtkmm\build\libjpeg-turbo-1.4.0\msvc-120\simd\$(Configuration)\jidctfst-mmx.obj">
      <Filter>Object Files</Filter>
    </Object>
    <Object Include="D:\gtkmm\build\libjpeg-turbo-1.4.0\msvc-120\simd\$(Configuration)\jidctint-mmx.obj">
      <Filter>Object Files</Filter>
    </Object>
    <Object Include="D:\gtkmm\build\libjpeg-turbo-1.4.0\msvc-120\simd\$(Configuration)\jidctred-mmx.obj">
      <Filter>Object Files</Filter>
    </Object>
    <Object Include="D:\gtkmm\build\libjpeg-turbo-1.4.0\msvc-120\simd\$(Configuration)\jquant-mmx.obj">
      <Filter>Object Files</Filter>
    </Object>
    <Object Include="D:\gtkmm\build\libjpeg-turbo-1.4.0\msvc-120\simd\$(Configuration)\jfdctflt-sse.obj">
      <Filter>Object Files</Filter>
    </Object>
    <Object Include="D:\gtkmm\build\libjpeg-turbo-1.4.0\msvc-120\simd\$(Configuration)\jidctflt-sse.obj">
      <Filter>Object Files</Filter>
    </Object>
    <Object Include="D:\gtkmm\build\libjpeg-turbo-1.4.0\msvc-120\simd\$(Configuration)\jquant-sse.obj">
      <Filter>Object Files</Filter>
    </Object>
    <Object Include="D:\gtkmm\build\libjpeg-turbo-1.4.0\msvc-120\simd\$(Configuration)\jccolor-sse2.obj">
      <Filter>Object Files</Filter>
    </Object>
    <Object Include="D:\gtkmm\build\libjpeg-turbo-1.4.0\msvc-120\simd\$(Configuration)\jcgray-sse2.obj">
      <Filter>Object Files</Filter>
    </Object>
    <Object Include="D:\gtkmm\build\libjpeg-turbo-1.4.0\msvc-120\simd\$(Configuration)\jcsample-sse2.obj">
      <Filter>Object Files</Filter>
    </Object>
    <Object Include="D:\gtkmm\build\libjpeg-turbo-1.4.0\msvc-120\simd\$(Configuration)\jdcolor-sse2.obj">
      <Filter>Object Files</Filter>
    </Object>
    <Object Include="D:\gtkmm\build\libjpeg-turbo-1.4.0\msvc-120\simd\$(Configuration)\jdmerge-sse2.obj">
      <Filter>Object Files</Filter>
    </Object>
    <Object Include="D:\gtkmm\build\libjpeg-turbo-1.4.0\msvc-120\simd\$(Configuration)\jdsample-sse2.obj">
      <Filter>Object Files</Filter>
    </Object>
    <Object Include="D:\gtkmm\build\libjpeg-turbo-1.4.0\msvc-120\simd\$(Configuration)\jfdctfst-sse2.obj">
      <Filter>Object Files</Filter>
    </Object>
    <Object Include="D:\gtkmm\build\libjpeg-turbo-1.4.0\msvc-120\simd\$(Configuration)\jfdctint-sse2.obj">
      <Filter>Object Files</Filter>
    </Object>
    <Object Include="D:\gtkmm\build\libjpeg-turbo-1.4.0\msvc-120\simd\$(Configuration)\jidctflt-sse2.obj">
      <Filter>Object Files</Filter>
    </Object>
    <Object Include="D:\gtkmm\build\libjpeg-turbo-1.4.0\msvc-120\simd\$(Configuration)\jidctfst-sse2.obj">
      <Filter>Object Files</Filter>
    </Object>
    <Object Include="D:\gtkmm\build\libjpeg-turbo-1.4.0\msvc-120\simd\$(Configuration)\jidctint-sse2.obj">
      <Filter>Object Files</Filter>
    </Object>
    <Object Include="D:\gtkmm\build\libjpeg-turbo-1.4.0\msvc-120\simd\$(Configuration)\jidctred-sse2.obj">
      <Filter>Object Files</Filter>
    </Object>
    <Object Include="D:\gtkmm\build\libjpeg-turbo-1.4.0\msvc-120\simd\$(Configuration)\jquantf-sse2.obj">
      <Filter>Object Files</Filter>
    </Object>
    <Object Include="D:\gtkmm\build\libjpeg-turbo-1.4.0\msvc-120\simd\$(Configuration)\jquanti-sse2.obj">
      <Filter>Object Files</Filter>
    </Object>
  </ItemGroup>
  <ItemGroup>
    <Filter Include="Source Files">
      <UniqueIdentifier>{9479DCA8-89A4-4A8E-A7F6-24E6EB15340F}</UniqueIdentifier>
    </Filter>
    <Filter Include="Object Files">
      <UniqueIdentifier>{7D560AC2-F7FA-4559-8C37-6938B9C30C3A}</UniqueIdentifier>
    </Filter>
  </ItemGroup>
</Project>
