Microsoft Visual Studio Solution File, Format Version 12.00
# Visual Studio 2013
VisualStudioVersion = 12.0.31101.0
MinimumVisualStudioVersion = 10.0.40219.1
Project("{8BC9CEB8-8B4A-11D0-8D11-00A0C91BC942}") = "ALL_BUILD", "ALL_BUILD.vcxproj", "{2C92E263-DAD2-498F-AE28-6A28710017A9}"
	ProjectSection(ProjectDependencies) = postProject
		{D0FA0617-BECC-4F0E-B791-A1F8D40E7D90} = {D0FA0617-BECC-4F0E-B791-A1F8D40E7D90}
		{C743E1CC-CFBD-481A-85BD-944E0FC763BF} = {C743E1CC-CFBD-481A-85BD-944E0FC763BF}
		{0EC32B85-CAE7-4FE4-A024-675A41A6FB05} = {0EC32B85-CAE7-4FE4-A024-675A41A6FB05}
		{F9813A76-59D3-423F-8F05-0B24479C567E} = {F9813A76-59D3-423F-8F05-0B24479C567E}
		{8B88F8D2-C567-4127-B87A-00127998FE17} = {8B88F8D2-C567-4127-B87A-00127998FE17}
		{4722790B-CA3E-4DE9-9FA8-F0CA86DCCBDB} = {4722790B-CA3E-4DE9-9FA8-F0CA86DCCBDB}
		{AA74712E-215C-445E-A9C9-678FDF19BEAE} = {AA74712E-215C-445E-A9C9-678FDF19BEAE}
		{DBE10310-A218-4F31-A4A5-23F042B88737} = {DBE10310-A218-4F31-A4A5-23F042B88737}
		{FF5ECB08-6423-4E3B-A9F6-21A5AF1D0878} = {FF5ECB08-6423-4E3B-A9F6-21A5AF1D0878}
		{540284BE-277E-4E57-9DE5-7F90F5D155E8} = {540284BE-277E-4E57-9DE5-7F90F5D155E8}
		{035166A1-11C2-434C-A01E-AF20163C8C6C} = {035166A1-11C2-434C-A01E-AF20163C8C6C}
		{E59AB009-890C-4273-A707-CB1B3238E77E} = {E59AB009-890C-4273-A707-CB1B3238E77E}
		{2E2336CB-42F2-42F1-A7E7-643FD75F1B4A} = {2E2336CB-42F2-42F1-A7E7-643FD75F1B4A}
		{9968AC8E-DFD4-434A-8965-D1A1A9E3E35E} = {9968AC8E-DFD4-434A-8965-D1A1A9E3E35E}
		{BA477E53-F149-47F4-8435-ACDCB54AEE2A} = {BA477E53-F149-47F4-8435-ACDCB54AEE2A}
		{08F72A78-6E9C-4589-AF60-F32F86EAB35C} = {08F72A78-6E9C-4589-AF60-F32F86EAB35C}
		{6611BCA7-7B9A-4501-8F7D-089EA20A0AB9} = {6611BCA7-7B9A-4501-8F7D-089EA20A0AB9}
		{56371A5F-0C75-4F47-8086-64A03E6C1B77} = {56371A5F-0C75-4F47-8086-64A03E6C1B77}
	EndProjectSection
EndProject
Project("{8BC9CEB8-8B4A-11D0-8D11-00A0C91BC942}") = "INSTALL", "INSTALL.vcxproj", "{0CF3E32F-FFED-48A8-B861-2965A859126E}"
	ProjectSection(ProjectDependencies) = postProject
		{2C92E263-DAD2-498F-AE28-6A28710017A9} = {2C92E263-DAD2-498F-AE28-6A28710017A9}
	EndProjectSection
EndProject
Project("{8BC9CEB8-8B4A-11D0-8D11-00A0C91BC942}") = "RUN_TESTS", "RUN_TESTS.vcxproj", "{B7EF2681-0B44-469B-ABCC-03338947CA6F}"
EndProject
Project("{8BC9CEB8-8B4A-11D0-8D11-00A0C91BC942}") = "ZERO_CHECK", "ZERO_CHECK.vcxproj", "{D0FA0617-BECC-4F0E-B791-A1F8D40E7D90}"
EndProject
Project("{8BC9CEB8-8B4A-11D0-8D11-00A0C91BC942}") = "cjpeg", "sharedlib\cjpeg.vcxproj", "{C743E1CC-CFBD-481A-85BD-944E0FC763BF}"
	ProjectSection(ProjectDependencies) = postProject
		{D0FA0617-BECC-4F0E-B791-A1F8D40E7D90} = {D0FA0617-BECC-4F0E-B791-A1F8D40E7D90}
		{AA74712E-215C-445E-A9C9-678FDF19BEAE} = {AA74712E-215C-445E-A9C9-678FDF19BEAE}
	EndProjectSection
EndProject
Project("{8BC9CEB8-8B4A-11D0-8D11-00A0C91BC942}") = "cjpeg-static", "cjpeg-static.vcxproj", "{0EC32B85-CAE7-4FE4-A024-675A41A6FB05}"
	ProjectSection(ProjectDependencies) = postProject
		{D0FA0617-BECC-4F0E-B791-A1F8D40E7D90} = {D0FA0617-BECC-4F0E-B791-A1F8D40E7D90}
		{DBE10310-A218-4F31-A4A5-23F042B88737} = {DBE10310-A218-4F31-A4A5-23F042B88737}
	EndProjectSection
EndProject
Project("{8BC9CEB8-8B4A-11D0-8D11-00A0C91BC942}") = "djpeg", "sharedlib\djpeg.vcxproj", "{F9813A76-59D3-423F-8F05-0B24479C567E}"
	ProjectSection(ProjectDependencies) = postProject
		{D0FA0617-BECC-4F0E-B791-A1F8D40E7D90} = {D0FA0617-BECC-4F0E-B791-A1F8D40E7D90}
		{AA74712E-215C-445E-A9C9-678FDF19BEAE} = {AA74712E-215C-445E-A9C9-678FDF19BEAE}
	EndProjectSection
EndProject
Project("{8BC9CEB8-8B4A-11D0-8D11-00A0C91BC942}") = "djpeg-static", "djpeg-static.vcxproj", "{8B88F8D2-C567-4127-B87A-00127998FE17}"
	ProjectSection(ProjectDependencies) = postProject
		{D0FA0617-BECC-4F0E-B791-A1F8D40E7D90} = {D0FA0617-BECC-4F0E-B791-A1F8D40E7D90}
		{DBE10310-A218-4F31-A4A5-23F042B88737} = {DBE10310-A218-4F31-A4A5-23F042B88737}
	EndProjectSection
EndProject
Project("{8BC9CEB8-8B4A-11D0-8D11-00A0C91BC942}") = "installer", "installer.vcxproj", "{0944E0AF-41AC-4775-A4ED-85C77C962900}"
	ProjectSection(ProjectDependencies) = postProject
		{D0FA0617-BECC-4F0E-B791-A1F8D40E7D90} = {D0FA0617-BECC-4F0E-B791-A1F8D40E7D90}
		{C743E1CC-CFBD-481A-85BD-944E0FC763BF} = {C743E1CC-CFBD-481A-85BD-944E0FC763BF}
		{F9813A76-59D3-423F-8F05-0B24479C567E} = {F9813A76-59D3-423F-8F05-0B24479C567E}
		{AA74712E-215C-445E-A9C9-678FDF19BEAE} = {AA74712E-215C-445E-A9C9-678FDF19BEAE}
		{DBE10310-A218-4F31-A4A5-23F042B88737} = {DBE10310-A218-4F31-A4A5-23F042B88737}
		{FF5ECB08-6423-4E3B-A9F6-21A5AF1D0878} = {FF5ECB08-6423-4E3B-A9F6-21A5AF1D0878}
		{035166A1-11C2-434C-A01E-AF20163C8C6C} = {035166A1-11C2-434C-A01E-AF20163C8C6C}
		{E59AB009-890C-4273-A707-CB1B3238E77E} = {E59AB009-890C-4273-A707-CB1B3238E77E}
		{08F72A78-6E9C-4589-AF60-F32F86EAB35C} = {08F72A78-6E9C-4589-AF60-F32F86EAB35C}
		{6611BCA7-7B9A-4501-8F7D-089EA20A0AB9} = {6611BCA7-7B9A-4501-8F7D-089EA20A0AB9}
		{56371A5F-0C75-4F47-8086-64A03E6C1B77} = {56371A5F-0C75-4F47-8086-64A03E6C1B77}
	EndProjectSection
EndProject
Project("{8BC9CEB8-8B4A-11D0-8D11-00A0C91BC942}") = "jcstest", "sharedlib\jcstest.vcxproj", "{4722790B-CA3E-4DE9-9FA8-F0CA86DCCBDB}"
	ProjectSection(ProjectDependencies) = postProject
		{D0FA0617-BECC-4F0E-B791-A1F8D40E7D90} = {D0FA0617-BECC-4F0E-B791-A1F8D40E7D90}
		{AA74712E-215C-445E-A9C9-678FDF19BEAE} = {AA74712E-215C-445E-A9C9-678FDF19BEAE}
	EndProjectSection
EndProject
Project("{8BC9CEB8-8B4A-11D0-8D11-00A0C91BC942}") = "jpeg", "sharedlib\jpeg.vcxproj", "{AA74712E-215C-445E-A9C9-678FDF19BEAE}"
	ProjectSection(ProjectDependencies) = postProject
		{D0FA0617-BECC-4F0E-B791-A1F8D40E7D90} = {D0FA0617-BECC-4F0E-B791-A1F8D40E7D90}
		{9B4E7B46-EE8E-413A-AC32-767105B5107E} = {9B4E7B46-EE8E-413A-AC32-767105B5107E}
	EndProjectSection
EndProject
Project("{8BC9CEB8-8B4A-11D0-8D11-00A0C91BC942}") = "jpeg-static", "jpeg-static.vcxproj", "{DBE10310-A218-4F31-A4A5-23F042B88737}"
	ProjectSection(ProjectDependencies) = postProject
		{D0FA0617-BECC-4F0E-B791-A1F8D40E7D90} = {D0FA0617-BECC-4F0E-B791-A1F8D40E7D90}
		{9B4E7B46-EE8E-413A-AC32-767105B5107E} = {9B4E7B46-EE8E-413A-AC32-767105B5107E}
	EndProjectSection
EndProject
Project("{8BC9CEB8-8B4A-11D0-8D11-00A0C91BC942}") = "jpegtran", "sharedlib\jpegtran.vcxproj", "{FF5ECB08-6423-4E3B-A9F6-21A5AF1D0878}"
	ProjectSection(ProjectDependencies) = postProject
		{D0FA0617-BECC-4F0E-B791-A1F8D40E7D90} = {D0FA0617-BECC-4F0E-B791-A1F8D40E7D90}
		{AA74712E-215C-445E-A9C9-678FDF19BEAE} = {AA74712E-215C-445E-A9C9-678FDF19BEAE}
	EndProjectSection
EndProject
Project("{8BC9CEB8-8B4A-11D0-8D11-00A0C91BC942}") = "jpegtran-static", "jpegtran-static.vcxproj", "{540284BE-277E-4E57-9DE5-7F90F5D155E8}"
	ProjectSection(ProjectDependencies) = postProject
		{D0FA0617-BECC-4F0E-B791-A1F8D40E7D90} = {D0FA0617-BECC-4F0E-B791-A1F8D40E7D90}
		{DBE10310-A218-4F31-A4A5-23F042B88737} = {DBE10310-A218-4F31-A4A5-23F042B88737}
	EndProjectSection
EndProject
Project("{8BC9CEB8-8B4A-11D0-8D11-00A0C91BC942}") = "rdjpgcom", "rdjpgcom.vcxproj", "{035166A1-11C2-434C-A01E-AF20163C8C6C}"
	ProjectSection(ProjectDependencies) = postProject
		{D0FA0617-BECC-4F0E-B791-A1F8D40E7D90} = {D0FA0617-BECC-4F0E-B791-A1F8D40E7D90}
	EndProjectSection
EndProject
Project("{8BC9CEB8-8B4A-11D0-8D11-00A0C91BC942}") = "simd", "simd\simd.vcxproj", "{9B4E7B46-EE8E-413A-AC32-767105B5107E}"
	ProjectSection(ProjectDependencies) = postProject
		{D0FA0617-BECC-4F0E-B791-A1F8D40E7D90} = {D0FA0617-BECC-4F0E-B791-A1F8D40E7D90}
	EndProjectSection
EndProject
Project("{8BC9CEB8-8B4A-11D0-8D11-00A0C91BC942}") = "testclean", "testclean.vcxproj", "{0B1A62B1-8301-492F-B976-758BCE597FEB}"
	ProjectSection(ProjectDependencies) = postProject
		{D0FA0617-BECC-4F0E-B791-A1F8D40E7D90} = {D0FA0617-BECC-4F0E-B791-A1F8D40E7D90}
	EndProjectSection
EndProject
Project("{8BC9CEB8-8B4A-11D0-8D11-00A0C91BC942}") = "tjbench", "tjbench.vcxproj", "{E59AB009-890C-4273-A707-CB1B3238E77E}"
	ProjectSection(ProjectDependencies) = postProject
		{D0FA0617-BECC-4F0E-B791-A1F8D40E7D90} = {D0FA0617-BECC-4F0E-B791-A1F8D40E7D90}
		{DBE10310-A218-4F31-A4A5-23F042B88737} = {DBE10310-A218-4F31-A4A5-23F042B88737}
		{08F72A78-6E9C-4589-AF60-F32F86EAB35C} = {08F72A78-6E9C-4589-AF60-F32F86EAB35C}
	EndProjectSection
EndProject
Project("{8BC9CEB8-8B4A-11D0-8D11-00A0C91BC942}") = "tjbench-static", "tjbench-static.vcxproj", "{2E2336CB-42F2-42F1-A7E7-643FD75F1B4A}"
	ProjectSection(ProjectDependencies) = postProject
		{D0FA0617-BECC-4F0E-B791-A1F8D40E7D90} = {D0FA0617-BECC-4F0E-B791-A1F8D40E7D90}
		{DBE10310-A218-4F31-A4A5-23F042B88737} = {DBE10310-A218-4F31-A4A5-23F042B88737}
		{6611BCA7-7B9A-4501-8F7D-089EA20A0AB9} = {6611BCA7-7B9A-4501-8F7D-089EA20A0AB9}
	EndProjectSection
EndProject
Project("{8BC9CEB8-8B4A-11D0-8D11-00A0C91BC942}") = "tjunittest", "tjunittest.vcxproj", "{9968AC8E-DFD4-434A-8965-D1A1A9E3E35E}"
	ProjectSection(ProjectDependencies) = postProject
		{D0FA0617-BECC-4F0E-B791-A1F8D40E7D90} = {D0FA0617-BECC-4F0E-B791-A1F8D40E7D90}
		{08F72A78-6E9C-4589-AF60-F32F86EAB35C} = {08F72A78-6E9C-4589-AF60-F32F86EAB35C}
	EndProjectSection
EndProject
Project("{8BC9CEB8-8B4A-11D0-8D11-00A0C91BC942}") = "tjunittest-static", "tjunittest-static.vcxproj", "{BA477E53-F149-47F4-8435-ACDCB54AEE2A}"
	ProjectSection(ProjectDependencies) = postProject
		{D0FA0617-BECC-4F0E-B791-A1F8D40E7D90} = {D0FA0617-BECC-4F0E-B791-A1F8D40E7D90}
		{6611BCA7-7B9A-4501-8F7D-089EA20A0AB9} = {6611BCA7-7B9A-4501-8F7D-089EA20A0AB9}
	EndProjectSection
EndProject
Project("{8BC9CEB8-8B4A-11D0-8D11-00A0C91BC942}") = "turbojpeg", "turbojpeg.vcxproj", "{08F72A78-6E9C-4589-AF60-F32F86EAB35C}"
	ProjectSection(ProjectDependencies) = postProject
		{D0FA0617-BECC-4F0E-B791-A1F8D40E7D90} = {D0FA0617-BECC-4F0E-B791-A1F8D40E7D90}
		{DBE10310-A218-4F31-A4A5-23F042B88737} = {DBE10310-A218-4F31-A4A5-23F042B88737}
	EndProjectSection
EndProject
Project("{8BC9CEB8-8B4A-11D0-8D11-00A0C91BC942}") = "turbojpeg-static", "turbojpeg-static.vcxproj", "{6611BCA7-7B9A-4501-8F7D-089EA20A0AB9}"
	ProjectSection(ProjectDependencies) = postProject
		{D0FA0617-BECC-4F0E-B791-A1F8D40E7D90} = {D0FA0617-BECC-4F0E-B791-A1F8D40E7D90}
		{9B4E7B46-EE8E-413A-AC32-767105B5107E} = {9B4E7B46-EE8E-413A-AC32-767105B5107E}
	EndProjectSection
EndProject
Project("{8BC9CEB8-8B4A-11D0-8D11-00A0C91BC942}") = "wrjpgcom", "wrjpgcom.vcxproj", "{56371A5F-0C75-4F47-8086-64A03E6C1B77}"
	ProjectSection(ProjectDependencies) = postProject
		{D0FA0617-BECC-4F0E-B791-A1F8D40E7D90} = {D0FA0617-BECC-4F0E-B791-A1F8D40E7D90}
	EndProjectSection
EndProject
Global
	GlobalSection(SolutionConfigurationPlatforms) = preSolution
		Debug|Win32 = Debug|Win32
		MinSizeRel|Win32 = MinSizeRel|Win32
		Release|Win32 = Release|Win32
		RelWithDebInfo|Win32 = RelWithDebInfo|Win32
	EndGlobalSection
	GlobalSection(ProjectConfigurationPlatforms) = postSolution
		{2C92E263-DAD2-498F-AE28-6A28710017A9}.Debug|Win32.ActiveCfg = Debug|Win32
		{2C92E263-DAD2-498F-AE28-6A28710017A9}.MinSizeRel|Win32.ActiveCfg = MinSizeRel|Win32
		{2C92E263-DAD2-498F-AE28-6A28710017A9}.Release|Win32.ActiveCfg = Release|Win32
		{2C92E263-DAD2-498F-AE28-6A28710017A9}.RelWithDebInfo|Win32.ActiveCfg = RelWithDebInfo|Win32
		{0CF3E32F-FFED-48A8-B861-2965A859126E}.Debug|Win32.ActiveCfg = Debug|Win32
		{0CF3E32F-FFED-48A8-B861-2965A859126E}.MinSizeRel|Win32.ActiveCfg = MinSizeRel|Win32
		{0CF3E32F-FFED-48A8-B861-2965A859126E}.Release|Win32.ActiveCfg = Release|Win32
		{0CF3E32F-FFED-48A8-B861-2965A859126E}.RelWithDebInfo|Win32.ActiveCfg = RelWithDebInfo|Win32
		{B7EF2681-0B44-469B-ABCC-03338947CA6F}.Debug|Win32.ActiveCfg = Debug|Win32
		{B7EF2681-0B44-469B-ABCC-03338947CA6F}.MinSizeRel|Win32.ActiveCfg = MinSizeRel|Win32
		{B7EF2681-0B44-469B-ABCC-03338947CA6F}.Release|Win32.ActiveCfg = Release|Win32
		{B7EF2681-0B44-469B-ABCC-03338947CA6F}.RelWithDebInfo|Win32.ActiveCfg = RelWithDebInfo|Win32
		{D0FA0617-BECC-4F0E-B791-A1F8D40E7D90}.Debug|Win32.ActiveCfg = Debug|Win32
		{D0FA0617-BECC-4F0E-B791-A1F8D40E7D90}.Debug|Win32.Build.0 = Debug|Win32
		{D0FA0617-BECC-4F0E-B791-A1F8D40E7D90}.MinSizeRel|Win32.ActiveCfg = MinSizeRel|Win32
		{D0FA0617-BECC-4F0E-B791-A1F8D40E7D90}.Release|Win32.ActiveCfg = Release|Win32
		{D0FA0617-BECC-4F0E-B791-A1F8D40E7D90}.Release|Win32.Build.0 = Release|Win32
		{D0FA0617-BECC-4F0E-B791-A1F8D40E7D90}.RelWithDebInfo|Win32.ActiveCfg = RelWithDebInfo|Win32
		{C743E1CC-CFBD-481A-85BD-944E0FC763BF}.Debug|Win32.ActiveCfg = Debug|Win32
		{C743E1CC-CFBD-481A-85BD-944E0FC763BF}.MinSizeRel|Win32.ActiveCfg = MinSizeRel|Win32
		{C743E1CC-CFBD-481A-85BD-944E0FC763BF}.Release|Win32.ActiveCfg = Release|Win32
		{C743E1CC-CFBD-481A-85BD-944E0FC763BF}.RelWithDebInfo|Win32.ActiveCfg = RelWithDebInfo|Win32
		{0EC32B85-CAE7-4FE4-A024-675A41A6FB05}.Debug|Win32.ActiveCfg = Debug|Win32
		{0EC32B85-CAE7-4FE4-A024-675A41A6FB05}.MinSizeRel|Win32.ActiveCfg = MinSizeRel|Win32
		{0EC32B85-CAE7-4FE4-A024-675A41A6FB05}.Release|Win32.ActiveCfg = Release|Win32
		{0EC32B85-CAE7-4FE4-A024-675A41A6FB05}.RelWithDebInfo|Win32.ActiveCfg = RelWithDebInfo|Win32
		{F9813A76-59D3-423F-8F05-0B24479C567E}.Debug|Win32.ActiveCfg = Debug|Win32
		{F9813A76-59D3-423F-8F05-0B24479C567E}.MinSizeRel|Win32.ActiveCfg = MinSizeRel|Win32
		{F9813A76-59D3-423F-8F05-0B24479C567E}.Release|Win32.ActiveCfg = Release|Win32
		{F9813A76-59D3-423F-8F05-0B24479C567E}.RelWithDebInfo|Win32.ActiveCfg = RelWithDebInfo|Win32
		{8B88F8D2-C567-4127-B87A-00127998FE17}.Debug|Win32.ActiveCfg = Debug|Win32
		{8B88F8D2-C567-4127-B87A-00127998FE17}.MinSizeRel|Win32.ActiveCfg = MinSizeRel|Win32
		{8B88F8D2-C567-4127-B87A-00127998FE17}.Release|Win32.ActiveCfg = Release|Win32
		{8B88F8D2-C567-4127-B87A-00127998FE17}.RelWithDebInfo|Win32.ActiveCfg = RelWithDebInfo|Win32
		{0944E0AF-41AC-4775-A4ED-85C77C962900}.Debug|Win32.ActiveCfg = Debug|Win32
		{0944E0AF-41AC-4775-A4ED-85C77C962900}.MinSizeRel|Win32.ActiveCfg = MinSizeRel|Win32
		{0944E0AF-41AC-4775-A4ED-85C77C962900}.Release|Win32.ActiveCfg = Release|Win32
		{0944E0AF-41AC-4775-A4ED-85C77C962900}.RelWithDebInfo|Win32.ActiveCfg = RelWithDebInfo|Win32
		{4722790B-CA3E-4DE9-9FA8-F0CA86DCCBDB}.Debug|Win32.ActiveCfg = Debug|Win32
		{4722790B-CA3E-4DE9-9FA8-F0CA86DCCBDB}.MinSizeRel|Win32.ActiveCfg = MinSizeRel|Win32
		{4722790B-CA3E-4DE9-9FA8-F0CA86DCCBDB}.Release|Win32.ActiveCfg = Release|Win32
		{4722790B-CA3E-4DE9-9FA8-F0CA86DCCBDB}.RelWithDebInfo|Win32.ActiveCfg = RelWithDebInfo|Win32
		{AA74712E-215C-445E-A9C9-678FDF19BEAE}.Debug|Win32.ActiveCfg = Debug|Win32
		{AA74712E-215C-445E-A9C9-678FDF19BEAE}.Debug|Win32.Build.0 = Debug|Win32
		{AA74712E-215C-445E-A9C9-678FDF19BEAE}.MinSizeRel|Win32.ActiveCfg = MinSizeRel|Win32
		{AA74712E-215C-445E-A9C9-678FDF19BEAE}.Release|Win32.ActiveCfg = Release|Win32
		{AA74712E-215C-445E-A9C9-678FDF19BEAE}.Release|Win32.Build.0 = Release|Win32
		{AA74712E-215C-445E-A9C9-678FDF19BEAE}.RelWithDebInfo|Win32.ActiveCfg = RelWithDebInfo|Win32
		{DBE10310-A218-4F31-A4A5-23F042B88737}.Debug|Win32.ActiveCfg = Debug|Win32
		{DBE10310-A218-4F31-A4A5-23F042B88737}.Debug|Win32.Build.0 = Debug|Win32
		{DBE10310-A218-4F31-A4A5-23F042B88737}.MinSizeRel|Win32.ActiveCfg = MinSizeRel|Win32
		{DBE10310-A218-4F31-A4A5-23F042B88737}.Release|Win32.ActiveCfg = Release|Win32
		{DBE10310-A218-4F31-A4A5-23F042B88737}.Release|Win32.Build.0 = Release|Win32
		{DBE10310-A218-4F31-A4A5-23F042B88737}.RelWithDebInfo|Win32.ActiveCfg = RelWithDebInfo|Win32
		{FF5ECB08-6423-4E3B-A9F6-21A5AF1D0878}.Debug|Win32.ActiveCfg = Debug|Win32
		{FF5ECB08-6423-4E3B-A9F6-21A5AF1D0878}.Debug|Win32.Build.0 = Debug|Win32
		{FF5ECB08-6423-4E3B-A9F6-21A5AF1D0878}.MinSizeRel|Win32.ActiveCfg = MinSizeRel|Win32
		{FF5ECB08-6423-4E3B-A9F6-21A5AF1D0878}.Release|Win32.ActiveCfg = Release|Win32
		{FF5ECB08-6423-4E3B-A9F6-21A5AF1D0878}.Release|Win32.Build.0 = Release|Win32
		{FF5ECB08-6423-4E3B-A9F6-21A5AF1D0878}.RelWithDebInfo|Win32.ActiveCfg = RelWithDebInfo|Win32
		{540284BE-277E-4E57-9DE5-7F90F5D155E8}.Debug|Win32.ActiveCfg = Debug|Win32
		{540284BE-277E-4E57-9DE5-7F90F5D155E8}.Debug|Win32.Build.0 = Debug|Win32
		{540284BE-277E-4E57-9DE5-7F90F5D155E8}.MinSizeRel|Win32.ActiveCfg = MinSizeRel|Win32
		{540284BE-277E-4E57-9DE5-7F90F5D155E8}.Release|Win32.ActiveCfg = Release|Win32
		{540284BE-277E-4E57-9DE5-7F90F5D155E8}.Release|Win32.Build.0 = Release|Win32
		{540284BE-277E-4E57-9DE5-7F90F5D155E8}.RelWithDebInfo|Win32.ActiveCfg = RelWithDebInfo|Win32
		{035166A1-11C2-434C-A01E-AF20163C8C6C}.Debug|Win32.ActiveCfg = Debug|Win32
		{035166A1-11C2-434C-A01E-AF20163C8C6C}.MinSizeRel|Win32.ActiveCfg = MinSizeRel|Win32
		{035166A1-11C2-434C-A01E-AF20163C8C6C}.Release|Win32.ActiveCfg = Release|Win32
		{035166A1-11C2-434C-A01E-AF20163C8C6C}.RelWithDebInfo|Win32.ActiveCfg = RelWithDebInfo|Win32
		{9B4E7B46-EE8E-413A-AC32-767105B5107E}.Debug|Win32.ActiveCfg = Debug|Win32
		{9B4E7B46-EE8E-413A-AC32-767105B5107E}.Debug|Win32.Build.0 = Debug|Win32
		{9B4E7B46-EE8E-413A-AC32-767105B5107E}.MinSizeRel|Win32.ActiveCfg = MinSizeRel|Win32
		{9B4E7B46-EE8E-413A-AC32-767105B5107E}.Release|Win32.ActiveCfg = Release|Win32
		{9B4E7B46-EE8E-413A-AC32-767105B5107E}.Release|Win32.Build.0 = Release|Win32
		{9B4E7B46-EE8E-413A-AC32-767105B5107E}.RelWithDebInfo|Win32.ActiveCfg = RelWithDebInfo|Win32
		{0B1A62B1-8301-492F-B976-758BCE597FEB}.Debug|Win32.ActiveCfg = Debug|Win32
		{0B1A62B1-8301-492F-B976-758BCE597FEB}.MinSizeRel|Win32.ActiveCfg = MinSizeRel|Win32
		{0B1A62B1-8301-492F-B976-758BCE597FEB}.Release|Win32.ActiveCfg = Release|Win32
		{0B1A62B1-8301-492F-B976-758BCE597FEB}.RelWithDebInfo|Win32.ActiveCfg = RelWithDebInfo|Win32
		{E59AB009-890C-4273-A707-CB1B3238E77E}.Debug|Win32.ActiveCfg = Debug|Win32
		{E59AB009-890C-4273-A707-CB1B3238E77E}.MinSizeRel|Win32.ActiveCfg = MinSizeRel|Win32
		{E59AB009-890C-4273-A707-CB1B3238E77E}.Release|Win32.ActiveCfg = Release|Win32
		{E59AB009-890C-4273-A707-CB1B3238E77E}.RelWithDebInfo|Win32.ActiveCfg = RelWithDebInfo|Win32
		{2E2336CB-42F2-42F1-A7E7-643FD75F1B4A}.Debug|Win32.ActiveCfg = Debug|Win32
		{2E2336CB-42F2-42F1-A7E7-643FD75F1B4A}.MinSizeRel|Win32.ActiveCfg = MinSizeRel|Win32
		{2E2336CB-42F2-42F1-A7E7-643FD75F1B4A}.Release|Win32.ActiveCfg = Release|Win32
		{2E2336CB-42F2-42F1-A7E7-643FD75F1B4A}.RelWithDebInfo|Win32.ActiveCfg = RelWithDebInfo|Win32
		{9968AC8E-DFD4-434A-8965-D1A1A9E3E35E}.Debug|Win32.ActiveCfg = Debug|Win32
		{9968AC8E-DFD4-434A-8965-D1A1A9E3E35E}.Debug|Win32.Build.0 = Debug|Win32
		{9968AC8E-DFD4-434A-8965-D1A1A9E3E35E}.MinSizeRel|Win32.ActiveCfg = MinSizeRel|Win32
		{9968AC8E-DFD4-434A-8965-D1A1A9E3E35E}.Release|Win32.ActiveCfg = Release|Win32
		{9968AC8E-DFD4-434A-8965-D1A1A9E3E35E}.Release|Win32.Build.0 = Release|Win32
		{9968AC8E-DFD4-434A-8965-D1A1A9E3E35E}.RelWithDebInfo|Win32.ActiveCfg = RelWithDebInfo|Win32
		{BA477E53-F149-47F4-8435-ACDCB54AEE2A}.Debug|Win32.ActiveCfg = Debug|Win32
		{BA477E53-F149-47F4-8435-ACDCB54AEE2A}.Debug|Win32.Build.0 = Debug|Win32
		{BA477E53-F149-47F4-8435-ACDCB54AEE2A}.MinSizeRel|Win32.ActiveCfg = MinSizeRel|Win32
		{BA477E53-F149-47F4-8435-ACDCB54AEE2A}.Release|Win32.ActiveCfg = Release|Win32
		{BA477E53-F149-47F4-8435-ACDCB54AEE2A}.Release|Win32.Build.0 = Release|Win32
		{BA477E53-F149-47F4-8435-ACDCB54AEE2A}.RelWithDebInfo|Win32.ActiveCfg = RelWithDebInfo|Win32
		{08F72A78-6E9C-4589-AF60-F32F86EAB35C}.Debug|Win32.ActiveCfg = Debug|Win32
		{08F72A78-6E9C-4589-AF60-F32F86EAB35C}.Debug|Win32.Build.0 = Debug|Win32
		{08F72A78-6E9C-4589-AF60-F32F86EAB35C}.MinSizeRel|Win32.ActiveCfg = MinSizeRel|Win32
		{08F72A78-6E9C-4589-AF60-F32F86EAB35C}.Release|Win32.ActiveCfg = Release|Win32
		{08F72A78-6E9C-4589-AF60-F32F86EAB35C}.Release|Win32.Build.0 = Release|Win32
		{08F72A78-6E9C-4589-AF60-F32F86EAB35C}.RelWithDebInfo|Win32.ActiveCfg = RelWithDebInfo|Win32
		{6611BCA7-7B9A-4501-8F7D-089EA20A0AB9}.Debug|Win32.ActiveCfg = Debug|Win32
		{6611BCA7-7B9A-4501-8F7D-089EA20A0AB9}.Debug|Win32.Build.0 = Debug|Win32
		{6611BCA7-7B9A-4501-8F7D-089EA20A0AB9}.MinSizeRel|Win32.ActiveCfg = MinSizeRel|Win32
		{6611BCA7-7B9A-4501-8F7D-089EA20A0AB9}.Release|Win32.ActiveCfg = Release|Win32
		{6611BCA7-7B9A-4501-8F7D-089EA20A0AB9}.Release|Win32.Build.0 = Release|Win32
		{6611BCA7-7B9A-4501-8F7D-089EA20A0AB9}.RelWithDebInfo|Win32.ActiveCfg = RelWithDebInfo|Win32
		{56371A5F-0C75-4F47-8086-64A03E6C1B77}.Debug|Win32.ActiveCfg = Debug|Win32
		{56371A5F-0C75-4F47-8086-64A03E6C1B77}.MinSizeRel|Win32.ActiveCfg = MinSizeRel|Win32
		{56371A5F-0C75-4F47-8086-64A03E6C1B77}.Release|Win32.ActiveCfg = Release|Win32
		{56371A5F-0C75-4F47-8086-64A03E6C1B77}.RelWithDebInfo|Win32.ActiveCfg = RelWithDebInfo|Win32
	EndGlobalSection
	GlobalSection(SolutionProperties) = preSolution
		HideSolutionNode = FALSE
	EndGlobalSection
EndGlobal
