<?xml version="1.0" encoding="Windows-1252"?>
<Project ToolsVersion="12.0" xmlns="http://schemas.microsoft.com/developer/msbuild/2003">
  <ItemGroup>
    <ClCompile Include="D:\gtkmm\build\libjpeg-turbo-1.4.0\turbojpeg.c">
      <Filter>Source Files</Filter>
    </ClCompile>
    <ClCompile Include="D:\gtkmm\build\libjpeg-turbo-1.4.0\transupp.c">
      <Filter>Source Files</Filter>
    </ClCompile>
    <ClCompile Include="D:\gtkmm\build\libjpeg-turbo-1.4.0\jdatadst-tj.c">
      <Filter>Source Files</Filter>
    </ClCompile>
    <ClCompile Include="D:\gtkmm\build\libjpeg-turbo-1.4.0\jdatasrc-tj.c">
      <Filter>Source Files</Filter>
    </ClCompile>
  </ItemGroup>
  <ItemGroup>
    <CustomBuild Include="D:\gtkmm\build\libjpeg-turbo-1.4.0\CMakeLists.txt" />
  </ItemGroup>
  <ItemGroup>
    <Filter Include="Source Files">
      <UniqueIdentifier>{9479DCA8-89A4-4A8E-A7F6-24E6EB15340F}</UniqueIdentifier>
    </Filter>
  </ItemGroup>
</Project>
