<?xml version="1.0" encoding="utf-8"?>
<Project ToolsVersion="4.0" xmlns="http://schemas.microsoft.com/developer/msbuild/2003">
  <ItemGroup>
    <ClCompile Include="..\..\gettext-runtime\intl\bindtextdom.c">
      <Filter>Sources</Filter>
    </ClCompile>
    <ClCompile Include="..\..\gettext-runtime\intl\dcgettext.c">
      <Filter>Sources</Filter>
    </ClCompile>
    <ClCompile Include="..\..\gettext-runtime\intl\dcigettext.c">
      <Filter>Sources</Filter>
    </ClCompile>
    <ClCompile Include="..\..\gettext-runtime\intl\dcngettext.c">
      <Filter>Sources</Filter>
    </ClCompile>
    <ClCompile Include="..\..\gettext-runtime\intl\dgettext.c">
      <Filter>Sources</Filter>
    </ClCompile>
    <ClCompile Include="..\..\gettext-runtime\intl\dngettext.c">
      <Filter>Sources</Filter>
    </ClCompile>
    <ClCompile Include="..\..\gettext-runtime\intl\explodename.c">
      <Filter>Sources</Filter>
    </ClCompile>
    <ClCompile Include="..\..\gettext-runtime\intl\finddomain.c">
      <Filter>Sources</Filter>
    </ClCompile>
    <ClCompile Include="..\..\gettext-runtime\intl\gettext.c">
      <Filter>Sources</Filter>
    </ClCompile>
    <ClCompile Include="..\..\gettext-runtime\intl\hash-string.c">
      <Filter>Sources</Filter>
    </ClCompile>
    <ClCompile Include="..\..\gettext-runtime\intl\intl-compat.c">
      <Filter>Sources</Filter>
    </ClCompile>
    <ClCompile Include="..\..\gettext-runtime\intl\l10nflist.c">
      <Filter>Sources</Filter>
    </ClCompile>
    <ClCompile Include="..\..\gettext-runtime\intl\langprefs.c">
      <Filter>Sources</Filter>
    </ClCompile>
    <ClCompile Include="..\..\gettext-runtime\intl\loadmsgcat.c">
      <Filter>Sources</Filter>
    </ClCompile>
    <ClCompile Include="..\..\gettext-runtime\intl\localcharset.c">
      <Filter>Sources</Filter>
    </ClCompile>
    <ClCompile Include="..\..\gettext-runtime\intl\localealias.c">
      <Filter>Sources</Filter>
    </ClCompile>
    <ClCompile Include="..\..\gettext-runtime\intl\localename.c">
      <Filter>Sources</Filter>
    </ClCompile>
    <ClCompile Include="..\..\gettext-runtime\intl\lock.c">
      <Filter>Sources</Filter>
    </ClCompile>
    <ClCompile Include="..\..\gettext-runtime\intl\log.c">
      <Filter>Sources</Filter>
    </ClCompile>
    <ClCompile Include="..\..\gettext-runtime\intl\ngettext.c">
      <Filter>Sources</Filter>
    </ClCompile>
    <ClCompile Include="..\..\gettext-runtime\intl\osdep.c">
      <Filter>Sources</Filter>
    </ClCompile>
    <ClCompile Include="..\..\gettext-runtime\intl\plural.c">
      <Filter>Sources</Filter>
    </ClCompile>
    <ClCompile Include="..\..\gettext-runtime\intl\printf.c">
      <Filter>Sources</Filter>
    </ClCompile>
    <ClCompile Include="..\..\gettext-runtime\intl\relocatable.c">
      <Filter>Sources</Filter>
    </ClCompile>
    <ClCompile Include="..\..\gettext-runtime\intl\textdomain.c">
      <Filter>Sources</Filter>
    </ClCompile>
    <ClCompile Include="..\..\gettext-runtime\intl\version.c">
      <Filter>Sources</Filter>
    </ClCompile>
    <ClCompile Include="..\..\gettext-runtime\intl\intl-exports.c">
      <Filter>Sources</Filter>
    </ClCompile>
    <ClCompile Include="..\..\gettext-runtime\intl\os2compat.c">
      <Filter>Sources</Filter>
    </ClCompile>
    <ClCompile Include="..\..\gettext-runtime\intl\printf-args.c">
      <Filter>Sources</Filter>
    </ClCompile>
    <ClCompile Include="..\..\gettext-runtime\intl\printf-parse.c">
      <Filter>Sources</Filter>
    </ClCompile>
    <ClCompile Include="..\..\gettext-runtime\intl\threadlib.c">
      <Filter>Sources</Filter>
    </ClCompile>
    <ClCompile Include="..\..\gettext-runtime\intl\tsearch.c">
      <Filter>Sources</Filter>
    </ClCompile>
    <ClCompile Include="..\..\gettext-runtime\intl\vasnprintf.c">
      <Filter>Sources</Filter>
    </ClCompile>
    <ClCompile Include="..\..\gettext-runtime\intl\xsize.c">
      <Filter>Sources</Filter>
    </ClCompile>
    <ClCompile Include="..\src\gettext-runtime\setlocale.c">
      <Filter>Sources</Filter>
    </ClCompile>
    <ClCompile Include="..\src\gettext-runtime\plural-exp.c">
      <Filter>Sources</Filter>
    </ClCompile>
  </ItemGroup>
  <ItemGroup>
    <ClInclude Include="..\..\gettext-runtime\intl\eval-plural.h">
      <Filter>Headers</Filter>
    </ClInclude>
    <ClInclude Include="..\..\gettext-runtime\intl\export.h">
      <Filter>Headers</Filter>
    </ClInclude>
    <ClInclude Include="..\..\gettext-runtime\intl\gettextP.h">
      <Filter>Headers</Filter>
    </ClInclude>
    <ClInclude Include="..\..\gettext-runtime\intl\gmo.h">
      <Filter>Headers</Filter>
    </ClInclude>
    <ClInclude Include="..\..\gettext-runtime\intl\hash-string.h">
      <Filter>Headers</Filter>
    </ClInclude>
    <ClInclude Include="..\..\gettext-runtime\intl\loadinfo.h">
      <Filter>Headers</Filter>
    </ClInclude>
    <ClInclude Include="..\..\gettext-runtime\intl\localcharset.h">
      <Filter>Headers</Filter>
    </ClInclude>
    <ClInclude Include="..\..\gettext-runtime\intl\lock.h">
      <Filter>Headers</Filter>
    </ClInclude>
    <ClInclude Include="..\..\gettext-runtime\intl\os2compat.h">
      <Filter>Headers</Filter>
    </ClInclude>
    <ClInclude Include="..\..\gettext-runtime\intl\plural-exp.h">
      <Filter>Headers</Filter>
    </ClInclude>
    <ClInclude Include="..\..\gettext-runtime\intl\printf-args.h">
      <Filter>Headers</Filter>
    </ClInclude>
    <ClInclude Include="..\..\gettext-runtime\intl\printf-parse.h">
      <Filter>Headers</Filter>
    </ClInclude>
    <ClInclude Include="..\..\gettext-runtime\intl\relocatable.h">
      <Filter>Headers</Filter>
    </ClInclude>
    <ClInclude Include="..\..\gettext-runtime\intl\tsearch.h">
      <Filter>Headers</Filter>
    </ClInclude>
    <ClInclude Include="..\..\gettext-runtime\intl\vasnprintf.h">
      <Filter>Headers</Filter>
    </ClInclude>
    <ClInclude Include="..\..\gettext-runtime\intl\vasnwprintf.h">
      <Filter>Headers</Filter>
    </ClInclude>
    <ClInclude Include="..\..\gettext-runtime\intl\verify.h">
      <Filter>Headers</Filter>
    </ClInclude>
    <ClInclude Include="..\..\gettext-runtime\intl\wprintf-parse.h">
      <Filter>Headers</Filter>
    </ClInclude>
    <ClInclude Include="..\..\gettext-runtime\intl\xsize.h">
      <Filter>Headers</Filter>
    </ClInclude>
    <ClInclude Include="..\src\libgnuintl.h">
      <Filter>Headers</Filter>
    </ClInclude>
    <ClInclude Include="..\src\gettext-runtime\plural-exp.h">
      <Filter>Headers</Filter>
    </ClInclude>
  </ItemGroup>
  <ItemGroup>
    <Filter Include="Sources">
      <UniqueIdentifier>{cb690740-0885-4652-b5d6-3934ed6a8f03}</UniqueIdentifier>
    </Filter>
    <Filter Include="Headers">
      <UniqueIdentifier>{65094219-527a-4fec-9d57-2750487ff5b4}</UniqueIdentifier>
    </Filter>
    <Filter Include="Resource Files">
      <UniqueIdentifier>{3ef979a3-639e-4a02-a47e-3be02c977d0b}</UniqueIdentifier>
    </Filter>
  </ItemGroup>
  <ItemGroup>
    <ResourceCompile Include="..\src\libintl.rc">
      <Filter>Resource Files</Filter>
    </ResourceCompile>
    <ResourceCompile Include="..\src\libintl-x64.rc">
      <Filter>Resource Files</Filter>
    </ResourceCompile>
  </ItemGroup>
</Project>