Microsoft Visual Studio Solution File, Format Version 12.00
# Visual Studio 14
VisualStudioVersion = 14.0.23107.0
MinimumVisualStudioVersion = 10.0.40219.1
Project("{8BC9CEB8-8B4A-11D0-8D11-00A0C91BC942}") = "editline_dll", "editline_dll\editline_dll.vcxproj", "{BEE0E831-193F-4DC3-A5A3-93417BC946CB}"
EndProject
Project("{8BC9CEB8-8B4A-11D0-8D11-00A0C91BC942}") = "editline_static", "editline_static\editline_static.vcxproj", "{DF65D1BD-6A06-4B5D-98B7-0C1EF9379041}"
EndProject
Project("{8BC9CEB8-8B4A-11D0-8D11-00A0C91BC942}") = "test-editline_static", "Tests\test-editline_static.vcxproj", "{8091AC80-5B58-4359-8254-9DA2C21BC860}"
EndProject
Project("{8BC9CEB8-8B4A-11D0-8D11-00A0C91BC942}") = "test-editline_dll", "Tests\test-editline_dll.vcxproj", "{EC9AAF40-9554-4231-A9FD-33760A0C4277}"
EndProject
Project("{2150E333-8FDC-42A3-9474-1A3956D46DE8}") = "Tests", "Tests", "{4558A564-F0CC-46A1-88AB-DE51D64C366C}"
EndProject
Project("{2150E333-8FDC-42A3-9474-1A3956D46DE8}") = "Config", "Config", "{6880A508-4990-4A9F-BF71-F23C39C3A7A7}"
	ProjectSection(SolutionItems) = preProject
		src\config.h = src\config.h
	EndProjectSection
EndProject
Project("{2150E333-8FDC-42A3-9474-1A3956D46DE8}") = "Readme", "Readme", "{C79D9979-7DEF-47BF-8F51-8DD2A30A6D18}"
	ProjectSection(SolutionItems) = preProject
		..\..\..\readme\fundamental.md = ..\..\..\readme\fundamental.md
		..\..\..\readme\LICENSE.txt = ..\..\..\readme\LICENSE.txt
		..\..\..\readme\troubleshooting.md = ..\..\..\readme\troubleshooting.md
		Readme\wineditline-2.101.txt = Readme\wineditline-2.101.txt
	EndProjectSection
EndProject
Project("{8BC9CEB8-8B4A-11D0-8D11-00A0C91BC942}") = "install", "install\install.vcxproj", "{2F529363-83DA-42BC-BA3D-7FEE39F2AD34}"
EndProject
Global
	GlobalSection(SolutionConfigurationPlatforms) = preSolution
		Debug|x64 = Debug|x64
		Debug|x86 = Debug|x86
		Release|x64 = Release|x64
		Release|x86 = Release|x86
	EndGlobalSection
	GlobalSection(ProjectConfigurationPlatforms) = postSolution
		{BEE0E831-193F-4DC3-A5A3-93417BC946CB}.Debug|x64.ActiveCfg = Debug|x64
		{BEE0E831-193F-4DC3-A5A3-93417BC946CB}.Debug|x64.Build.0 = Debug|x64
		{BEE0E831-193F-4DC3-A5A3-93417BC946CB}.Debug|x86.ActiveCfg = Debug|Win32
		{BEE0E831-193F-4DC3-A5A3-93417BC946CB}.Debug|x86.Build.0 = Debug|Win32
		{BEE0E831-193F-4DC3-A5A3-93417BC946CB}.Release|x64.ActiveCfg = Release|x64
		{BEE0E831-193F-4DC3-A5A3-93417BC946CB}.Release|x64.Build.0 = Release|x64
		{BEE0E831-193F-4DC3-A5A3-93417BC946CB}.Release|x86.ActiveCfg = Release|Win32
		{BEE0E831-193F-4DC3-A5A3-93417BC946CB}.Release|x86.Build.0 = Release|Win32
		{DF65D1BD-6A06-4B5D-98B7-0C1EF9379041}.Debug|x64.ActiveCfg = Debug|x64
		{DF65D1BD-6A06-4B5D-98B7-0C1EF9379041}.Debug|x64.Build.0 = Debug|x64
		{DF65D1BD-6A06-4B5D-98B7-0C1EF9379041}.Debug|x86.ActiveCfg = Debug|Win32
		{DF65D1BD-6A06-4B5D-98B7-0C1EF9379041}.Debug|x86.Build.0 = Debug|Win32
		{DF65D1BD-6A06-4B5D-98B7-0C1EF9379041}.Release|x64.ActiveCfg = Release|x64
		{DF65D1BD-6A06-4B5D-98B7-0C1EF9379041}.Release|x64.Build.0 = Release|x64
		{DF65D1BD-6A06-4B5D-98B7-0C1EF9379041}.Release|x86.ActiveCfg = Release|Win32
		{DF65D1BD-6A06-4B5D-98B7-0C1EF9379041}.Release|x86.Build.0 = Release|Win32
		{8091AC80-5B58-4359-8254-9DA2C21BC860}.Debug|x64.ActiveCfg = Debug|x64
		{8091AC80-5B58-4359-8254-9DA2C21BC860}.Debug|x64.Build.0 = Debug|x64
		{8091AC80-5B58-4359-8254-9DA2C21BC860}.Debug|x86.ActiveCfg = Debug|Win32
		{8091AC80-5B58-4359-8254-9DA2C21BC860}.Debug|x86.Build.0 = Debug|Win32
		{8091AC80-5B58-4359-8254-9DA2C21BC860}.Release|x64.ActiveCfg = Release|x64
		{8091AC80-5B58-4359-8254-9DA2C21BC860}.Release|x64.Build.0 = Release|x64
		{8091AC80-5B58-4359-8254-9DA2C21BC860}.Release|x86.ActiveCfg = Release|Win32
		{8091AC80-5B58-4359-8254-9DA2C21BC860}.Release|x86.Build.0 = Release|Win32
		{EC9AAF40-9554-4231-A9FD-33760A0C4277}.Debug|x64.ActiveCfg = Debug|x64
		{EC9AAF40-9554-4231-A9FD-33760A0C4277}.Debug|x64.Build.0 = Debug|x64
		{EC9AAF40-9554-4231-A9FD-33760A0C4277}.Debug|x86.ActiveCfg = Debug|Win32
		{EC9AAF40-9554-4231-A9FD-33760A0C4277}.Debug|x86.Build.0 = Debug|Win32
		{EC9AAF40-9554-4231-A9FD-33760A0C4277}.Release|x64.ActiveCfg = Release|x64
		{EC9AAF40-9554-4231-A9FD-33760A0C4277}.Release|x64.Build.0 = Release|x64
		{EC9AAF40-9554-4231-A9FD-33760A0C4277}.Release|x86.ActiveCfg = Release|Win32
		{EC9AAF40-9554-4231-A9FD-33760A0C4277}.Release|x86.Build.0 = Release|Win32
		{2F529363-83DA-42BC-BA3D-7FEE39F2AD34}.Debug|x64.ActiveCfg = Debug|x64
		{2F529363-83DA-42BC-BA3D-7FEE39F2AD34}.Debug|x64.Build.0 = Debug|x64
		{2F529363-83DA-42BC-BA3D-7FEE39F2AD34}.Debug|x86.ActiveCfg = Debug|Win32
		{2F529363-83DA-42BC-BA3D-7FEE39F2AD34}.Debug|x86.Build.0 = Debug|Win32
		{2F529363-83DA-42BC-BA3D-7FEE39F2AD34}.Release|x64.ActiveCfg = Release|x64
		{2F529363-83DA-42BC-BA3D-7FEE39F2AD34}.Release|x64.Build.0 = Release|x64
		{2F529363-83DA-42BC-BA3D-7FEE39F2AD34}.Release|x86.ActiveCfg = Release|Win32
		{2F529363-83DA-42BC-BA3D-7FEE39F2AD34}.Release|x86.Build.0 = Release|Win32
	EndGlobalSection
	GlobalSection(SolutionProperties) = preSolution
		HideSolutionNode = FALSE
	EndGlobalSection
	GlobalSection(NestedProjects) = preSolution
		{8091AC80-5B58-4359-8254-9DA2C21BC860} = {4558A564-F0CC-46A1-88AB-DE51D64C366C}
		{EC9AAF40-9554-4231-A9FD-33760A0C4277} = {4558A564-F0CC-46A1-88AB-DE51D64C366C}
	EndGlobalSection
EndGlobal
