
Microsoft Visual Studio Solution File, Format Version 12.00
# Visual Studio 14
VisualStudioVersion = 14.0.25123.0
MinimumVisualStudioVersion = 10.0.40219.1
Project("{8BC9CEB8-8B4A-11D0-8D11-00A0C91BC942}") = "freetype_static", "freetype.vcxproj", "{78B079BD-9FC7-4B9E-B4A6-96DA0F00248B}"
EndProject
Project("{2150E333-8FDC-42A3-9474-1A3956D46DE8}") = "Readme", "Readme", "{AB84FC79-E46C-4974-A0C0-571DA74CEDA7}"
	ProjectSection(SolutionItems) = preProject
		Readme\freetype-2.5.5.txt = Readme\freetype-2.5.5.txt
		Readme\freetype-2.6.1.txt = Readme\freetype-2.6.1.txt
		Readme\freetype-2.6.2.txt = Readme\freetype-2.6.2.txt
		Readme\freetype-2.6.3.txt = Readme\freetype-2.6.3.txt
		..\..\..\..\..\readme\fundamental.md = ..\..\..\..\..\readme\fundamental.md
		..\..\..\..\..\readme\LICENSE.txt = ..\..\..\..\..\readme\LICENSE.txt
		..\..\..\..\..\readme\troubleshooting.md = ..\..\..\..\..\readme\troubleshooting.md
	EndProjectSection
EndProject
Project("{8BC9CEB8-8B4A-11D0-8D11-00A0C91BC942}") = "install", "install\install.vcxproj", "{CE47F1CD-EE52-4A8A-887B-FB5FECE1FC8D}"
EndProject
Project("{8BC9CEB8-8B4A-11D0-8D11-00A0C91BC942}") = "test-freetype_static", "test-freetype\test-freetype.vcxproj", "{5D8CBF3A-4640-4584-8B9A-546A7FE8B2ED}"
EndProject
Project("{2150E333-8FDC-42A3-9474-1A3956D46DE8}") = "Tests", "Tests", "{823599A8-B54B-4BA7-B87A-DA22017D4373}"
EndProject
Project("{8BC9CEB8-8B4A-11D0-8D11-00A0C91BC942}") = "testname", "testname\testname.vcxproj", "{7F085CC5-A347-4F08-9522-FC2D842134F6}"
EndProject
Project("{8BC9CEB8-8B4A-11D0-8D11-00A0C91BC942}") = "gbench", "gbench\gbench.vcxproj", "{F66CDC0D-858D-4701-8968-D892955D3778}"
EndProject
Project("{8BC9CEB8-8B4A-11D0-8D11-00A0C91BC942}") = "ftchkwd", "ftchkwd\ftchkwd.vcxproj", "{E08436D2-3B99-42A2-9D39-503C52CC5B3C}"
EndProject
Project("{8BC9CEB8-8B4A-11D0-8D11-00A0C91BC942}") = "fttry", "fttry\fttry.vcxproj", "{48F7A0A9-8869-4686-9472-0DEC65A893D5}"
EndProject
Project("{8BC9CEB8-8B4A-11D0-8D11-00A0C91BC942}") = "freetype_dll", "freetype_dll.vcxproj", "{72E604F1-D0FE-4736-B86A-94F6DAB65D8C}"
EndProject
Project("{8BC9CEB8-8B4A-11D0-8D11-00A0C91BC942}") = "test-freetype_dll", "test-freetype_dll\test-freetype_dll.vcxproj", "{4733B471-9C0D-417A-9512-704EDD66ED5C}"
EndProject
Global
	GlobalSection(SolutionConfigurationPlatforms) = preSolution
		Debug_HB|Win32 = Debug_HB|Win32
		Debug_HB|x64 = Debug_HB|x64
		Debug|Win32 = Debug|Win32
		Debug|x64 = Debug|x64
		Release_HB|Win32 = Release_HB|Win32
		Release_HB|x64 = Release_HB|x64
		Release|Win32 = Release|Win32
		Release|x64 = Release|x64
	EndGlobalSection
	GlobalSection(ProjectConfigurationPlatforms) = postSolution
		{78B079BD-9FC7-4B9E-B4A6-96DA0F00248B}.Debug_HB|Win32.ActiveCfg = Debug_HB|Win32
		{78B079BD-9FC7-4B9E-B4A6-96DA0F00248B}.Debug_HB|Win32.Build.0 = Debug_HB|Win32
		{78B079BD-9FC7-4B9E-B4A6-96DA0F00248B}.Debug_HB|x64.ActiveCfg = Debug_HB|x64
		{78B079BD-9FC7-4B9E-B4A6-96DA0F00248B}.Debug_HB|x64.Build.0 = Debug_HB|x64
		{78B079BD-9FC7-4B9E-B4A6-96DA0F00248B}.Debug|Win32.ActiveCfg = Debug|Win32
		{78B079BD-9FC7-4B9E-B4A6-96DA0F00248B}.Debug|Win32.Build.0 = Debug|Win32
		{78B079BD-9FC7-4B9E-B4A6-96DA0F00248B}.Debug|x64.ActiveCfg = Debug|x64
		{78B079BD-9FC7-4B9E-B4A6-96DA0F00248B}.Debug|x64.Build.0 = Debug|x64
		{78B079BD-9FC7-4B9E-B4A6-96DA0F00248B}.Release_HB|Win32.ActiveCfg = Release_HB|Win32
		{78B079BD-9FC7-4B9E-B4A6-96DA0F00248B}.Release_HB|Win32.Build.0 = Release_HB|Win32
		{78B079BD-9FC7-4B9E-B4A6-96DA0F00248B}.Release_HB|x64.ActiveCfg = Release_HB|x64
		{78B079BD-9FC7-4B9E-B4A6-96DA0F00248B}.Release_HB|x64.Build.0 = Release_HB|x64
		{78B079BD-9FC7-4B9E-B4A6-96DA0F00248B}.Release|Win32.ActiveCfg = Release|Win32
		{78B079BD-9FC7-4B9E-B4A6-96DA0F00248B}.Release|Win32.Build.0 = Release|Win32
		{78B079BD-9FC7-4B9E-B4A6-96DA0F00248B}.Release|x64.ActiveCfg = Release|x64
		{78B079BD-9FC7-4B9E-B4A6-96DA0F00248B}.Release|x64.Build.0 = Release|x64
		{CE47F1CD-EE52-4A8A-887B-FB5FECE1FC8D}.Debug_HB|Win32.ActiveCfg = Debug|Win32
		{CE47F1CD-EE52-4A8A-887B-FB5FECE1FC8D}.Debug_HB|Win32.Build.0 = Debug|Win32
		{CE47F1CD-EE52-4A8A-887B-FB5FECE1FC8D}.Debug_HB|x64.ActiveCfg = Debug|x64
		{CE47F1CD-EE52-4A8A-887B-FB5FECE1FC8D}.Debug_HB|x64.Build.0 = Debug|x64
		{CE47F1CD-EE52-4A8A-887B-FB5FECE1FC8D}.Debug|Win32.ActiveCfg = Debug|Win32
		{CE47F1CD-EE52-4A8A-887B-FB5FECE1FC8D}.Debug|Win32.Build.0 = Debug|Win32
		{CE47F1CD-EE52-4A8A-887B-FB5FECE1FC8D}.Debug|x64.ActiveCfg = Debug|x64
		{CE47F1CD-EE52-4A8A-887B-FB5FECE1FC8D}.Debug|x64.Build.0 = Debug|x64
		{CE47F1CD-EE52-4A8A-887B-FB5FECE1FC8D}.Release_HB|Win32.ActiveCfg = Release|Win32
		{CE47F1CD-EE52-4A8A-887B-FB5FECE1FC8D}.Release_HB|Win32.Build.0 = Release|Win32
		{CE47F1CD-EE52-4A8A-887B-FB5FECE1FC8D}.Release_HB|x64.ActiveCfg = Release|x64
		{CE47F1CD-EE52-4A8A-887B-FB5FECE1FC8D}.Release_HB|x64.Build.0 = Release|x64
		{CE47F1CD-EE52-4A8A-887B-FB5FECE1FC8D}.Release|Win32.ActiveCfg = Release|Win32
		{CE47F1CD-EE52-4A8A-887B-FB5FECE1FC8D}.Release|Win32.Build.0 = Release|Win32
		{CE47F1CD-EE52-4A8A-887B-FB5FECE1FC8D}.Release|x64.ActiveCfg = Release|x64
		{CE47F1CD-EE52-4A8A-887B-FB5FECE1FC8D}.Release|x64.Build.0 = Release|x64
		{5D8CBF3A-4640-4584-8B9A-546A7FE8B2ED}.Debug_HB|Win32.ActiveCfg = Debug_HB|Win32
		{5D8CBF3A-4640-4584-8B9A-546A7FE8B2ED}.Debug_HB|Win32.Build.0 = Debug_HB|Win32
		{5D8CBF3A-4640-4584-8B9A-546A7FE8B2ED}.Debug_HB|x64.ActiveCfg = Debug_HB|x64
		{5D8CBF3A-4640-4584-8B9A-546A7FE8B2ED}.Debug_HB|x64.Build.0 = Debug_HB|x64
		{5D8CBF3A-4640-4584-8B9A-546A7FE8B2ED}.Debug|Win32.ActiveCfg = Debug|Win32
		{5D8CBF3A-4640-4584-8B9A-546A7FE8B2ED}.Debug|Win32.Build.0 = Debug|Win32
		{5D8CBF3A-4640-4584-8B9A-546A7FE8B2ED}.Debug|x64.ActiveCfg = Debug|x64
		{5D8CBF3A-4640-4584-8B9A-546A7FE8B2ED}.Debug|x64.Build.0 = Debug|x64
		{5D8CBF3A-4640-4584-8B9A-546A7FE8B2ED}.Release_HB|Win32.ActiveCfg = Release_HB|Win32
		{5D8CBF3A-4640-4584-8B9A-546A7FE8B2ED}.Release_HB|Win32.Build.0 = Release_HB|Win32
		{5D8CBF3A-4640-4584-8B9A-546A7FE8B2ED}.Release_HB|x64.ActiveCfg = Release_HB|x64
		{5D8CBF3A-4640-4584-8B9A-546A7FE8B2ED}.Release_HB|x64.Build.0 = Release_HB|x64
		{5D8CBF3A-4640-4584-8B9A-546A7FE8B2ED}.Release|Win32.ActiveCfg = Release|Win32
		{5D8CBF3A-4640-4584-8B9A-546A7FE8B2ED}.Release|Win32.Build.0 = Release|Win32
		{5D8CBF3A-4640-4584-8B9A-546A7FE8B2ED}.Release|x64.ActiveCfg = Release|x64
		{5D8CBF3A-4640-4584-8B9A-546A7FE8B2ED}.Release|x64.Build.0 = Release|x64
		{7F085CC5-A347-4F08-9522-FC2D842134F6}.Debug_HB|Win32.ActiveCfg = Debug_HB|Win32
		{7F085CC5-A347-4F08-9522-FC2D842134F6}.Debug_HB|Win32.Build.0 = Debug_HB|Win32
		{7F085CC5-A347-4F08-9522-FC2D842134F6}.Debug_HB|x64.ActiveCfg = Debug_HB|x64
		{7F085CC5-A347-4F08-9522-FC2D842134F6}.Debug_HB|x64.Build.0 = Debug_HB|x64
		{7F085CC5-A347-4F08-9522-FC2D842134F6}.Debug|Win32.ActiveCfg = Debug|Win32
		{7F085CC5-A347-4F08-9522-FC2D842134F6}.Debug|Win32.Build.0 = Debug|Win32
		{7F085CC5-A347-4F08-9522-FC2D842134F6}.Debug|x64.ActiveCfg = Debug|x64
		{7F085CC5-A347-4F08-9522-FC2D842134F6}.Debug|x64.Build.0 = Debug|x64
		{7F085CC5-A347-4F08-9522-FC2D842134F6}.Release_HB|Win32.ActiveCfg = Release_HB|Win32
		{7F085CC5-A347-4F08-9522-FC2D842134F6}.Release_HB|Win32.Build.0 = Release_HB|Win32
		{7F085CC5-A347-4F08-9522-FC2D842134F6}.Release_HB|x64.ActiveCfg = Release_HB|x64
		{7F085CC5-A347-4F08-9522-FC2D842134F6}.Release_HB|x64.Build.0 = Release_HB|x64
		{7F085CC5-A347-4F08-9522-FC2D842134F6}.Release|Win32.ActiveCfg = Release|Win32
		{7F085CC5-A347-4F08-9522-FC2D842134F6}.Release|Win32.Build.0 = Release|Win32
		{7F085CC5-A347-4F08-9522-FC2D842134F6}.Release|x64.ActiveCfg = Release|x64
		{7F085CC5-A347-4F08-9522-FC2D842134F6}.Release|x64.Build.0 = Release|x64
		{F66CDC0D-858D-4701-8968-D892955D3778}.Debug_HB|Win32.ActiveCfg = Debug_HB|Win32
		{F66CDC0D-858D-4701-8968-D892955D3778}.Debug_HB|Win32.Build.0 = Debug_HB|Win32
		{F66CDC0D-858D-4701-8968-D892955D3778}.Debug_HB|x64.ActiveCfg = Debug_HB|x64
		{F66CDC0D-858D-4701-8968-D892955D3778}.Debug_HB|x64.Build.0 = Debug_HB|x64
		{F66CDC0D-858D-4701-8968-D892955D3778}.Debug|Win32.ActiveCfg = Debug|Win32
		{F66CDC0D-858D-4701-8968-D892955D3778}.Debug|Win32.Build.0 = Debug|Win32
		{F66CDC0D-858D-4701-8968-D892955D3778}.Debug|x64.ActiveCfg = Debug|x64
		{F66CDC0D-858D-4701-8968-D892955D3778}.Debug|x64.Build.0 = Debug|x64
		{F66CDC0D-858D-4701-8968-D892955D3778}.Release_HB|Win32.ActiveCfg = Release_HB|Win32
		{F66CDC0D-858D-4701-8968-D892955D3778}.Release_HB|Win32.Build.0 = Release_HB|Win32
		{F66CDC0D-858D-4701-8968-D892955D3778}.Release_HB|x64.ActiveCfg = Release_HB|x64
		{F66CDC0D-858D-4701-8968-D892955D3778}.Release_HB|x64.Build.0 = Release_HB|x64
		{F66CDC0D-858D-4701-8968-D892955D3778}.Release|Win32.ActiveCfg = Release|Win32
		{F66CDC0D-858D-4701-8968-D892955D3778}.Release|Win32.Build.0 = Release|Win32
		{F66CDC0D-858D-4701-8968-D892955D3778}.Release|x64.ActiveCfg = Release|x64
		{F66CDC0D-858D-4701-8968-D892955D3778}.Release|x64.Build.0 = Release|x64
		{E08436D2-3B99-42A2-9D39-503C52CC5B3C}.Debug_HB|Win32.ActiveCfg = Debug_HB|Win32
		{E08436D2-3B99-42A2-9D39-503C52CC5B3C}.Debug_HB|Win32.Build.0 = Debug_HB|Win32
		{E08436D2-3B99-42A2-9D39-503C52CC5B3C}.Debug_HB|x64.ActiveCfg = Debug_HB|x64
		{E08436D2-3B99-42A2-9D39-503C52CC5B3C}.Debug_HB|x64.Build.0 = Debug_HB|x64
		{E08436D2-3B99-42A2-9D39-503C52CC5B3C}.Debug|Win32.ActiveCfg = Debug|Win32
		{E08436D2-3B99-42A2-9D39-503C52CC5B3C}.Debug|Win32.Build.0 = Debug|Win32
		{E08436D2-3B99-42A2-9D39-503C52CC5B3C}.Debug|x64.ActiveCfg = Debug|x64
		{E08436D2-3B99-42A2-9D39-503C52CC5B3C}.Debug|x64.Build.0 = Debug|x64
		{E08436D2-3B99-42A2-9D39-503C52CC5B3C}.Release_HB|Win32.ActiveCfg = Release_HB|Win32
		{E08436D2-3B99-42A2-9D39-503C52CC5B3C}.Release_HB|Win32.Build.0 = Release_HB|Win32
		{E08436D2-3B99-42A2-9D39-503C52CC5B3C}.Release_HB|x64.ActiveCfg = Release_HB|x64
		{E08436D2-3B99-42A2-9D39-503C52CC5B3C}.Release_HB|x64.Build.0 = Release_HB|x64
		{E08436D2-3B99-42A2-9D39-503C52CC5B3C}.Release|Win32.ActiveCfg = Release|Win32
		{E08436D2-3B99-42A2-9D39-503C52CC5B3C}.Release|Win32.Build.0 = Release|Win32
		{E08436D2-3B99-42A2-9D39-503C52CC5B3C}.Release|x64.ActiveCfg = Release|x64
		{E08436D2-3B99-42A2-9D39-503C52CC5B3C}.Release|x64.Build.0 = Release|x64
		{48F7A0A9-8869-4686-9472-0DEC65A893D5}.Debug_HB|Win32.ActiveCfg = Debug_HB|Win32
		{48F7A0A9-8869-4686-9472-0DEC65A893D5}.Debug_HB|Win32.Build.0 = Debug_HB|Win32
		{48F7A0A9-8869-4686-9472-0DEC65A893D5}.Debug_HB|x64.ActiveCfg = Debug_HB|x64
		{48F7A0A9-8869-4686-9472-0DEC65A893D5}.Debug_HB|x64.Build.0 = Debug_HB|x64
		{48F7A0A9-8869-4686-9472-0DEC65A893D5}.Debug|Win32.ActiveCfg = Debug|Win32
		{48F7A0A9-8869-4686-9472-0DEC65A893D5}.Debug|Win32.Build.0 = Debug|Win32
		{48F7A0A9-8869-4686-9472-0DEC65A893D5}.Debug|x64.ActiveCfg = Debug|x64
		{48F7A0A9-8869-4686-9472-0DEC65A893D5}.Debug|x64.Build.0 = Debug|x64
		{48F7A0A9-8869-4686-9472-0DEC65A893D5}.Release_HB|Win32.ActiveCfg = Release_HB|Win32
		{48F7A0A9-8869-4686-9472-0DEC65A893D5}.Release_HB|Win32.Build.0 = Release_HB|Win32
		{48F7A0A9-8869-4686-9472-0DEC65A893D5}.Release_HB|x64.ActiveCfg = Release_HB|x64
		{48F7A0A9-8869-4686-9472-0DEC65A893D5}.Release_HB|x64.Build.0 = Release_HB|x64
		{48F7A0A9-8869-4686-9472-0DEC65A893D5}.Release|Win32.ActiveCfg = Release|Win32
		{48F7A0A9-8869-4686-9472-0DEC65A893D5}.Release|Win32.Build.0 = Release|Win32
		{48F7A0A9-8869-4686-9472-0DEC65A893D5}.Release|x64.ActiveCfg = Release|x64
		{48F7A0A9-8869-4686-9472-0DEC65A893D5}.Release|x64.Build.0 = Release|x64
		{72E604F1-D0FE-4736-B86A-94F6DAB65D8C}.Debug_HB|Win32.ActiveCfg = Debug_HB|Win32
		{72E604F1-D0FE-4736-B86A-94F6DAB65D8C}.Debug_HB|Win32.Build.0 = Debug_HB|Win32
		{72E604F1-D0FE-4736-B86A-94F6DAB65D8C}.Debug_HB|x64.ActiveCfg = Debug_HB|x64
		{72E604F1-D0FE-4736-B86A-94F6DAB65D8C}.Debug_HB|x64.Build.0 = Debug_HB|x64
		{72E604F1-D0FE-4736-B86A-94F6DAB65D8C}.Debug|Win32.ActiveCfg = Debug|Win32
		{72E604F1-D0FE-4736-B86A-94F6DAB65D8C}.Debug|Win32.Build.0 = Debug|Win32
		{72E604F1-D0FE-4736-B86A-94F6DAB65D8C}.Debug|x64.ActiveCfg = Debug|x64
		{72E604F1-D0FE-4736-B86A-94F6DAB65D8C}.Debug|x64.Build.0 = Debug|x64
		{72E604F1-D0FE-4736-B86A-94F6DAB65D8C}.Release_HB|Win32.ActiveCfg = Release_HB|Win32
		{72E604F1-D0FE-4736-B86A-94F6DAB65D8C}.Release_HB|Win32.Build.0 = Release_HB|Win32
		{72E604F1-D0FE-4736-B86A-94F6DAB65D8C}.Release_HB|x64.ActiveCfg = Release_HB|x64
		{72E604F1-D0FE-4736-B86A-94F6DAB65D8C}.Release_HB|x64.Build.0 = Release_HB|x64
		{72E604F1-D0FE-4736-B86A-94F6DAB65D8C}.Release|Win32.ActiveCfg = Release|Win32
		{72E604F1-D0FE-4736-B86A-94F6DAB65D8C}.Release|Win32.Build.0 = Release|Win32
		{72E604F1-D0FE-4736-B86A-94F6DAB65D8C}.Release|x64.ActiveCfg = Release|x64
		{72E604F1-D0FE-4736-B86A-94F6DAB65D8C}.Release|x64.Build.0 = Release|x64
		{4733B471-9C0D-417A-9512-704EDD66ED5C}.Debug_HB|Win32.ActiveCfg = Debug_HB|Win32
		{4733B471-9C0D-417A-9512-704EDD66ED5C}.Debug_HB|Win32.Build.0 = Debug_HB|Win32
		{4733B471-9C0D-417A-9512-704EDD66ED5C}.Debug_HB|x64.ActiveCfg = Debug_HB|x64
		{4733B471-9C0D-417A-9512-704EDD66ED5C}.Debug_HB|x64.Build.0 = Debug_HB|x64
		{4733B471-9C0D-417A-9512-704EDD66ED5C}.Debug|Win32.ActiveCfg = Debug|Win32
		{4733B471-9C0D-417A-9512-704EDD66ED5C}.Debug|Win32.Build.0 = Debug|Win32
		{4733B471-9C0D-417A-9512-704EDD66ED5C}.Debug|x64.ActiveCfg = Debug|x64
		{4733B471-9C0D-417A-9512-704EDD66ED5C}.Debug|x64.Build.0 = Debug|x64
		{4733B471-9C0D-417A-9512-704EDD66ED5C}.Release_HB|Win32.ActiveCfg = Release_HB|Win32
		{4733B471-9C0D-417A-9512-704EDD66ED5C}.Release_HB|Win32.Build.0 = Release_HB|Win32
		{4733B471-9C0D-417A-9512-704EDD66ED5C}.Release_HB|x64.ActiveCfg = Release_HB|x64
		{4733B471-9C0D-417A-9512-704EDD66ED5C}.Release_HB|x64.Build.0 = Release_HB|x64
		{4733B471-9C0D-417A-9512-704EDD66ED5C}.Release|Win32.ActiveCfg = Release|Win32
		{4733B471-9C0D-417A-9512-704EDD66ED5C}.Release|Win32.Build.0 = Release|Win32
		{4733B471-9C0D-417A-9512-704EDD66ED5C}.Release|x64.ActiveCfg = Release|x64
		{4733B471-9C0D-417A-9512-704EDD66ED5C}.Release|x64.Build.0 = Release|x64
	EndGlobalSection
	GlobalSection(SolutionProperties) = preSolution
		HideSolutionNode = FALSE
	EndGlobalSection
	GlobalSection(NestedProjects) = preSolution
		{5D8CBF3A-4640-4584-8B9A-546A7FE8B2ED} = {823599A8-B54B-4BA7-B87A-DA22017D4373}
		{7F085CC5-A347-4F08-9522-FC2D842134F6} = {823599A8-B54B-4BA7-B87A-DA22017D4373}
		{F66CDC0D-858D-4701-8968-D892955D3778} = {823599A8-B54B-4BA7-B87A-DA22017D4373}
		{E08436D2-3B99-42A2-9D39-503C52CC5B3C} = {823599A8-B54B-4BA7-B87A-DA22017D4373}
		{48F7A0A9-8869-4686-9472-0DEC65A893D5} = {823599A8-B54B-4BA7-B87A-DA22017D4373}
		{4733B471-9C0D-417A-9512-704EDD66ED5C} = {823599A8-B54B-4BA7-B87A-DA22017D4373}
	EndGlobalSection
EndGlobal
