<?xml version="1.0" encoding="utf-8"?>
<Project ToolsVersion="4.0" xmlns="http://schemas.microsoft.com/developer/msbuild/2003">
  <ItemGroup>
    <Filter Include="Source Files">
      <UniqueIdentifier>{319a183c-6661-48f9-8ab4-fdf1e54e8d69}</UniqueIdentifier>
    </Filter>
  </ItemGroup>
  <ItemGroup>
    <ClCompile Include="..\..\..\examples\decoder_example.c">
      <Filter>Source Files</Filter>
    </ClCompile>
  </ItemGroup>
</Project>