
Microsoft Visual Studio Solution File, Format Version 12.00
# Visual Studio 14
VisualStudioVersion = 14.0.25123.0
MinimumVisualStudioVersion = 10.0.40219.1
Project("{8BC9CEB8-8B4A-11D0-8D11-00A0C91BC942}") = "boost", "boost\boost.vcxproj", "{F783B7ED-98E9-4DF9-8E87-7618C590495C}"
EndProject
Project("{2150E333-8FDC-42A3-9474-1A3956D46DE8}") = "Readme", "Readme", "{18200235-3F68-4980-8E05-165EAE6774B2}"
	ProjectSection(SolutionItems) = preProject
		Readme\boost-1.59.0.txt = Readme\boost-1.59.0.txt
		Readme\boost-1.60.0.txt = Readme\boost-1.60.0.txt
		Readme\boost-1.61.0.txt = Readme\boost-1.61.0.txt
		..\..\..\readme\fundamental.md = ..\..\..\readme\fundamental.md
		..\..\..\readme\LICENSE.txt = ..\..\..\readme\LICENSE.txt
		..\..\..\readme\troubleshooting.md = ..\..\..\readme\troubleshooting.md
	EndProjectSection
EndProject
Project("{2150E333-8FDC-42A3-9474-1A3956D46DE8}") = "Test", "Test", "{90B189B1-8955-478F-88FF-CB1198A45047}"
EndProject
Project("{8BC9CEB8-8B4A-11D0-8D11-00A0C91BC942}") = "test_thread", "Test\test_thread\test_thread.vcxproj", "{0768E6AD-B0DB-4315-9AC4-999BCE27E7F9}"
EndProject
Global
	GlobalSection(SolutionConfigurationPlatforms) = preSolution
		Debug dll|Win32 = Debug dll|Win32
		Debug dll|x64 = Debug dll|x64
		Debug static|Win32 = Debug static|Win32
		Debug static|x64 = Debug static|x64
		Debug|Win32 = Debug|Win32
		Debug|x64 = Debug|x64
		Release dll|Win32 = Release dll|Win32
		Release dll|x64 = Release dll|x64
		Release static|Win32 = Release static|Win32
		Release static|x64 = Release static|x64
		Release|Win32 = Release|Win32
		Release|x64 = Release|x64
	EndGlobalSection
	GlobalSection(ProjectConfigurationPlatforms) = postSolution
		{F783B7ED-98E9-4DF9-8E87-7618C590495C}.Debug dll|Win32.ActiveCfg = Debug dll|Win32
		{F783B7ED-98E9-4DF9-8E87-7618C590495C}.Debug dll|Win32.Build.0 = Debug dll|Win32
		{F783B7ED-98E9-4DF9-8E87-7618C590495C}.Debug dll|x64.ActiveCfg = Debug dll|x64
		{F783B7ED-98E9-4DF9-8E87-7618C590495C}.Debug dll|x64.Build.0 = Debug dll|x64
		{F783B7ED-98E9-4DF9-8E87-7618C590495C}.Debug static|Win32.ActiveCfg = Debug static|Win32
		{F783B7ED-98E9-4DF9-8E87-7618C590495C}.Debug static|Win32.Build.0 = Debug static|Win32
		{F783B7ED-98E9-4DF9-8E87-7618C590495C}.Debug static|x64.ActiveCfg = Debug static|x64
		{F783B7ED-98E9-4DF9-8E87-7618C590495C}.Debug static|x64.Build.0 = Debug static|x64
		{F783B7ED-98E9-4DF9-8E87-7618C590495C}.Debug|Win32.ActiveCfg = Debug static|Win32
		{F783B7ED-98E9-4DF9-8E87-7618C590495C}.Debug|Win32.Build.0 = Debug static|Win32
		{F783B7ED-98E9-4DF9-8E87-7618C590495C}.Debug|x64.ActiveCfg = Debug static|x64
		{F783B7ED-98E9-4DF9-8E87-7618C590495C}.Debug|x64.Build.0 = Debug static|x64
		{F783B7ED-98E9-4DF9-8E87-7618C590495C}.Release dll|Win32.ActiveCfg = Release dll|Win32
		{F783B7ED-98E9-4DF9-8E87-7618C590495C}.Release dll|Win32.Build.0 = Release dll|Win32
		{F783B7ED-98E9-4DF9-8E87-7618C590495C}.Release dll|x64.ActiveCfg = Release dll|x64
		{F783B7ED-98E9-4DF9-8E87-7618C590495C}.Release dll|x64.Build.0 = Release dll|x64
		{F783B7ED-98E9-4DF9-8E87-7618C590495C}.Release static|Win32.ActiveCfg = Release static|Win32
		{F783B7ED-98E9-4DF9-8E87-7618C590495C}.Release static|Win32.Build.0 = Release static|Win32
		{F783B7ED-98E9-4DF9-8E87-7618C590495C}.Release static|x64.ActiveCfg = Release static|x64
		{F783B7ED-98E9-4DF9-8E87-7618C590495C}.Release static|x64.Build.0 = Release static|x64
		{F783B7ED-98E9-4DF9-8E87-7618C590495C}.Release|Win32.ActiveCfg = Release static|Win32
		{F783B7ED-98E9-4DF9-8E87-7618C590495C}.Release|Win32.Build.0 = Release static|Win32
		{F783B7ED-98E9-4DF9-8E87-7618C590495C}.Release|x64.ActiveCfg = Release static|x64
		{F783B7ED-98E9-4DF9-8E87-7618C590495C}.Release|x64.Build.0 = Release static|x64
		{0768E6AD-B0DB-4315-9AC4-999BCE27E7F9}.Debug dll|Win32.ActiveCfg = Debug|Win32
		{0768E6AD-B0DB-4315-9AC4-999BCE27E7F9}.Debug dll|Win32.Build.0 = Debug|Win32
		{0768E6AD-B0DB-4315-9AC4-999BCE27E7F9}.Debug dll|x64.ActiveCfg = Debug|x64
		{0768E6AD-B0DB-4315-9AC4-999BCE27E7F9}.Debug dll|x64.Build.0 = Debug|x64
		{0768E6AD-B0DB-4315-9AC4-999BCE27E7F9}.Debug static|Win32.ActiveCfg = Debug|Win32
		{0768E6AD-B0DB-4315-9AC4-999BCE27E7F9}.Debug static|Win32.Build.0 = Debug|Win32
		{0768E6AD-B0DB-4315-9AC4-999BCE27E7F9}.Debug static|x64.ActiveCfg = Debug|x64
		{0768E6AD-B0DB-4315-9AC4-999BCE27E7F9}.Debug static|x64.Build.0 = Debug|x64
		{0768E6AD-B0DB-4315-9AC4-999BCE27E7F9}.Debug|Win32.ActiveCfg = Debug|Win32
		{0768E6AD-B0DB-4315-9AC4-999BCE27E7F9}.Debug|Win32.Build.0 = Debug|Win32
		{0768E6AD-B0DB-4315-9AC4-999BCE27E7F9}.Debug|x64.ActiveCfg = Debug|x64
		{0768E6AD-B0DB-4315-9AC4-999BCE27E7F9}.Debug|x64.Build.0 = Debug|x64
		{0768E6AD-B0DB-4315-9AC4-999BCE27E7F9}.Release dll|Win32.ActiveCfg = Release|Win32
		{0768E6AD-B0DB-4315-9AC4-999BCE27E7F9}.Release dll|Win32.Build.0 = Release|Win32
		{0768E6AD-B0DB-4315-9AC4-999BCE27E7F9}.Release dll|x64.ActiveCfg = Release|x64
		{0768E6AD-B0DB-4315-9AC4-999BCE27E7F9}.Release dll|x64.Build.0 = Release|x64
		{0768E6AD-B0DB-4315-9AC4-999BCE27E7F9}.Release static|Win32.ActiveCfg = Release|Win32
		{0768E6AD-B0DB-4315-9AC4-999BCE27E7F9}.Release static|Win32.Build.0 = Release|Win32
		{0768E6AD-B0DB-4315-9AC4-999BCE27E7F9}.Release static|x64.ActiveCfg = Release|x64
		{0768E6AD-B0DB-4315-9AC4-999BCE27E7F9}.Release static|x64.Build.0 = Release|x64
		{0768E6AD-B0DB-4315-9AC4-999BCE27E7F9}.Release|Win32.ActiveCfg = Release|Win32
		{0768E6AD-B0DB-4315-9AC4-999BCE27E7F9}.Release|Win32.Build.0 = Release|Win32
		{0768E6AD-B0DB-4315-9AC4-999BCE27E7F9}.Release|x64.ActiveCfg = Release|x64
		{0768E6AD-B0DB-4315-9AC4-999BCE27E7F9}.Release|x64.Build.0 = Release|x64
	EndGlobalSection
	GlobalSection(SolutionProperties) = preSolution
		HideSolutionNode = FALSE
	EndGlobalSection
	GlobalSection(NestedProjects) = preSolution
		{0768E6AD-B0DB-4315-9AC4-999BCE27E7F9} = {90B189B1-8955-478F-88FF-CB1198A45047}
	EndGlobalSection
EndGlobal
