<?xml version="1.0" encoding="Windows-1252"?>
<Project ToolsVersion="12.0" xmlns="http://schemas.microsoft.com/developer/msbuild/2003">
  <ItemGroup>
    <ClCompile Include="$(SRC_DIR)Jaricom.c">
      <Filter>Source Files</Filter>
    </ClCompile>
    <ClCompile Include="$(SRC_DIR)Jcapimin.c">
      <Filter>Source Files</Filter>
    </ClCompile>
    <ClCompile Include="$(SRC_DIR)Jcapistd.c">
      <Filter>Source Files</Filter>
    </ClCompile>
    <ClCompile Include="$(SRC_DIR)Jcarith.c">
      <Filter>Source Files</Filter>
    </ClCompile>
    <ClCompile Include="$(SRC_DIR)Jccoefct.c">
      <Filter>Source Files</Filter>
    </ClCompile>
    <ClCompile Include="$(SRC_DIR)Jccolor.c">
      <Filter>Source Files</Filter>
    </ClCompile>
    <ClCompile Include="$(SRC_DIR)Jcdctmgr.c">
      <Filter>Source Files</Filter>
    </ClCompile>
    <ClCompile Include="$(SRC_DIR)Jchuff.c">
      <Filter>Source Files</Filter>
    </ClCompile>
    <ClCompile Include="$(SRC_DIR)Jcinit.c">
      <Filter>Source Files</Filter>
    </ClCompile>
    <ClCompile Include="$(SRC_DIR)Jcmainct.c">
      <Filter>Source Files</Filter>
    </ClCompile>
    <ClCompile Include="$(SRC_DIR)Jcmarker.c">
      <Filter>Source Files</Filter>
    </ClCompile>
    <ClCompile Include="$(SRC_DIR)Jcmaster.c">
      <Filter>Source Files</Filter>
    </ClCompile>
    <ClCompile Include="$(SRC_DIR)Jcomapi.c">
      <Filter>Source Files</Filter>
    </ClCompile>
    <ClCompile Include="$(SRC_DIR)Jcparam.c">
      <Filter>Source Files</Filter>
    </ClCompile>
    <ClCompile Include="$(SRC_DIR)Jcphuff.c">
      <Filter>Source Files</Filter>
    </ClCompile>
    <ClCompile Include="$(SRC_DIR)Jcprepct.c">
      <Filter>Source Files</Filter>
    </ClCompile>
    <ClCompile Include="$(SRC_DIR)Jcsample.c">
      <Filter>Source Files</Filter>
    </ClCompile>
    <ClCompile Include="$(SRC_DIR)Jctrans.c">
      <Filter>Source Files</Filter>
    </ClCompile>
    <ClCompile Include="$(SRC_DIR)Jdapimin.c">
      <Filter>Source Files</Filter>
    </ClCompile>
    <ClCompile Include="$(SRC_DIR)Jdapistd.c">
      <Filter>Source Files</Filter>
    </ClCompile>
    <ClCompile Include="$(SRC_DIR)Jdarith.c">
      <Filter>Source Files</Filter>
    </ClCompile>
    <ClCompile Include="$(SRC_DIR)Jdatadst.c">
      <Filter>Source Files</Filter>
    </ClCompile>
    <ClCompile Include="$(SRC_DIR)Jdatasrc.c">
      <Filter>Source Files</Filter>
    </ClCompile>
    <ClCompile Include="$(SRC_DIR)Jdcoefct.c">
      <Filter>Source Files</Filter>
    </ClCompile>
    <ClCompile Include="$(SRC_DIR)Jdcolor.c">
      <Filter>Source Files</Filter>
    </ClCompile>
    <ClCompile Include="$(SRC_DIR)Jddctmgr.c">
      <Filter>Source Files</Filter>
    </ClCompile>
    <ClCompile Include="$(SRC_DIR)Jdhuff.c">
      <Filter>Source Files</Filter>
    </ClCompile>
    <ClCompile Include="$(SRC_DIR)Jdinput.c">
      <Filter>Source Files</Filter>
    </ClCompile>
    <ClCompile Include="$(SRC_DIR)Jdmainct.c">
      <Filter>Source Files</Filter>
    </ClCompile>
    <ClCompile Include="$(SRC_DIR)Jdmarker.c">
      <Filter>Source Files</Filter>
    </ClCompile>
    <ClCompile Include="$(SRC_DIR)Jdmaster.c">
      <Filter>Source Files</Filter>
    </ClCompile>
    <ClCompile Include="$(SRC_DIR)Jdmerge.c">
      <Filter>Source Files</Filter>
    </ClCompile>
    <ClCompile Include="$(SRC_DIR)Jdphuff.c">
      <Filter>Source Files</Filter>
    </ClCompile>
    <ClCompile Include="$(SRC_DIR)Jdpostct.c">
      <Filter>Source Files</Filter>
    </ClCompile>
    <ClCompile Include="$(SRC_DIR)Jdsample.c">
      <Filter>Source Files</Filter>
    </ClCompile>
    <ClCompile Include="$(SRC_DIR)Jdtrans.c">
      <Filter>Source Files</Filter>
    </ClCompile>
    <ClCompile Include="$(SRC_DIR)Jerror.c">
      <Filter>Source Files</Filter>
    </ClCompile>
    <ClCompile Include="$(SRC_DIR)Jfdctflt.c">
      <Filter>Source Files</Filter>
    </ClCompile>
    <ClCompile Include="$(SRC_DIR)Jfdctfst.c">
      <Filter>Source Files</Filter>
    </ClCompile>
    <ClCompile Include="$(SRC_DIR)Jfdctint.c">
      <Filter>Source Files</Filter>
    </ClCompile>
    <ClCompile Include="$(SRC_DIR)Jidctflt.c">
      <Filter>Source Files</Filter>
    </ClCompile>
    <ClCompile Include="$(SRC_DIR)Jidctfst.c">
      <Filter>Source Files</Filter>
    </ClCompile>
    <ClCompile Include="$(SRC_DIR)Jidctint.c">
      <Filter>Source Files</Filter>
    </ClCompile>
    <ClCompile Include="$(SRC_DIR)Jidctred.c">
      <Filter>Source Files</Filter>
    </ClCompile>
    <ClCompile Include="$(SRC_DIR)Jmemmgr.c">
      <Filter>Source Files</Filter>
    </ClCompile>
    <ClCompile Include="$(SRC_DIR)Jmemnobs.c">
      <Filter>Source Files</Filter>
    </ClCompile>
    <ClCompile Include="$(SRC_DIR)Jquant1.c">
      <Filter>Source Files</Filter>
    </ClCompile>
    <ClCompile Include="$(SRC_DIR)Jquant2.c">
      <Filter>Source Files</Filter>
    </ClCompile>
    <ClCompile Include="$(SRC_DIR)simd\jsimd_x86_64.c">
      <Filter>Source Files</Filter>
    </ClCompile>
    <ClCompile Include="$(SRC_DIR)Jutils.c">
      <Filter>Source Files</Filter>
    </ClCompile>
  </ItemGroup>
  <ItemGroup>
    <Object Include="$(SRC_DIR)simd\jccolor-sse2-64.obj">
      <Filter>Object Files x64</Filter>
    </Object>
    <Object Include="$(SRC_DIR)simd\jcgray-sse2-64.obj">
      <Filter>Object Files x64</Filter>
    </Object>
    <Object Include="$(SRC_DIR)simd\jcsample-sse2-64.obj">
      <Filter>Object Files x64</Filter>
    </Object>
    <Object Include="$(SRC_DIR)simd\jdcolor-sse2-64.obj">
      <Filter>Object Files x64</Filter>
    </Object>
    <Object Include="$(SRC_DIR)simd\jdmerge-sse2-64.obj">
      <Filter>Object Files x64</Filter>
    </Object>
    <Object Include="$(SRC_DIR)simd\jdsample-sse2-64.obj">
      <Filter>Object Files x64</Filter>
    </Object>
    <Object Include="$(SRC_DIR)simd\jfdctflt-sse-64.obj">
      <Filter>Object Files x64</Filter>
    </Object>
    <Object Include="$(SRC_DIR)simd\jfdctint-sse2-64.obj">
      <Filter>Object Files x64</Filter>
    </Object>
    <Object Include="$(SRC_DIR)simd\jfdctfst-sse2-64.obj">
      <Filter>Object Files x64</Filter>
    </Object>
    <Object Include="$(SRC_DIR)simd\jidctflt-sse2-64.obj">
      <Filter>Object Files x64</Filter>
    </Object>
    <Object Include="$(SRC_DIR)simd\jidctfst-sse2-64.obj">
      <Filter>Object Files x64</Filter>
    </Object>
    <Object Include="$(SRC_DIR)simd\jidctint-sse2-64.obj">
      <Filter>Object Files x64</Filter>
    </Object>
    <Object Include="$(SRC_DIR)simd\jidctred-sse2-64.obj">
      <Filter>Object Files x64</Filter>
    </Object>
    <Object Include="$(SRC_DIR)simd\jquantf-sse2-64.obj">
      <Filter>Object Files x64</Filter>
    </Object>
    <Object Include="$(SRC_DIR)simd\jquanti-sse2-64.obj">
      <Filter>Object Files x64</Filter>
    </Object>
    <Object Include="$(SRC_DIR)simd\jccolor-mmx.obj">
      <Filter>Object Files x86</Filter>
    </Object>
    <Object Include="$(SRC_DIR)simd\jccolor-sse2.obj">
      <Filter>Object Files x86</Filter>
    </Object>
    <Object Include="$(SRC_DIR)simd\jcgray-mmx.obj">
      <Filter>Object Files x86</Filter>
    </Object>
    <Object Include="$(SRC_DIR)simd\jcgray-sse2.obj">
      <Filter>Object Files x86</Filter>
    </Object>
    <Object Include="$(SRC_DIR)simd\jcsample-mmx.obj">
      <Filter>Object Files x86</Filter>
    </Object>
    <Object Include="$(SRC_DIR)simd\jcsample-sse2.obj">
      <Filter>Object Files x86</Filter>
    </Object>
    <Object Include="$(SRC_DIR)simd\jdcolor-mmx.obj">
      <Filter>Object Files x86</Filter>
    </Object>
    <Object Include="$(SRC_DIR)simd\jdcolor-sse2.obj">
      <Filter>Object Files x86</Filter>
    </Object>
    <Object Include="$(SRC_DIR)simd\jdmerge-mmx.obj">
      <Filter>Object Files x86</Filter>
    </Object>
    <Object Include="$(SRC_DIR)simd\jdmerge-sse2.obj">
      <Filter>Object Files x86</Filter>
    </Object>
    <Object Include="$(SRC_DIR)simd\jdsample-mmx.obj">
      <Filter>Object Files x86</Filter>
    </Object>
    <Object Include="$(SRC_DIR)simd\jdsample-sse2.obj">
      <Filter>Object Files x86</Filter>
    </Object>
    <Object Include="$(SRC_DIR)simd\jfdctflt-3dn.obj">
      <Filter>Object Files x86</Filter>
    </Object>
    <Object Include="$(SRC_DIR)simd\jfdctflt-sse.obj">
      <Filter>Object Files x86</Filter>
    </Object>
    <Object Include="$(SRC_DIR)simd\jfdctfst-mmx.obj">
      <Filter>Object Files x86</Filter>
    </Object>
    <Object Include="$(SRC_DIR)simd\jfdctfst-sse2.obj">
      <Filter>Object Files x86</Filter>
    </Object>
    <Object Include="$(SRC_DIR)simd\jfdctint-mmx.obj">
      <Filter>Object Files x86</Filter>
    </Object>
    <Object Include="$(SRC_DIR)simd\jfdctint-sse2.obj">
      <Filter>Object Files x86</Filter>
    </Object>
    <Object Include="$(SRC_DIR)simd\jidctflt-3dn.obj">
      <Filter>Object Files x86</Filter>
    </Object>
    <Object Include="$(SRC_DIR)simd\jidctflt-sse.obj">
      <Filter>Object Files x86</Filter>
    </Object>
    <Object Include="$(SRC_DIR)simd\jidctflt-sse2.obj">
      <Filter>Object Files x86</Filter>
    </Object>
    <Object Include="$(SRC_DIR)simd\jidctfst-mmx.obj">
      <Filter>Object Files x86</Filter>
    </Object>
    <Object Include="$(SRC_DIR)simd\jidctfst-sse2.obj">
      <Filter>Object Files x86</Filter>
    </Object>
    <Object Include="$(SRC_DIR)simd\jidctint-mmx.obj">
      <Filter>Object Files x86</Filter>
    </Object>
    <Object Include="$(SRC_DIR)simd\jidctint-sse2.obj">
      <Filter>Object Files x86</Filter>
    </Object>
    <Object Include="$(SRC_DIR)simd\jidctred-mmx.obj">
      <Filter>Object Files x86</Filter>
    </Object>
    <Object Include="$(SRC_DIR)simd\jidctred-sse2.obj">
      <Filter>Object Files x86</Filter>
    </Object>
    <Object Include="$(SRC_DIR)simd\jquant-3dn.obj">
      <Filter>Object Files x86</Filter>
    </Object>
    <Object Include="$(SRC_DIR)simd\jquantf-sse2.obj">
      <Filter>Object Files x86</Filter>
    </Object>
    <Object Include="$(SRC_DIR)simd\jquanti-sse2.obj">
      <Filter>Object Files x86</Filter>
    </Object>
    <Object Include="$(SRC_DIR)simd\jquant-mmx.obj">
      <Filter>Object Files x86</Filter>
    </Object>
    <Object Include="$(SRC_DIR)simd\jquant-sse.obj">
      <Filter>Object Files x86</Filter>
    </Object>
    <Object Include="$(SRC_DIR)simd\jsimdcpu.obj">
      <Filter>Object Files x86</Filter>
    </Object>
    <Object Include="..\..\simd\jchuff-sse2-64.obj">
      <Filter>Object Files x64</Filter>
    </Object>
    <Object Include="..\..\simd\jchuff-sse2.obj">
      <Filter>Object Files x86</Filter>
    </Object>
  </ItemGroup>
  <ItemGroup>
    <Filter Include="Source Files">
      <UniqueIdentifier>{EE6E5509-E0A0-49C5-8452-F624E0DE5D24}</UniqueIdentifier>
    </Filter>
    <Filter Include="Object Files x64">
      <UniqueIdentifier>{0933ECB8-C58A-406D-89D5-554EAAD44D1A}</UniqueIdentifier>
    </Filter>
    <Filter Include="Object Files x86">
      <UniqueIdentifier>{5b6b48ca-2e92-46d0-87a2-68bf29ff8ffb}</UniqueIdentifier>
    </Filter>
  </ItemGroup>
</Project>