<?xml version="1.0" encoding="Windows-1252"?>
<Project ToolsVersion="12.0" xmlns="http://schemas.microsoft.com/developer/msbuild/2003">
  <ItemGroup>
    <Filter Include="Source Files">
      <UniqueIdentifier>{FE461EA0-3F98-4DAF-B106-BB06CEA998D0}</UniqueIdentifier>
    </Filter>
    <Filter Include="Header Files">
      <UniqueIdentifier>{24bddb9a-eefd-4f2c-80eb-ce72d78ca9ab}</UniqueIdentifier>
    </Filter>
  </ItemGroup>
  <ItemGroup>
    <ClCompile Include="..\src\pcre2test.c">
      <Filter>Source Files</Filter>
    </ClCompile>
  </ItemGroup>
</Project>