
Microsoft Visual Studio Solution File, Format Version 12.00
# Visual Studio 14
VisualStudioVersion = 14.0.23107.0
MinimumVisualStudioVersion = 10.0.40219.1
Project("{2150E333-8FDC-42A3-9474-1A3956D46DE8}") = "Config", "Config", "{7D3A3A4F-C709-4BB4-A576-164B7338D251}"
	ProjectSection(SolutionItems) = preProject
		src\config.h = src\config.h
	EndProjectSection
EndProject
Project("{2150E333-8FDC-42A3-9474-1A3956D46DE8}") = "Readme", "Readme", "{E2EA660B-D1E0-4A1E-B0CB-059EEBAB1AA4}"
	ProjectSection(SolutionItems) = preProject
		..\..\..\readme\fundamental.md = ..\..\..\readme\fundamental.md
		Readme\readline-5.0.1.txt = Readme\readline-5.0.1.txt
		..\..\..\readme\troubleshooting.md = ..\..\..\readme\troubleshooting.md
	EndProjectSection
EndProject
Project("{8BC9CEB8-8B4A-11D0-8D11-00A0C91BC942}") = "readline", "readline\readline.vcxproj", "{AA6E1997-F3D2-4BCA-9B13-463417E292A0}"
EndProject
Project("{8BC9CEB8-8B4A-11D0-8D11-00A0C91BC942}") = "install", "install\install.vcxproj", "{687E6B35-CD55-45D4-8B34-52FE394D1542}"
EndProject
Project("{8BC9CEB8-8B4A-11D0-8D11-00A0C91BC942}") = "rltest", "rltest\rltest.vcxproj", "{AC95C141-53CA-49D0-90FD-7966BAE9B756}"
EndProject
Project("{2150E333-8FDC-42A3-9474-1A3956D46DE8}") = "Test", "Test", "{5455DD05-A2A8-4A8F-8F79-73D1D0489E39}"
EndProject
Global
	GlobalSection(SolutionConfigurationPlatforms) = preSolution
		Debug dll|x64 = Debug dll|x64
		Debug dll|x86 = Debug dll|x86
		Debug static|x64 = Debug static|x64
		Debug static|x86 = Debug static|x86
		Debug|x64 = Debug|x64
		Debug|x86 = Debug|x86
		Release dll|x64 = Release dll|x64
		Release dll|x86 = Release dll|x86
		Release static|x64 = Release static|x64
		Release static|x86 = Release static|x86
		Release|x64 = Release|x64
		Release|x86 = Release|x86
	EndGlobalSection
	GlobalSection(ProjectConfigurationPlatforms) = postSolution
		{AA6E1997-F3D2-4BCA-9B13-463417E292A0}.Debug dll|x64.ActiveCfg = Debug dll|x64
		{AA6E1997-F3D2-4BCA-9B13-463417E292A0}.Debug dll|x64.Build.0 = Debug dll|x64
		{AA6E1997-F3D2-4BCA-9B13-463417E292A0}.Debug dll|x86.ActiveCfg = Debug dll|Win32
		{AA6E1997-F3D2-4BCA-9B13-463417E292A0}.Debug dll|x86.Build.0 = Debug dll|Win32
		{AA6E1997-F3D2-4BCA-9B13-463417E292A0}.Debug static|x64.ActiveCfg = Debug static|x64
		{AA6E1997-F3D2-4BCA-9B13-463417E292A0}.Debug static|x64.Build.0 = Debug static|x64
		{AA6E1997-F3D2-4BCA-9B13-463417E292A0}.Debug static|x86.ActiveCfg = Debug static|Win32
		{AA6E1997-F3D2-4BCA-9B13-463417E292A0}.Debug static|x86.Build.0 = Debug static|Win32
		{AA6E1997-F3D2-4BCA-9B13-463417E292A0}.Debug|x64.ActiveCfg = Debug dll|x64
		{AA6E1997-F3D2-4BCA-9B13-463417E292A0}.Debug|x64.Build.0 = Debug dll|x64
		{AA6E1997-F3D2-4BCA-9B13-463417E292A0}.Debug|x86.ActiveCfg = Debug dll|Win32
		{AA6E1997-F3D2-4BCA-9B13-463417E292A0}.Debug|x86.Build.0 = Debug dll|Win32
		{AA6E1997-F3D2-4BCA-9B13-463417E292A0}.Release dll|x64.ActiveCfg = Release dll|x64
		{AA6E1997-F3D2-4BCA-9B13-463417E292A0}.Release dll|x64.Build.0 = Release dll|x64
		{AA6E1997-F3D2-4BCA-9B13-463417E292A0}.Release dll|x86.ActiveCfg = Release dll|Win32
		{AA6E1997-F3D2-4BCA-9B13-463417E292A0}.Release dll|x86.Build.0 = Release dll|Win32
		{AA6E1997-F3D2-4BCA-9B13-463417E292A0}.Release static|x64.ActiveCfg = Release staitc|x64
		{AA6E1997-F3D2-4BCA-9B13-463417E292A0}.Release static|x64.Build.0 = Release staitc|x64
		{AA6E1997-F3D2-4BCA-9B13-463417E292A0}.Release static|x86.ActiveCfg = Release staitc|Win32
		{AA6E1997-F3D2-4BCA-9B13-463417E292A0}.Release static|x86.Build.0 = Release staitc|Win32
		{AA6E1997-F3D2-4BCA-9B13-463417E292A0}.Release|x64.ActiveCfg = Release dll|x64
		{AA6E1997-F3D2-4BCA-9B13-463417E292A0}.Release|x64.Build.0 = Release dll|x64
		{AA6E1997-F3D2-4BCA-9B13-463417E292A0}.Release|x86.ActiveCfg = Release dll|Win32
		{AA6E1997-F3D2-4BCA-9B13-463417E292A0}.Release|x86.Build.0 = Release dll|Win32
		{687E6B35-CD55-45D4-8B34-52FE394D1542}.Debug dll|x64.ActiveCfg = Debug|x64
		{687E6B35-CD55-45D4-8B34-52FE394D1542}.Debug dll|x64.Build.0 = Debug|x64
		{687E6B35-CD55-45D4-8B34-52FE394D1542}.Debug dll|x86.ActiveCfg = Debug|Win32
		{687E6B35-CD55-45D4-8B34-52FE394D1542}.Debug dll|x86.Build.0 = Debug|Win32
		{687E6B35-CD55-45D4-8B34-52FE394D1542}.Debug static|x64.ActiveCfg = Debug|x64
		{687E6B35-CD55-45D4-8B34-52FE394D1542}.Debug static|x64.Build.0 = Debug|x64
		{687E6B35-CD55-45D4-8B34-52FE394D1542}.Debug static|x86.ActiveCfg = Debug|Win32
		{687E6B35-CD55-45D4-8B34-52FE394D1542}.Debug static|x86.Build.0 = Debug|Win32
		{687E6B35-CD55-45D4-8B34-52FE394D1542}.Debug|x64.ActiveCfg = Debug|x64
		{687E6B35-CD55-45D4-8B34-52FE394D1542}.Debug|x64.Build.0 = Debug|x64
		{687E6B35-CD55-45D4-8B34-52FE394D1542}.Debug|x86.ActiveCfg = Debug|Win32
		{687E6B35-CD55-45D4-8B34-52FE394D1542}.Debug|x86.Build.0 = Debug|Win32
		{687E6B35-CD55-45D4-8B34-52FE394D1542}.Release dll|x64.ActiveCfg = Release|x64
		{687E6B35-CD55-45D4-8B34-52FE394D1542}.Release dll|x64.Build.0 = Release|x64
		{687E6B35-CD55-45D4-8B34-52FE394D1542}.Release dll|x86.ActiveCfg = Release|Win32
		{687E6B35-CD55-45D4-8B34-52FE394D1542}.Release dll|x86.Build.0 = Release|Win32
		{687E6B35-CD55-45D4-8B34-52FE394D1542}.Release static|x64.ActiveCfg = Release|x64
		{687E6B35-CD55-45D4-8B34-52FE394D1542}.Release static|x64.Build.0 = Release|x64
		{687E6B35-CD55-45D4-8B34-52FE394D1542}.Release static|x86.ActiveCfg = Release|Win32
		{687E6B35-CD55-45D4-8B34-52FE394D1542}.Release static|x86.Build.0 = Release|Win32
		{687E6B35-CD55-45D4-8B34-52FE394D1542}.Release|x64.ActiveCfg = Release|x64
		{687E6B35-CD55-45D4-8B34-52FE394D1542}.Release|x64.Build.0 = Release|x64
		{687E6B35-CD55-45D4-8B34-52FE394D1542}.Release|x86.ActiveCfg = Release|Win32
		{687E6B35-CD55-45D4-8B34-52FE394D1542}.Release|x86.Build.0 = Release|Win32
		{AC95C141-53CA-49D0-90FD-7966BAE9B756}.Debug dll|x64.ActiveCfg = Debug|x64
		{AC95C141-53CA-49D0-90FD-7966BAE9B756}.Debug dll|x64.Build.0 = Debug|x64
		{AC95C141-53CA-49D0-90FD-7966BAE9B756}.Debug dll|x86.ActiveCfg = Debug|Win32
		{AC95C141-53CA-49D0-90FD-7966BAE9B756}.Debug dll|x86.Build.0 = Debug|Win32
		{AC95C141-53CA-49D0-90FD-7966BAE9B756}.Debug static|x64.ActiveCfg = Debug|x64
		{AC95C141-53CA-49D0-90FD-7966BAE9B756}.Debug static|x64.Build.0 = Debug|x64
		{AC95C141-53CA-49D0-90FD-7966BAE9B756}.Debug static|x86.ActiveCfg = Debug|Win32
		{AC95C141-53CA-49D0-90FD-7966BAE9B756}.Debug static|x86.Build.0 = Debug|Win32
		{AC95C141-53CA-49D0-90FD-7966BAE9B756}.Debug|x64.ActiveCfg = Debug|x64
		{AC95C141-53CA-49D0-90FD-7966BAE9B756}.Debug|x64.Build.0 = Debug|x64
		{AC95C141-53CA-49D0-90FD-7966BAE9B756}.Debug|x86.ActiveCfg = Debug|Win32
		{AC95C141-53CA-49D0-90FD-7966BAE9B756}.Debug|x86.Build.0 = Debug|Win32
		{AC95C141-53CA-49D0-90FD-7966BAE9B756}.Release dll|x64.ActiveCfg = Release|x64
		{AC95C141-53CA-49D0-90FD-7966BAE9B756}.Release dll|x64.Build.0 = Release|x64
		{AC95C141-53CA-49D0-90FD-7966BAE9B756}.Release dll|x86.ActiveCfg = Release|Win32
		{AC95C141-53CA-49D0-90FD-7966BAE9B756}.Release dll|x86.Build.0 = Release|Win32
		{AC95C141-53CA-49D0-90FD-7966BAE9B756}.Release static|x64.ActiveCfg = Release|x64
		{AC95C141-53CA-49D0-90FD-7966BAE9B756}.Release static|x64.Build.0 = Release|x64
		{AC95C141-53CA-49D0-90FD-7966BAE9B756}.Release static|x86.ActiveCfg = Release|Win32
		{AC95C141-53CA-49D0-90FD-7966BAE9B756}.Release static|x86.Build.0 = Release|Win32
		{AC95C141-53CA-49D0-90FD-7966BAE9B756}.Release|x64.ActiveCfg = Release|x64
		{AC95C141-53CA-49D0-90FD-7966BAE9B756}.Release|x64.Build.0 = Release|x64
		{AC95C141-53CA-49D0-90FD-7966BAE9B756}.Release|x86.ActiveCfg = Release|Win32
		{AC95C141-53CA-49D0-90FD-7966BAE9B756}.Release|x86.Build.0 = Release|Win32
	EndGlobalSection
	GlobalSection(SolutionProperties) = preSolution
		HideSolutionNode = FALSE
	EndGlobalSection
	GlobalSection(NestedProjects) = preSolution
		{AC95C141-53CA-49D0-90FD-7966BAE9B756} = {5455DD05-A2A8-4A8F-8F79-73D1D0489E39}
	EndGlobalSection
EndGlobal
