<?xml version="1.0" encoding="utf-8"?>
<Project ToolsVersion="4.0" xmlns="http://schemas.microsoft.com/developer/msbuild/2003">
  <ItemGroup>
    <Filter Include="Source Files">
      <UniqueIdentifier>{67f08644-92cc-4645-870e-943be08ef4ef}</UniqueIdentifier>
      <Extensions>cpp;c;cxx;rc;def;r;odl;idl;hpj;bat;for;f90</Extensions>
    </Filter>
    <Filter Include="Header Files">
      <UniqueIdentifier>{b9ee544b-874b-4c61-8d98-1cfc26b780bc}</UniqueIdentifier>
      <Extensions>h;hpp;hxx;hm;inl;fi;fd</Extensions>
    </Filter>
    <Filter Include="Resource Files">
      <UniqueIdentifier>{b012e2f3-4ab4-41a3-ad60-0fc71f900b69}</UniqueIdentifier>
      <Extensions>ico;cur;bmp;dlg;rc2;rct;bin;cnt;rtf;gif;jpg;jpeg;jpe</Extensions>
    </Filter>
  </ItemGroup>
  <ItemGroup>
    <ClCompile Include="..\..\xmlwf\codepage.c">
      <Filter>Source Files</Filter>
    </ClCompile>
    <ClCompile Include="..\..\xmlwf\readfilemap.c">
      <Filter>Source Files</Filter>
    </ClCompile>
    <ClCompile Include="..\..\xmlwf\unixfilemap.c">
      <Filter>Source Files</Filter>
    </ClCompile>
    <ClCompile Include="..\..\xmlwf\win32filemap.c">
      <Filter>Source Files</Filter>
    </ClCompile>
    <ClCompile Include="..\..\xmlwf\xmlfile.c">
      <Filter>Source Files</Filter>
    </ClCompile>
    <ClCompile Include="..\..\xmlwf\xmlwf.c">
      <Filter>Source Files</Filter>
    </ClCompile>
  </ItemGroup>
  <ItemGroup>
    <ClInclude Include="..\..\xmlwf\codepage.h">
      <Filter>Header Files</Filter>
    </ClInclude>
    <ClInclude Include="..\..\xmlwf\xmlfile.h">
      <Filter>Header Files</Filter>
    </ClInclude>
    <ClInclude Include="..\..\xmlwf\xmltchar.h">
      <Filter>Header Files</Filter>
    </ClInclude>
  </ItemGroup>
</Project>